U2FsdGVkX1+GYsPhDfi5uapPD7XcGwCv9j22D55o5Dxd8VVQWdxnaHBsz1sFVS4N
uSecA9OyKPt2ZFdmTosNT362DAz32+55rs831++sHw+yVcHJpuyGMkXf+clhAERA
yUfHbs/CjVnpw0W+S6xSBukbh2cWJ2h3hs0c5DzBZjpc6xm/4zr3t2l1RIuL3WCA
g5c8GjdyftMmeTSth6FbuXbv5q48gWK5bRJ2jh6aQ9FUPBalgiINrxyXgtIXioLd
KI42JPqYw8LzcjoNz1kVm/+6ONLv6c3yKfTW3/clw+QaTUIMPnnadtvjgBioXGyH
nIn+f+/O95KcTjCghyjrhnCppCcmHV/I2phwvDiIoRXMHomQ9FwJFzPERTG0Bz9j
caWkcuSv+fgmndt8zAKLBdvIkp8uv765ZX5IW03yq5+kWGpbwiLesgEP0ZyHzyHi
XPmWMIvfEDanNm9qRSsEO4o+FopuatHzhvHr4+C7Nbuje2ssEyjuswYKEKuczEdd
dRZ8ht4O6fGREwdLRz4a9Sst/aq35T+Okro5rHI41N35nXrSWKNbQ6gdkOg1m1st
oiYQLBgeyQVeNWRx2AnfvVNXSELiILheWwtxqVmuET6HRxJUu1Cy+N973ewpO47s
0F7Qk8HvfXfC9Nuk7kS/LjsWJMQjSbv3G05W/RV8SukrLf2qt+U/jpK6OaxyONTd
+Z160lijW0OoHZDoNZtbLeWNzQmdWsnVR3aeXHOiTYBTV0hC4iC4XlsLcalZrhE+
h0cSVLtQsvjfe93sKTuO7NBe0JPB7313wvTbpO5Evy4F3/JaqnQWuXl6FmSkjMtk
Ky39qrflP46SujmscjjU3fmdetJYo1tDqB2Q6DWbWy3wqoW8DWx+1T5jUnSiSV6z
U1dIQuIguF5bC3GpWa4RPodHElS7ULL433vd7Ck7juz15G8jutElkCAEq0UpGMBo
B676FaQxAY1+Up3GWgXZppa6P/EQ3bir3wgm2XFTFQgwvI23zUbJdG3jOBbedg7/
9QQxzvKQL9jKa70QiL+pjALDyqJ2I4kNA9rek+pCISAGFhKvqa8Mp4nRhgyEDMaP
VluXqWkteGSnSqIj/bhobMRBIjPt7LFsQdws7s6Kh/XnC0q3V/2U3jPoX9FRjuEc
fT5TrDSS2dvaCuRBKiMyN8KEYx9bQARaOOcM9zwDzLdIF24CH2BQAHcjpNIFzaIj
Cwhaecx/ifY/YXGmfApYsdVj/d+OZBBN4h/etetxQ7i2FhdOOsHtq5oAAcUdHoni
Qgi8AcFIn6gWgcHqESXdJ0z8iIF2vubKI21A0qnLLjvlsmwM8xTg7BHI0T1JfQnh
k3OXVYmsAgvuKhCQDewCpkABcHJ8xQaHg6FeaLyqL2oEeue7P3eYo9RPflNtuj0n
0Vq0epoG1p9ynB/k+D299jp9ghTkCbP2MitdC3vjeUivF+lwp+RePfvqI+z43Vz1
3cpUxjE40KiS6pX4Wc2Ao/GujmQfwCSopdOW2F/ixMk5LSPKVV9ria+8fgO0uhMe
2/56YdkUvJoGIuDMKT8OG0RFjB/b/KrBItO1JIuTQH/dylTGMTjQqJLqlfhZzYCj
7Y00dMNdn88t/Kp4DVG9k8Jt9dNI7D4Ahr9KhtbbkCOPFtajURk71zKVYbTgTwzV
wnlc2iRdcDRFZBCJRzwHNpNzl1WJrAIL7ioQkA3sAqZAAXByfMUGh4OhXmi8qi9q
xq94Tpt+uJbQDiTsfAQY79FatHqaBtafcpwf5Pg9vfbc3qxybK9R1l9a4avlIzdE
vpAWfKgl6wfAfW35uGWAiM54WbCxpEWhe9nT+RJSMV4C8BhfLP421Es7zM6u9/us
KjhP5QxJrlVzafNBj593wQe/+/6tZmT9shuWO4729PQQo19om5vy1J7/1H6ImJwI
2gWurovPTfbgMLmgzfzwXDhWxK0z9utNq90dbK6PEyz8YdqHfwP6nvI+F9gSVN8C
3cpUxjE40KiS6pX4Wc2AozUoDzDFI+XBbCezchK/HD95F5qV54TyvygSADJmDopJ
siOGS7ZwUUQLtMSJfrnUrvJneBaM/X+NbQlNTWsEpsujzjHyqYyMPx3hNYN62Xgc
mmldpQMuKZoXBE1zWDkMojIqZfoZxEntttACoB+1YZqX6ASkFHc2dUZd7O40vcy6
9WGol/BDiZJhhS3xZOXQFbPM7Wml1hCsJy74c41B1L86M/y3afvD3iFISqdggwyh
54DsAjSL2j2OHZVtwwAOI6zYi1aZvEB8ijux04gxhw1TMMNogndQnqN7WkiuIt9r
udN2OQMDTxmox3e3/J2+bdXiVFiaIASI388IuWFkNruio/LMpTxWdLlwRGvCn9fd
3b+RM+zZYFSZWK3b6JoNCW6qqMxRY5nUZzc9tYd7uRzvo+SiWV5QfZMUiOK6O2c7
aI4gSlCAZ8oGCrMeDvyUdo36T5v4/8568Lz4/u3oydCgwOF8jm5ZKue0o4yWh1fV
Sy1X38H8iuIxbvF1ZWBShUuYjlDxbTeUcK8lDLZaTBfRWrR6mgbWn3KcH+T4Pb32
cxDlB7nDvViFZ8vkMELWZjkh210RS4K3d3ScqT9yia6rbfCGgWL+ennUlLAECDnl
6Jm9C6Nvg/UfYECGC2ypFbm0/LCDab7tsXiqlsCsjmOFluE1QfmCnpMhNfu4k1HO
9DOHPIL2Bo8tHbmJ1EH1Nywa0awVfJlQ+lV9qP8XyUXRWrR6mgbWn3KcH+T4Pb32
gJqyVw3qPFF7tB0bQutMlds6PAjqaFSMG/jGnWuSG+CrbfCGgWL+ennUlLAECDnl
6Jm9C6Nvg/UfYECGC2ypFVkkQYmrb+axzYyTDmxG/jeFluE1QfmCnpMhNfu4k1HO
VusFJAxAnO3XvqNc5Z5uIx4fUv7BBrm6OmukWSQyPP/RWrR6mgbWn3KcH+T4Pb32
9qu6UbwAfxxUD53u2Ih/szktI8pVX2uJr7x+A7S6Ex7b/nph2RS8mgYi4MwpPw4b
w9ROKwyjylZLaQ4P47HFid3KVMYxONCokuqV+FnNgKNe7anHtN2ddsyPOv5aasq9
aXWBBDqLkE0UhGyqVhZjfB/42gdnH01U+iVOM74m8DM3Dcb8CmsHhDoDtYej1MW6
KjhP5QxJrlVzafNBj593wQe/+/6tZmT9shuWO4729PQI+NLr5W8HM79kKQwnysqJ
2gWurovPTfbgMLmgzfzwXAxv0yO52MiDhE2UqJS9cV2lbSUvH8P+9R8Jqc+hiAUN
3cpUxjE40KiS6pX4Wc2Ao0xgr2H2DNI3Mrdw8yx3BUlVglXCa5oETXV0G9gtuUqB
woRjH1tABFo45wz3PAPMt0gXbgIfYFAAdyOk0gXNoiP5iUjM+6Tb+QIDbfRrLias
bPZmHtt0x870vwPMvf1AC/y7QafNpDId0flKnTp1czzoCIj8MW3RURN07hXxpbRf
rvYTYpjRxL0q8mFVYZ+2VeRD5Zcb7z3BUMHztZd2ZzE6M/y3afvD3iFISqdggwyh
54DsAjSL2j2OHZVtwwAOIwTOMUHRRI25NJYjzsxd0owq1A8Wz0Y2Hv6ir3Cd1tAT
m5nkbMKtirr0Gru5dhXIzfwi3I6P13NOAXxcZSAbBSjdu+qVJW8iCrz3DbaQmAG/
kdKleKoB2RVNY118M/9VjACrDhn61y1vaWD76YfHCGH0gutDchYR0IStQZMAf+sR
LcVGIuAr/uraAbNXOepwg3VW8Pc+6ffE/JIMpy+ohWFrm2cQno4GvE+H4vh0KWLF
ucF7Zc3CcrGic2Dz00iLG5tqVOu/ZdVD/9DbYDrYCeeYMH20cJ3/oXsQxANPMhNe
n/H1icGKaEKtOxpprZa5opTdacy2E/JxDN2xGDBj+RDuGOZv2ln8IKlCtbtjXIRp
HV7EtD0qwi8MxuI/WpuxRuH2Bn3Rz0H9xva58ad4cUDvVXG/JA/gnEvVDb2mNclT
J3reEOWiyRvhERURKsjlm70mwsoZgDFRVv7H00UOgeQXp+/hvFgVB/jaKa2Ciuso
fldd8Jw3j4BDC8211rBGxLlkv6Eq9rhqJ/CMKj2N3J9PA/WADq/Ui/Vby/BmAcBF
8kCBAJqDvMw468tkgFXlobVwZpeBty6orQyfRdVXLOlsV34r8G166K96heE5idu0
gztkXBzvTdFD8IY+IQSxVA+ES6CglGIEEegGdifOcYETOHQfmLeZ7JN6b7c+Rrjw
FWtLM/1CJtPjwEQOAnJpZqt6seKP8YLarSEfsHDNA9U5IdtdEUuCt3d0nKk/comu
q23whoFi/np51JSwBAg55eiZvQujb4P1H2BAhgtsqRXtFnvv9e5s/wtt/ek4Z0eD
mmGjJXT0aDEecT/krFNpTOO6yjw1QNwABcBJV1BzrDI77OBXs464Fiawt5af/jv0
sV9Xix7Mkr8KB7ZT0WtQPAWiSfv3dZCtu9hEHpO65XoZAD4EhXKluWH9ML2dpOYP
DO4BkHGS/gTxSZZJj5bZ2W7pujJt931VSfbD/2ItUeXY2zcFaWkCkNEXnAdWZGUt
nfNOIbLpp76Jw99JgnZcFM5oEkSvV6dKGMSVfVMgKCR5lUi5GzkCL/7CZRIPDM/T
UqZf1H6uYpO6LZww215sF9e4ro4qsuYy72YstZH1ESg5LSPKVV9ria+8fgO0uhMe
2/56YdkUvJoGIuDMKT8OG7d+ZNlqlZ4cpd11iBfIWOvkZ0u4xVQxkKFonntvQyXP
xU72K/Gli79fUsDHLwu6BSoz4hSg5SoB4fhlJkws2dy/akYwdtSQBNQMx35zoimQ
E6S9sFVhXuZLFw6zTysntnI6gesOr3/TiS9UGhKaVFmtZvZNQobzX2iW4a/IfjSo
XCN9oOEoidUHMgn6SmNkBO9wtn/zwO457SQ1Wg7usq7lVApMaLai7FQqu3eUQXaL
Yqt8a1qlKnGPuHg3PJsLrZrTCuDycBWyHQL0QXyWMszkE+a6b5ARnEHt9iAP3z7y
TV3w17nMc8S//2880TxvFcs9jr6rZEVd9vKcXLX+NWs5LSPKVV9ria+8fgO0uhMe
2/56YdkUvJoGIuDMKT8OG6A5LbsxwEA8QUn5b8v4W2vkZ0u4xVQxkKFonntvQyXP
FE54NODEs2jcxjmjHDQj0rxCVnQyIsXHfJEExqWogyIR5KyfSHLx+6D03fYndOJo
sV9Xix7Mkr8KB7ZT0WtQPAWiSfv3dZCtu9hEHpO65XoZAD4EhXKluWH9ML2dpOYP
DO4BkHGS/gTxSZZJj5bZ2W7pujJt931VSfbD/2ItUeXY2zcFaWkCkNEXnAdWZGUt
nfNOIbLpp76Jw99JgnZcFM5oEkSvV6dKGMSVfVMgKCTSUHU+Ghn2kXOCOKCuHOQK
oNc5VZy3PonzoxZ+X5+Svqr+WgmaI9CDJJx4lwWnqup9t63aCPu2E2Q/6/eN9y3U
54DsAjSL2j2OHZVtwwAOIx1WTyfF2NNHv07mYXEY3o203ThoH/ETlaywsJFkxL+a
Or4ooSvyiK3Q09tIcl/r0qpr7jkk9fkD0yHZoR9dUL3HETDMLuNom1JYp5pV71X8
42DCS3nHr5qIOt2Y7kw0ZYBlMoBMrSilcJlTeQPWRYu2PewXhdwssFoAnM23cncc
B7/7/q1mZP2yG5Y7jvb09MRLGLMPyTj22eNg3hOsJ4BV0HaUAlD5FFvjKaD4Mes9
GKI/Prrd04hzWqmXgGPJOgsD9xOG+No455JJSDOkgpAWWwiqlkDqlyC8bGAiGOM/
REpGin/5xu16/OwT8OyErbCXaZHMCmQWbgMdnZRP0z3vo+SiWV5QfZMUiOK6O2c7
aI4gSlCAZ8oGCrMeDvyUdojMTt1dqGrSiBQK+B5L3i6lC7cuThoBWdb4WsGFw56T
QG/vzyQD+ayVtdmLAM5+BxFkfdBfq/2qySceAXti0iuv6qKcIsrRiN3Ro+n0oZ9U
jER2a+Y30XWYvHu8vl8oLNdDX2moyg26QEfS6kUcHmHekyybULbkH0coUNIgqEqt
3bPncAmIgaWfrWxwLUDzCgOBqWrSmt6ix0iH+FzUvPOchFIzNqlCkU97BpBJqTRc
r23/7tvFHiLELQQ57VJA95oCTRhLmlNHbWuaRKR0aG9riTxQY0B7FKx9Trs+lCsQ
Xit9wnn/KBjd9zAaevg2PTktI8pVX2uJr7x+A7S6Ex7b/nph2RS8mgYi4MwpPw4b
3/7ydBdPFEGq/ss+ztU0gp2a+5q9sILRy6A75YjDo+jjYMJLecevmog63ZjuTDRl
/zMHHynFbOp169hY34qcm+D6Xh12kGtPrJyMTCd1b97iFehCFMU4ZwfISzj/iY3E
3XM4vzOB3QbLUZaG7xNosa1m9k1ChvNfaJbhr8h+NKhcI32g4SiJ1QcyCfpKY2QE
7tN/jPLwd4ESa4g4ttZPADsdHIAWHj8aP9UvWzEe7eqN9lP2qmS6BzB92nbreJ2K
iC374X7utut5ykURlxZUoPbXXLNNonXEOmiMAJxoiVLse5baOIUTqrFDVDuAiRvx
KjhP5QxJrlVzafNBj593wQe/+/6tZmT9shuWO4729PTcKQwJBNnKJ9mP6DWMrZdz
WUVkQPa2qP639sjwVJL4QklpjUCgu7HfHUcIt0APJ0a4TsiO0TOMHJf2OFo2fGFq
8JvKq/waFwTI5bIn/bJ4YC2FSwyVaPMkektVJIRwJLt5F5qV54TyvygSADJmDopJ
siOGS7ZwUUQLtMSJfrnUrme7JhbmakIXMBaXSEnl4W3fvDXQ7a3Zg/FVLUY2DiRx
m/DgDGkY6zN1U6oRlYJ009nEcW2kSeOtxFwtNpqPXqgicAurSyRDOxwTVIyEPzQT
TvOJqV0C38MZNygznntxyQZs449VQInGwgbgsEClrZs5LSPKVV9ria+8fgO0uhMe
2/56YdkUvJoGIuDMKT8OGxuDlydPROMAuVHZbVUMN5UJ9N4EutjsyVVmkLU5+ie3
NOtNXau7xnH5cfTu23yltVDfeOfHrDus6i4USSf4Cca3uva8WN0Q+5Xrpqpbcsc7
xUasemLAYAtMq3f6YOBm1uyOTJbjTwWJNvUWa5/vyRsaKGKoNvPCAr+sXNxJpiDm
0tNFjvXj1p4U/7sDzuPC9SRQHpTa9WIKsLeH/q5CduH60C86rzJ16GxeSBN2v4LM
ksbMU2zFqn6yxnGob3uOeseoKjDQz3X8+jyCDoPBnPwHE21XmtpJXszjrrPD+3dq
tRpQz7Wy7G2vUgkSGF0/Isu3epI+HwndWCgJJNwDW366Og2p0jdOUSFN/69AGC8v
kza4jTKf5BAgCg9QvBgw7kFKNBdogq2rzZyi2oWZaGdYMYOAAm4rMCLBZfkP3jAc
pXW7xk/gE1Y49LSQ5J0A86gJP43DXL1a0GVUJovM3SmjtbvCpECxZcMxGIQenfjc
rvNlqXpDlFKcbshVGMCjk69J0x3vGmb2AJaaNfIkSTCtMHFTKHfmEJCbmTmO96ui
AAPlQpQpMo55KJzzDRKduLtq+9XohHLgNQp4JpiLuqkbpOVD3NoRzoUSe2jZBfJk
Yu8Jgm6gtkPmuLtT1gFkCR84k4WEnGg3ZxlXgT3TGbM/QB6fvXwoxNLAwxKTBiMr
FgmiVA/hy9MKcRG7+ImPInHNKDyzd9nYbk2d35svT7Mr0+9lbncN0XUPGmOAWIgW
wDnxxUoQvx9p+P18cDlntnISfzj+O5tuGaX2roNXtcq6/YUPu3CrO97sx+BxBBGr
lZC9UfNQ+JEX4zdU9MFW1uHxHOtCPoxSPmoyHrJ7RQZvCjRnNTxcr0Atht7PSxOU
rTBxUyh35hCQm5k5jverogAD5UKUKTKOeSic8w0Snbi7avvV6IRy4DUKeCaYi7qp
G6TlQ9zaEc6FEnto2QXyZGLvCYJuoLZD5ri7U9YBZAkfOJOFhJxoN2cZV4E90xmz
P0Aen718KMTSwMMSkwYjKxYJolQP4cvTCnERu/iJjyJxzSg8s3fZ2G5Nnd+bL0+z
K9PvZW53DdF1DxpjgFiIFsA58cVKEL8fafj9fHA5Z7ZyEn84/jubbhml9q6DV7XK
aWnnR8h7Vey4/0W7kPylF5WQvVHzUPiRF+M3VPTBVtan0Lpxp74wBjGUm5RE75iO
f5gWHpR3fg+5APsOmpRqDK0wcVMod+YQkJuZOY73q6IAA+VClCkyjnkonPMNEp24
u2r71eiEcuA1CngmmIu6qRuk5UPc2hHOhRJ7aNkF8mRi7wmCbqC2Q+a4u1PWAWQJ
HziThYScaDdnGVeBPdMZsz9AHp+9fCjE0sDDEpMGIysWCaJUD+HL0wpxEbv4iY8i
cc0oPLN32dhuTZ3fmy9PsyvT72Vudw3RdQ8aY4BYiBbAOfHFShC/H2n4/XxwOWe2
qokGmbeHqcdJLKpJ50qX67ZQaF/8FIPW6S2dfosn+RaVkL1R81D4kRfjN1T0wVbW
dFrRC3Hlo2QuRfc0JEbu8sB7MUPsCHqM6sw1N7G5pIS6bbwZJKhi12ADN5QQrosV
WdnCCgkVcMt8jeCGc9Nm98ArgnE1OX+FBFyG/T3YkfMAAoaMT79fgQJKQcfM3R8D
7I5MluNPBYk29RZrn+/JG887QjAT5Q8//IYmf90sxfm94dtCvzCs7GJBnf2HVFCe
ZCo6YKuSJx0ZzivkedsvOI5GAykUigg1sicnK+fZC6gKeiqGkRbC1Xvz061LX/BN
4WknfsCP2ItF/KiXJ4MIscG/OXpWAG9m5gd/gQtvtWgbR1mG/MURGlmRs24xD/3l
3wTjMpA7Q/sEYFgs3eMxzdlgVDZAArSN9b9noRHghkiHSKPsIb7Qw/wXun16zoNI
40faD3huTcsfkYdIHC38muN6fyrfXsv86LP6RvmJDG0FIZHW4XNzu+drYDm/LU42
L4AqVxON5KBNGMe0QwYRgjm+H3zFp5OL/LxJyaiezF/aFKbTfZjZ94F6LTp2PQvA
Apm/VuvrpsVZCnSV0ecITPvQ5EzUAW/w50+qGolB2+2kc92H1zmGRH0CwlPxBcI3
IFJ++vyGEpKLu6+dPmttEFJGELgHavBvtT+b6tqbRYR3vS2KpZUdP7lbY4Ui0qzt
gRwj3sfSjkiGmuBef+7ycMlFJooBAIjQxVKF1R9YFQzDa/1pjySug36xN9ZupBgr
srBKX2UW3INrpp1fD94pFIqEMgLGhYWiDKTL/wTMdLHb33fIEUyvJKGmmcoVst1c
7I5MluNPBYk29RZrn+/JG6/izN0oKzDE881i43WRpzj5+w2jyy/MfgRWeLtMiWTN
kXLdmESXWRWapVJk8c4j/cZgXgm3LhrfMDJQTkX8FBUXHihOsD7H086uAXBpClTW
J5PX+cjjiAFqEr0JjYjw3wQ6KQiXjWzakeBMFSGDJAmAnXiCqrtxXthoYLisKgAV
ParokJvyXU47/jqdHQBBcE8DuCYW4jpakLrWPiFIOqXV3/tfWKmxhzg7ULdHKnn6
AZgb4276WOWfSlybTOhipc3s7pIw4ih12ZlDn+ZQekUDbIR9Y/rHvkr9AhQlzoJS
7s5chLIThhKZzJvS25yTsTm+H3zFp5OL/LxJyaiezF8I6e4NKj3OK24LgxXv39FM
7pqq3jsJyJiuVD+Jtsc5qo/8rxAef5t/iliAGMJGTN+F/LcYNMfXTRcA5HENMcsW
tbTPQS4SJf7k6ClKYnxxCotBC3Irf6ir/W28hk9/sAH8Ta15SbCaCJv4uEJThg7l
P7WiY3BPwItiGY3SypqZ121bcCqG3met5trNeSsUALH+XSPs4pDm2iO6i+kTL+Aa
9jhqJbatnwr3VH2XP1xAVA9YzZhtCuqgRP61j/2/KNoWYW4OU7S+7tEhT/yOYfmI
V2AjILxmO+3aIWYS/B7vTDrtWmvg8Fs0/ofs9w7fLOpAzSTXY2CJsjSFkgCmPED8
TkTTce3V8QkZ42k1D0oGENiG1sd/Sxpymp8oqGO0x4AEAEc7I6br1TG3uTD6jH93
uHXpuZrZLk1G/wbKgiBUdbA21bQU79zTQn0ixBJ53AjJfY5pGHtq1FKJehtVP/iB
glQkrRPzHI3kib8e5Yg4Kn48spvnN/M8xi2HfZbu199FZfnMGneu38RXkJ4469+6
V8+0WoheSsWyNRLjxRRsaReBgmtO3wA6jY30PD6mCuXPv3CCCKEu+8yMBH8zay48
cT9fIyciZPBzAxLSpAgXJ2XtVXTrnvdWmrSzsurmHgNGdG9k9yB5daTCMBPu+z47
SCl779UjbVOGDtF3r/5hts54o5CxBIhC2Yy2GLdTFKisEa0bqTix5DfYY/x+2w6f
AKzwCaMhp6vqiN+mTU96/30ze+oI29QCqLahxnEQk72W2owPzsMCwBfJN+D34IVO
WJVZ2py16v/8djc9uHuApTTMCt00u8Qdej0JfQVAzKWBl+/xxdCDrwjzpu1WtIKW
OijKVjtJxmBxeUKV/sXnJd8vnZu8xLYVlTpUUGQOaHSIc+WyGJArnlDslE9HhkLb
T+fhLlxVRe9dFzWtQ0P+YbmVtu/ZuRaOmRAW36Xgf9J1p0u4zXNQuFhqviCnx6f6
xJ7SBILEB9qUG8l8hZs1cIb1kq3sOFXtdxODc4249F/01j/LuJ+QaVIurrqRYi+K
pl/M3lIOBrRldzsJEFDvo2gxpuqBQPl8hVZuNMj/O6PEM0tqLfn1X42vSYNPoxBo
45BaXdzbmDjUfcoBT7Pbo1XQdpQCUPkUW+MpoPgx6z0iN+T28POjNvwMtjLDgbAu
22phr2T/LeqvcMp+ZlUO2aazr1WLWHcQ1YEYYIi5KkOTqxWXtNQbLO4c2E5neV8u
Lo++s5srhzHJGDg1zLO2++uR9J+R2yvPJ/GKtJv4wJgL+Hvup6EXEn+1gOejn9qL
cE4tOjdHolJ3qclVVHkSf+KYwtb8QVr1b5iRZsw81ZfJpVU0k7IVezhTURNg4LVO
azBQHA2kFbx+qKFFnMKt/VyTNyF+SOcZqvqnc3TMb6ZMxvUv4HmtetrCVFcG29Nz
9zjSgvAmfRYmYsyXhu+wb8TAoIcE+jTQWr0UCYLKgY8X2zelAUToe1yTAYu9RUIM
Lwpv9Z8SC9AFDvT20oLp3ZSuQ0wL96FmIKqrKRfd0eqzmPIaVZDmoX0fVRlX/sVv
HXR68AcwMY5QdSbae3SV23Cgh3WwfdQS/cLvNwZFJvNy3bVheM5zKTWSBmUUKtjl
oax8lEEiQNBj2gEEJYEVMKMX+pLyXOFLND2T62UZk7w7Ltdezyh03MHTO00EI1GL
d63zpGsg6sEJNtfAxr7zroO1AbYBKdSslos1yQ6o5PjTMTIq9aZ/kdvGVbeiYeBf
aPbX6R5lh+4wQNcNT+wL+sTAoIcE+jTQWr0UCYLKgY8X2zelAUToe1yTAYu9RUIM
Lwpv9Z8SC9AFDvT20oLp3ZSuQ0wL96FmIKqrKRfd0eqzmPIaVZDmoX0fVRlX/sVv
HXR68AcwMY5QdSbae3SV23Cgh3WwfdQS/cLvNwZFJvNy3bVheM5zKTWSBmUUKtjl
oax8lEEiQNBj2gEEJYEVMKMX+pLyXOFLND2T62UZk7w7Ltdezyh03MHTO00EI1GL
d63zpGsg6sEJNtfAxr7zroO1AbYBKdSslos1yQ6o5PjTMTIq9aZ/kdvGVbeiYeBf
JyVl8A47Kx1/NqhfY+Ekx8TAoIcE+jTQWr0UCYLKgY8X2zelAUToe1yTAYu9RUIM
Lwpv9Z8SC9AFDvT20oLp3ZSuQ0wL96FmIKqrKRfd0eqzmPIaVZDmoX0fVRlX/sVv
HXR68AcwMY5QdSbae3SV23Cgh3WwfdQS/cLvNwZFJvNy3bVheM5zKTWSBmUUKtjl
oax8lEEiQNBj2gEEJYEVMKMX+pLyXOFLND2T62UZk7w7Ltdezyh03MHTO00EI1GL
d63zpGsg6sEJNtfAxr7zroO1AbYBKdSslos1yQ6o5PjTMTIq9aZ/kdvGVbeiYeBf
29RBKrZ9lVkXiOHr9A7FA8TAoIcE+jTQWr0UCYLKgY8X2zelAUToe1yTAYu9RUIM
Lwpv9Z8SC9AFDvT20oLp3ZSuQ0wL96FmIKqrKRfd0eqzmPIaVZDmoX0fVRlX/sVv
HXR68AcwMY5QdSbae3SV23Cgh3WwfdQS/cLvNwZFJvNy3bVheM5zKTWSBmUUKtjl
oax8lEEiQNBj2gEEJYEVMKMX+pLyXOFLND2T62UZk7w7Ltdezyh03MHTO00EI1GL
d63zpGsg6sEJNtfAxr7zroO1AbYBKdSslos1yQ6o5PjTMTIq9aZ/kdvGVbeiYeBf
SSXySo6cQ8BIKHn+0fQrpMTAoIcE+jTQWr0UCYLKgY8X2zelAUToe1yTAYu9RUIM
Lwpv9Z8SC9AFDvT20oLp3ZSuQ0wL96FmIKqrKRfd0eqzmPIaVZDmoX0fVRlX/sVv
HXR68AcwMY5QdSbae3SV23Cgh3WwfdQS/cLvNwZFJvNy3bVheM5zKTWSBmUUKtjl
oax8lEEiQNBj2gEEJYEVMKMX+pLyXOFLND2T62UZk7w7Ltdezyh03MHTO00EI1GL
d63zpGsg6sEJNtfAxr7zroO1AbYBKdSslos1yQ6o5PjZY9pUB+q8YMcOYlKmMrqd
RwvGz1cEq+Cs+EqsxjC2Pz7OeG62d4prN6TQYIOokEG5MdrdgIzi46IcUFPujJPe
ZTNZgEqJGU4wrCs9en+8jFZbl6lpLXhkp0qiI/24aGyNFdLF8fcpfBT5f5RUc6v6
UxKfIENbGmLomaJfvCWsqkK9k/h5iX/cUclDMtsRjvtua32uy1aO6/2uZNCCLXSu
+eQIRvqytCg7geuYUS0Q/7d+8C78mMkUfmTlMHzOEVfwK9DQbGhGfFcBpN5pcXXh
YPkjCdwRCavC+1WZy7Fn/a/CaIfhGkOYXbqCW6hbD+4D0w7d3YV3eI9Q5MtESAUg
hX8lg2dgN05kPrPrmlIfBa0UkBgT3c2KR11hQIRe5Acat2PFpb2YVbfNgoCmZ8l8
KcrACxUasqnn9APzkypcWecLSrdX/ZTeM+hf0VGO4RzXQ19pqMoNukBH0upFHB5h
mS8Q7w84Qsl3SFeIGk+EiFNBkLAUCQoTQroYMPKQoPFvc2+vPhwQjf60RWjtuJvZ
W0jes2GZub+rfuqSF5kqEbR0V5zoKMS/J8JP07NOD9iYmtMYiUkrZldtvgkyq7uY
OUCcHNInYPydve6yzg02CNO2auD89GWdw8jTSpmx1i0v8KUuAMmZ3egvni4+RKvL
WCJ9MIIqw2EMfQP4sSDdGLpb54XPAHVWaePvpWKrVTRqeE+H0HlH8Sod8YQBSa5b
gvSH1xRKs/Uf/dl4kSROT6CrfVXzcrqpgsvw8nlOPnDJpu6aEQLesmT7f80LsR+w
zZ/ZGRnbu1s3OmQkp8aMPL4C15l/zjlKFWMTe3tc+2Wymg1MpJxeL+P/0UKXVT7q
soSuVO1vHWw5zOcCtvCZenb0u5W13c2nfkhRAPEkfOfXQ19pqMoNukBH0upFHB5h
mS8Q7w84Qsl3SFeIGk+EiFNBkLAUCQoTQroYMPKQoPFvc2+vPhwQjf60RWjtuJvZ
W0jes2GZub+rfuqSF5kqEYBSk0UbJxlSx5U52JbRxmofhF1StXCTyqqCOb/FW5e5
RXEw6KPww+wIkBk0VFuILWsH71rnKonpbiTfnsQxJT19ifGUgArqN8TzwCx4OEou
F0p2sVamFKmllnK0ZXqEqGUzWYBKiRlOMKwrPXp/vIzKJ5WzVhf/PxYDLotNDBGT
pgWvuRPymnOqL3O0QJHtWoj0gTitOUw0jrA2s3nockmBnYz02TOn4ke3HAUESnM2
bUTGBED3jv3Hxf3BSHvJkwnstUxLK9J8tRN3ED/RAUjpLACZ4BqfIXkgK3JGhm+s
3cpUxjE40KiS6pX4Wc2Ao5liCAFRIrK8mGYyxC872y+bJgwa1IgNIRDOzv+sR1Ur
ZSyUpM5jdP5oQA+sNJWp4tSgW01vYaSLhlz1ut4ykGIK01rYTZlo55JQ3hE+pgcI
d4AYvr6FhxuDvoeJvJE9utiaORoKlgBQArSXnniTq1IfhF1StXCTyqqCOb/FW5e5
RXEw6KPww+wIkBk0VFuILZTDWvGdujszI1uQC9iFoxg0yP6OZzVQGgLvJkCPGQ/Z
JnOnWTNbHaXm39PDoh1kj+Nt3BHpxicifvDP43FCa0ppRLWilbmAeI80q7EUPPdE
mclX3aWl5/QIv3w50YIpc/ufS7OlAw8vg0B/5PdKs35B23CP7TGNVk6lslUdGJfD
ubba4RtxE16VUeMoMy+yEHd6l1FEutc6Yp8CjPGo+kgfQILYenjx5XBGgjxqri7z
W8vC3xgLHJ3V6qDXtzzmLJppXaUDLimaFwRNc1g5DKIZ4UAIhhQ8W4C+PICSuLOV
xOrgjGwDcAz6OHJ9oR6ajC8n7p4HCNMvDdbyqMhHNIMmsd8vTbDpkqpRMEjqN5lv
3fp0CYUfPmfgJoCTxRmatMqyEehNMspAUyUh/8K7Ghpi81Gsru7mGT/yg4GzfZsa
Zj4VGUduRL3KMyBucfc5HSgrpRTFzQkuDnpULQDWyOZKDeQAaibtDiUSNf0+xuaG
FFZ8NhF33HhnVK4c+yV3tRZ07/VE+C61f5dM5freFULDMKhwMbVZL/igKozKwRHP
WLS++E2hAvNoCWevpg/u0jhIUnBavEgYXlMfKnjRfYQBKf26s6YGeTbbFMUd5FaA
Il8Crl6GGpP/e96cPRFIXsOtx6RJP4JktaXN9SolTUjVPU5nlOguMglpxA6ONYYf
MPq9K2o9MyBrQBq4IjxJughWBJ/149WWJ2bNUI/OhlCfRqH9xQzwNntVX3Qu0OTp
FC6PXZ2SnPxhHTVsNTpMvuNt3BHpxicifvDP43FCa0ppRLWilbmAeI80q7EUPPdE
mclX3aWl5/QIv3w50YIpc/ufS7OlAw8vg0B/5PdKs35B23CP7TGNVk6lslUdGJfD
4hAHb0WOROq/vPNnCzfwEJia0xiJSStmV22+CTKru5g5QJwc0idg/J297rLODTYI
WxMQYbyMyDxhJy+gkgBV6siRnowkhOolmQzMgFCr31CYW0NHi2EXkVikZCpnZEZx
bmt9rstWjuv9rmTQgi10rj35RSWuoICiGIQ+Za0IjDqLNRrF4iUtFitW9OpBxHcn
GazzQG9yqb0y+kqvPaalrnLBeY45mJWii4e6cfb0PLKJFu0iwB4CEhQDNA4zVShq
LKShtcSkzX8PikwyChiOjwnstUxLK9J8tRN3ED/RAUj3EZqVH7EQcXJHgCtk5rMu
3cpUxjE40KiS6pX4Wc2Ao72KK2PJ8ktmvX6wQ7DvybHIZyVFBOF6Jp6hk3w5ut5H
5fAUAnP9FgfVHfTFo21dlyLLSR3nZQRq7KgggCB8OHQYSo7WxmCwHEYfzW73/lD4
37Y0V4uKGV1iPtg69q0+/ZfQuS7Vb2Z1TjiRscTWu8oedbl7KWlJeewsSD0hcDgZ
89NUy5e+DIkcZHKuRpFBjrsXTf0G4ycmIPlTE4Allwcs9DGdB/G28bOx/wVxc19T
0/ZcubRHpQ28wkJpOI/cIg2AeGb2re5pl+8w/jyrcpYdsr4cLFYcrA90uehz9BYk
c9FIJS2nsuQ7v/bm3jnh+HUHQ9nvqsRRDPWx8L+3O9+UNt3Q2We9oQQAJwmjyVoo
/argeXQkeGa+EsgYuE0RPfGmfBuiOf58LIolAVYKpkh4diq9Dw7vUdaTAAfZCvB3
H/jaB2cfTVT6JU4zvibwM31QNptVARPVo035rkuWqMpua32uy1aO6/2uZNCCLXSu
PflFJa6ggKIYhD5lrQiMOos1GsXiJS0WK1b06kHEdycZrPNAb3KpvTL6Sq89pqWu
csF5jjmYlaKLh7px9vQ8sotMWjqEo1RWjX3FvisSIEeReCw6Lw+nzYsukzl2FB9O
EOc+wNhsHin7UipIf7T2CjPrN4ceMbHsZDZwmJdo4c+xc4d7lHJZyQtek2UqBBCM
rLGNcLwScHtgJWf0J/uGH7pb54XPAHVWaePvpWKrVTRqeE+H0HlH8Sod8YQBSa5b
gvSH1xRKs/Uf/dl4kSROT6CrfVXzcrqpgsvw8nlOPnBu6e1yxtJ1Vv0cXJ65p/A2
43v2U+hxDYZVMiN8KSgk79U9TmeU6C4yCWnEDo41hh8w+r0raj0zIGtAGrgiPEm6
FGNQk58HZGR3auKkc24WcxsfSZbnV6tPRLtGlkoziXt5hh097rOjMjJZCXGdPBm5
10NfaajKDbpAR9LqRRweYRYQDMWouF12uZWOeeupbflz0UglLaey5Du/9ubeOeH4
PNvyU0jh4zB4sluwnOPWvVTzrBtWkquAW8QbtZUKwcbAb+UAANnyI0jCjQkWkLGB
WdP4cUvvYN0Q91Rxx91lr+1FW8Us4W4FRnzyvWZ7BgCkXpLxU28UecIH5qY7hlnb
eYYdPe6zozIyWQlxnTwZuSaDXDNqINuX/etkZfAWYjHFn4AV+ojkDqqPZW4YZVly
YIVtSuCZP9boDY94M57cEEgbY8LKwEtpcS1zCQIsRLJyEL2Qaaw7ENtDwA/wvpI4
yGclRQTheiaeoZN8ObreR3fwf88wOdKCSSkQruW58hBJwsmkLUuzx19MlXlXKlbM
iJXWFFPKefSBoom2O4y2PyTU6sQnhePgTNDxdpaMe+q033H3+rnZAZg9/a6S1Boa
hnZQ9xekj12ZR7BK4+Ud21yZ5UFDZYMTYT9ZWYuJcf1SYldPEmR6Ha4kQpzBvE2J
TJbsOEuqpJeQ5wp6b6TvfK9lu2MJQCRR778JKVet3GYCRYHeCDrBBoJTQ6FFMQKN
J8JzTaRxCmWfvf+5ewzp1m5rfa7LVo7r/a5k0IItdK4ixyomp7po4Env0ZVm20KO
ItPbPaKqgKgLyxAmLmTpyhDYqujzVe8hNF85F22YWP2bk+59iV9Qflz2V0szqPuR
vnigspQY7TrdHAlUxgJvVOA4sYubtqCMBkJxqfUc1cAcSWhnnxvAX+HocoiQVdSx
IpHbqhh7Hf/lQy27sQV/3NVJMzxeIZdI68jPByM5qKI5Xqzpf3Az6XfmLo5aLrGx
31o6c3hvXzx6sAUOsFlho+Nt3BHpxicifvDP43FCa0pwDb5AWP/IQtIz5if3GpJH
ptsxt0dJNnfi/aFDkC7aIFilEDaP9C6r9BA9gwoPPAroccI5e4uWO/NJonGC/EjG
r8Joh+EaQ5hduoJbqFsP7rXdiaO/VoPgH7Wte9tY7TytFJAYE93NikddYUCEXuQH
GrdjxaW9mFW3zYKApmfJfLsQ8WBQETZz7Hjqna5xy3wEBhqU+iG+8FcZFMbl2epL
10NfaajKDbpAR9LqRRweYRYQDMWouF12uZWOeeupbflz0UglLaey5Du/9ubeOeH4
dQdD2e+qxFEM9bHwv7c738Q/rntYyWcx3lN8eYHrvYEfhF1StXCTyqqCOb/FW5e5
RXEw6KPww+wIkBk0VFuILZYc6ZSDafvCPzKByYH67NHmdVjxXdKCJpopR/AMk0ID
iR07uL/osts6fxSxDc/ozWcMqbvZV1tSzKNggNgZ6v/aS9wrKU9oMh3TRwXOznQ+
GEqO1sZgsBxGH81u9/5Q+N+2NFeLihldYj7YOvatPv28hJ7PI8YXico4hmd2TfUw
vvmLwrZ2Q5aid+mnHgrlMfGmfBuiOf58LIolAVYKpkjJmcT1if7xzqaM66pNw9xP
pQu3Lk4aAVnW+FrBhcOek16MstC/Ebgb7ptLsh+PXpzDMKhwMbVZL/igKozKwRHP
u/sX9QtpCW5W8YJ/RJdbhoj0gTitOUw0jrA2s3nockmsps4QoBfHohBVrha+1TKF
hv1CSyJzkCf1dggyDcn8ixDnPsDYbB4p+1IqSH+09godW1ymbMIMKIERrSg8kPRL
A4GpatKa3qLHSIf4XNS88x8My0rOFk1av4l+lYrVEvfIZyVFBOF6Jp6hk3w5ut5H
d/B/zzA50oJJKRCu5bnyEN36dAmFHz5n4CaAk8UZmrTKshHoTTLKQFMlIf/Cuxoa
M5/9bb8QJHENkriNSWLA5vCS6i5E9cgzfhvnJUtHAKGAvxQ3MciuExyktK9WvsDR
tN04aB/xE5WssLCRZMS/mjj0kbjFFGz1U25XdLCta9Zua32uy1aO6/2uZNCCLXSu
IscqJqe6aOBJ79GVZttCjgsCfZbMypwFTmKVGTLGuuU+7TaxJ6vrDSEIC5QDmF8I
7G9RlfsQXa7OJofIOtJWKWY+FRlHbkS9yjMgbnH3OR0oK6UUxc0JLg56VC0A1sjm
BW2FSBfAOuYcJDpvbJi4H8z/KnXxPgk1VzwfnspoPYQSQDI+MVAbfugWtOWtfz1V
ZTNZgEqJGU4wrCs9en+8jPAvRC6Jq8CfNo+pRNA+CWLssO3f3iBO8YnZRInaXIWS
zRkcxXnaiKfCKhJHDpWFKZyaqCtfcRsOMQQH1E0jZ4kJ7LVMSyvSfLUTdxA/0QFI
dHyPzWAF8fLtIIivaQ/+wORnS7jFVDGQoWiee29DJc+P73DTAB1cXVCr/WXQdCfe
yGclRQTheiaeoZN8ObreR3fwf88wOdKCSSkQruW58hDd+nQJhR8+Z+AmgJPFGZq0
iPDUAJF7MrYDt42jL3+AXHGp2HtvRMNwzk7r2bNHJ9l0U58lh7T/lVUmQO9/sNE1
i47l3ZEvETbTLgDV7i6XGj7vqFjgSBA1C6OOjlibfN8HXzm5SDCQzgqbDespfb5i
423cEenGJyJ+8M/jcUJrSnANvkBY/8hC0jPmJ/cakkem2zG3R0k2d+L9oUOQLtog
WKUQNo/0Lqv0ED2DCg88Cuhxwjl7i5Y780micYL8SMavwmiH4RpDmF26gluoWw/u
jYiRR7z1qacSIyOlxUbtS60UkBgT3c2KR11hQIRe5Acat2PFpb2YVbfNgoCmZ8l8
8KHzSy3k5qfK5CJdFQMeak4R+QpZ20me2yaBmotXOx5pUKIINnROHIfC/l02Gqgm
423cEenGJyJ+8M/jcUJrSnANvkBY/8hC0jPmJ/cakkem2zG3R0k2d+L9oUOQLtog
WKUQNo/0Lqv0ED2DCg88Cuhxwjl7i5Y780micYL8SMavwmiH4RpDmF26gluoWw/u
xYFyxbPFyjY/RJSl6f9LFqtX96/Kp4/lG6ELauM0ZLutb4e3IX9Qs+u6XLwPtGQE
nWBYZbgt3jO81CVFRFRskbrIrKR3XwDD616fmSP5vzsdKNsPU4mJmAh1XL7TRIv6
ulvnhc8AdVZp4++lYqtVNNpeYjy01vr1irjRIa6KrauqjrUZBCT17Na8UacSardf
rnjQPreGEg8TeVNxc/NzyiqUP5WvxhC9LaY8avDpWaBAz5xj/g6b1XovGbSlTUL0
uNniYxC4lgdnfd9c3SpbVXno1fOCT0vIfa+V29QYqvyv6uFyqrugoDTh6zkxs9SQ
lf6dW6EaVxPGK9MfQ7oE2c4y93bVmXdzHJbIuExllf0taqAo/6bviDOUTk5pEm2r
xOrgjGwDcAz6OHJ9oR6ajFXeko6tbgRGOkKaffXuQeE6JLbhFjFxAo2XyM/VkuQK
A6mxKTec3HN6CxAkNsdeo0PfUQxBrPP1Ifqryw3EQlnEnm65+hYDMMYV/1lrFoJL
+4O5uYmHtZ8Y1CQPurSggmRQeuSI0t0MLiZK2As2BCh3NyCaepfWROAowsWwHnWv
yjEfV+xWtN+6yr/JiiMSbf97Ufct/tkz6yboC3GxW7yTiW07IYD7YIfrZu51UVSk
xOrgjGwDcAz6OHJ9oR6ajC8n7p4HCNMvDdbyqMhHNIMmsd8vTbDpkqpRMEjqN5lv
3fp0CYUfPmfgJoCTxRmatIjw1ACRezK2A7eNoy9/gFwP8Y5tUDUhIt7BePH2x1X3
cg/aXTzzrunLGdlqGeQxoudI28XXRuusYZHSp+4znzLYLxFyR0tgaQ5259hk5BYs
1/PtEcXbT//xFahHlfQ5PZwbJBWnjrGIHs+lbZGCofNYihSFhRgRJuvAN0Puf7HY
L24K0egTi2ZAqcBprHWb9s3+sl9PskM5j9wstd/FrXyoxqctwoFVB9SRXMZvu8Kv
xHIomUmQRoNCaW3yP9wf5tEUKKnINLnyUO11xoJWCIBm1yCJFguurldJ2whtwkvk
RXUIs35Pi46/gvOQZq6FyN9ckhgRCwUOC2VT8/nRiZKxsP+20oWvfz3Oei3dMtud
myYMGtSIDSEQzs7/rEdVK2UslKTOY3T+aEAPrDSVqeLUoFtNb2Gki4Zc9breMpBi
CtNa2E2ZaOeSUN4RPqYHCE+kIOZ5n8+QZrIAr65kS7PPpUrkjm20ooR53RYfzbso
6cVYhBwIGdkKR0YxVOMOA/GmfBuiOf58LIolAVYKpkhKkIRRC/1V9MGsFWcE9PID
s41PwLLc/84hEJgy0ts1A0kqtx506+T7w9+jJ3A6RTPIZyVFBOF6Jp6hk3w5ut5H
5fAUAnP9FgfVHfTFo21dlyLLSR3nZQRq7KgggCB8OHQYSo7WxmCwHEYfzW73/lD4
37Y0V4uKGV1iPtg69q0+/ThN61cvb1uJuE+dlihumJBmPhUZR25EvcozIG5x9zkd
I3GwQ1CRID6ktV/XzZa5Cg6vOx9eK4yrsHntFz7vCegL+BEGpuR8t1UqzJ7nCrBo
BydjBX3m5OH6Xn/HkLcmsMhnJUUE4XomnqGTfDm63kd38H/PMDnSgkkpEK7lufIQ
kRGnnZ1hYVs7K2091N0OrGx3Lz4btEQBVwAuHCy9CqgRQzNlEDDQI74IDmevc5/a
JoNcM2og25f962Rl8BZiMauk/I4wTu+H1DKp76vkO0osxKLzbVmKtk9J1Bwil4dT
BRbV2k1GRmLcVQ5T+/4t8MDKjJV0a1/4EL4WarXpQ++bJgwa1IgNIRDOzv+sR1Ur
IqV9VtzobLcqOse1DD1NRJ4RvkxkWb+NquOezhAhdFxoDja00DMbcUNMsEblRExN
onTRg9n9JL54XH/A2lv5HnaC3yySAjG2fQL0dTgfZ0oAfdT3Qx/72HjjjySYKU0+
T9dta+uSTzvJkVgJeF2F3X0eJpu0K5CBmqG2AkkC/+KIzuUa2VrFcz3J/ilb5pRT
ZR/XzvUS1b5y8TzspD7t0ddfDEErPN7hgiNjUjWi+EtF3rmZdwdeUwMCflu/M39C
CcJ2JOlaFd6R/HK3tshZb71hiSynkAxZrYqgyoaX0QzKWF7Mlrmux8TpXDXRut3M
doLfLJICMbZ9AvR1OB9nSgB91PdDH/vYeOOPJJgpTT73i9pYhzXd/aEgxdgqR1Z5
fR4mm7QrkIGaobYCSQL/4jxD4CdbCl6DASThykLNOS/T9ly5tEelDbzCQmk4j9wi
42fBROaUPnDtH/+KRfyfxRms80Bvcqm9MvpKrz2mpa7I1X16D8az88BmecVNZlxf
q678JGr8ynY8iIyqL0egYLzN4Elu21/g/6IZWO2n9ALI5ZEa0H+QJDfd/od1F4ok
pdKXQ2H8E2kOxoNXp6B2dpWB8TXDYbjeg29MDHJmpMRXM3Sx1Fx7/Ofq1EbsIXLX
Om5+qcrr2lvy8C5+NdNmQmUzWYBKiRlOMKwrPXp/vIzwL0QuiavAnzaPqUTQPgli
WArJzLZdkNywEJJlB78y2jWg0nvpirK2CLZYYqzsv2RgMNoEUsKgZ8fBSDkRHR7i
64wVD+f2ljSOzdxNoaNhuz28sZNJVFNj4zctRywGrr7jJuYrjng107O0Zz/ZDGXQ
KXA2XFWl2uPg6jIKwoN2IqrvzDJgg5YUlqAB6JqMwBXXQ19pqMoNukBH0upFHB5h
FhAMxai4XXa5lY5566lt+XPRSCUtp7LkO7/25t454fgzMeQtlnpip8dXyCJx6Imc
0K6bmNOhSW6sbcqzjEEoO6rvzDJgg5YUlqAB6JqMwBUmg1wzaiDbl/3rZGXwFmIx
ZhhKJQ6LQTEwJQxTM9LVKileXROr+wzfk7JfqcQNeWqlC+lt11cJJViKYdnuFE3P
/yOcxjvP4F46Zez2DMkfpOMfWxOCY5WFH7/kgeELL1Gv3d55ysjCxsJ/BHCXx+0T
bENmUxQVdsgrbPHQY5qCn+G8MBQMAx8R6CXhTdapkq6wW5Y7XfJaAV7kl5Jg0EvA
/meVaYdCGTa7qxOtYtQLPvIqrPi1XQ/uUoBfdslJqMJGrr/kBpTbURGyrTT8OFKz
XCAEwYrXZPz69DrXtSZo8OXnicUMy0VpE6oudNZGG4Fvc7LERf+VtFaLjNxdJgOm
AkWB3gg6wQaCU0OhRTECja/rmrMpm3D2+zN6xGAv8UtgaNqUL+i9dZ+fAO/lbcLx
Te/Ml/t6JRmPR713UOVwGlswKi8fztBtPjj6loHX0buM6E0Cr/+lDgfiLh27AhVd
nP9kZfcvOwyt3+pKQyMYsvw6KKyO+GEHuPdurTeHizA0DDGIGjQE51DvEbjRWS6U
kWkxOTiIUaAJGyG+yRZFJ3II8bhVxsJ9CwEnUYn2mBBz/WP+BsFAsE2DN6F+gc7c
WMLkfS+ZnKwGEHL5KGAnDI7ZWJihn+5CLy8uDO6HkeBNZ+Ldi8QIi3IyPcNYPI5E
8T8eHOG+EhthNbJADl66T26eW+KFLIIKSOwiPOnw2OWMghxs5/p4H49zIB4aTlaQ
IGHV3ZikcHmAeKx7vbeANGJ3ZFso2yxPE/UIgwL46ZxxkGIAOlHkoq8hEqeVYjQj
lZ3mJTSXxxy0Q9uJZaUJ6zSzrANZwD3wSBNH77hO+w9YZf4Neh8tydyvRAN0K7uf
+izL71W1KCmjbqThM9ph7uNgwkt5x6+aiDrdmO5MNGWAZTKATK0opXCZU3kD1kWL
XevIUJUG/s7voVT2FS+Bv3et86RrIOrBCTbXwMa+866DtQG2ASnUrJaLNckOqOT4
iL/CUEOJ6OzIjeYubjwV7MSzLkwdvkhipt32QPs122BqwKXs96dYbqqG6rZUQhz9
5vpMl5S+py7H4JysbhHAHGruLoYtwECSiAPUaKp4xPS33r3ri+w4mv5d6xMWO/LX
InGmwhrIg0RPTr9EAZKoM9sI4bdSPO5wV8p15ya1Q2kdNYvV5JMC1vBzQhWPp4dk
G6jIS/PASmwG+UPkhCuMHeXvkvPqYQ5tM5nTZYQazrT6rThbYKzupVGBz+qeZ2a+
fo2mlr9U9dv7C9jGUTMGkG5VO/YtDW5WgkSAmL8FrLD/kOWFiHfS8/4MP4ZUNwIL
Bcsf5We8g5wy9g0R7tO8zuFHpJZwTTredUvn5uKRhfN9XbAAg+2BDCbQzck3Lbpb
GY/jSUyc7Y3DM9EjcHxMu4HDb8Eyoccht5R3APCggUAgwaehak8ZpJdxjyiMt8v5
4kyCLdRIb6evMIPpdWTn2GBE2WCI/fneSBxldZFYY0kg9rBxWYdFYymDpUKExMBB
QHXwnLsxjwTZ5OggwvPohrstp/gBByN8pFCP6Q3EP8md804hsumnvonD30mCdlwU
GxprsRPPkOdg6m6yPjkST7wnnsi8cmFL8X6L6ih4/+zrrtuaVn+QEzQvILFg4wXU
t5fu+LPwkCB9tFfR98mCi+9DdR2lnU792ivPBOBrnITnG3LLdK919cZInuK/meXi
fgo6whLtZzuEzomewu5o61waQOpDyQphATghocoMPrj6vitHLEX9SK0h7nwHhKhd
4x9bE4JjlYUfv+SB4QsvUeadLLiLI05WfJP2cfGp2WCRImmvV4nG7lGdU558WPd/
GmozUbCbsZ6aywRAeeU0mjQWMFJw35jak8bYpuw2jgpBo7Qyg3ug1MjQN46q3QMF
GKI/Prrd04hzWqmXgGPJOpqKUhf47gXqLH0x1m5Yae9zhaG2jPEhA6nixHxlJu5e
3w7RfNGwh4aNFDT+emq2yMgE1KfLx218IFe7acTdF4N6DI722oaV7SCYTtKYvVkL
lHj+rV+nPxw3vt7G3IpKIo6ZzzNzrDm6gD/mjL4yWkwJWQCCqtiTalq8VXY+RVQ8
7MeukVNvQnX1yrPKjI1QQmhhSj5Zl8Yk6320H6/ciLiFGNDDDxx+KWAXNSzniYaA
5nVTOPRtfexrhEE7mrfojt1SIlqogwo3dU0ut7ObObPF4U0dbkjA4xRBBsX+dWts
p+/Usxn4RXeofpz47ymnRxOkvbBVYV7mSxcOs08rJ7ZyOoHrDq9/04kvVBoSmlRZ
LTHekQqzRDJUNZoZyDwlTGgzHQ1YM9CFPU4+nW6NJPmSWbRy/JdVR+na/Q1ipwXM
RTUJ4Vzf9LRoooFPgWY+RGAURP1+WPaE/ml3AGK8Uok48YEq0S+uKEAgq34qtoQj
xUasemLAYAtMq3f6YOBm1sxkVHWSLoAxYgp6awOpx15A7k6hSSlg+fCp+puOVgH7
4Vdi+kAqibcA8u2NCuERwYm0vs9bfoGKgJ5eFElcrHxnn+hEXhAjGR9yYirzQx3b
ncSj7KtVlHdT6TrxR+ESwyC7aPPYOEe3CaZGSMONG+2QgnUtnfa/a/5w1gUcMkWf
wtpFm8ZCf1vjCez1joOa8q72E2KY0cS9KvJhVWGftlXQbW8v0EWXWllvLxyYyr5H
qm0zdq4Pw0Y9DPmXzYbix/CT1zUFHJnAp7wdidIDp4BlaVWjj9WcSUAt562ZqbxK
q8X01pjzDXQ4hoSpJCTmvwae586eZxBYQd/oeGT+alS393Xbi3Dl2oBBXhXyFqvA
kI4kifG+2fKY3ZcD/3xbyoongKNNMR9PL03zObhIK/Jj3spi4LX18GadlH5Uhbm2
yX2OaRh7atRSiXobVT/4gbpqwlfVrNxUs/KY1i9kplMqIQU/3tNpKy1ive/4D+QS
Npw81BZeKLSMKw5pfhgKPFO0a9msSTe2cJ8UrX0O/68yF5dJE1ynSO+i1gdeIhON
nRoaqC7JkxEeVFY2QzJCWom0vs9bfoGKgJ5eFElcrHxnn+hEXhAjGR9yYirzQx3b
Ivasb0ugG24DnEfb/Z2pZVXQdpQCUPkUW+MpoPgx6z0Yoj8+ut3TiHNaqZeAY8k6
KVToZjxs+L6hD/x+HyB7z0REXN98BcdzxSQ4EQxdJudWzQDG9F3dOQlWuwR8e6/3
wPyTe46j/bHKEewMks3iNj7vqFjgSBA1C6OOjlibfN89rBKnji6CjAPft2xjmGIa
Mxp/DzX/vlfI02dSlMz6kQEumC1apJLDqEIN2AC51a0tNz0gAkL+j2dQeSB+fBvu
8pwNz/O9iwoD62bGLiIc0KJk4TiKbmdIG3BcHKaYA1MIA7uBf4ffStwPmS0B/fa/
PkE1iIKUxAR3h/DEstcrL8z/KnXxPgk1VzwfnspoPYSSxK0BYXF27s5tckOgYQaa
Ce7MkN/Lp8QWNs0KX564UmTqVY3wZPMyGZB4W/JuYbM1s2T+4Hqp07NOR8QrZriN
5QMTjZPtDG7SKCd/kTBYTs54WbCxpEWhe9nT+RJSMV7zVCoDJK9jaRenFMjVC+sB
cYD0iU1cyXVNy87Et9JpjoKEuHPqQBkbfLR2VGvoDdV/9oKtbmRICXGjYH0j7OkT
3fUh4NWPlXNCX7on9SBKR/AY7M1kban4o+YdKs4L2sQCED180lOU/XBKUCxI14Lb
3H7DpXrAZTu2j4D5nK8EBGNpTKi2o1hkSPdYF8BwMrPoyWhqjbRezOZHFHloKDeU
pYLyCRk4vfAKlAhb8aUQufmGinueQGVxrPoV2lhiDb0gmmxsIAoUHCtHScHNhYtt
25FwjP9yg3A6X+Jtf8Gterfl0pTMvygNz4vo4q9yPrSwExn9OIRXsDs+qVLHmleT
t61Mpqv8TnLWuI72mOnTkCqN6M/miAMDh1of8aMYa6/RWrR6mgbWn3KcH+T4Pb32
K0R4ZmmrY/LygWCd/E1rPw+2dJaATTx7FZfQO57fUtTwk9c1BRyZwKe8HYnSA6eA
IPXksYWaE64hRXmyt8MDp1URX9RG8pueACQs7h35UE24k57ANxcNjr4dHHbMHQUd
yXMIUEC9EW3hUYloNfZOKAn03gS62OzJVWaQtTn6J7c/DjpWz3yOfRm1THYXrZCA
tLFe4rqTD4qCwOl72GOo3p78sz7B+PkfbMPOppOJjj+3VPYrEWdKb/TAhdHa88Qa
EmL40rUrj5/RumJgpxXwqGz2Zh7bdMfO9L8DzL39QAsvB3R66bXdQRaCUA568P//
cxbiU3eHbxyxiqRqYmSYlNuvcoTGOd71x/uc0sz9dT/zT75FB7Eiro2cLxOb86Dt
QwjY7EzmYuf2lA40OEshjYlIsfm5a2IqyXDpO+oOTHnY/37ehCNoLpwhHCfZp3ky
cg/aXTzzrunLGdlqGeQxopeMN19vABn3YN//YJWeq52GtzHcjGOhLpdrepb0IOM4
IRHJgzp1MJT52R4Mp5w9+gn4cWQDIZj7pX6FfEP0utWFzko5FhqASGSrwYCQrVL+
qroespPefcC63Khhd6d64uAiD/bJDP1VGS0gel7iruMpdFyOfbrTzsEus5T8Kxd7
LcLpEmyXf5KekqNutGrCSh+hKprA097xTXWMqc5ouIy83SiV1IspRTE9llOaBHsK
Nxl4b/vjAeZKOSOlreWC9QK89tr+FZqY4sAVbXSvPuD74tlo/E4Ffw9HhB3xMTZe
sZuqJNu3n6nsd90fYvGnBp2KI98YqHBVRywHzYas0Sm9NGLSSKwPHoI0P/D1V5Z4
aUjUW15qYdJHWfZwIkYCpKyrez/PLbbf0gkGWoo+SCbaorPqI8DMZaRA01KsR007
Q+RHOko/TO5/YumpSrupSFsTEGG8jMg8YScvoJIAVerIkZ6MJITqJZkMzIBQq99Q
ajfXc0OkMTz6H90ozHWw9XoE3kCN+bPA66cSAMQlE40pJ+Uk9pbASy0vvomS7pQF
3lYe/P0tnSIccH7ItKxw6jYvDWGP+prjdGvHOy9dC7m7eqio1BPW5XsCbPy2Hkoj
mfKdbKs1uesyXiAbo6q/1DSrYN2DKupPTGBKAcdh67Hc5QYGs8Tzh3CUUHx6cyWy
OP+8pG7/md7B6cY/ZPGDHGq1Cn0tWYM/TIWuJyeunk1J1JtldEoSNC6CqBikmYCu
s3w3G3qBSfb9G/67gevqtgOBqWrSmt6ix0iH+FzUvPMguGtZtgX5A1kH7ksB00g7
HYe8GuV6Onq7u6YSbnXtfENmlQUCUf6fUQktSBOrGz2gmeso4iOnXgPXfXwb2Cy/
sQbLYHhQ/maEUCFFF6gQFwOBqWrSmt6ix0iH+FzUvPMEBNjqt3ouWh+6sAMCNPKj
cO8NRb+j8fAGiTZZVsC8Ns/HZ2ZOqCywj/ehIwMo2toN6bYL39pcn+kNtFchTpv/
iO8vdZFnNd34/tkdolcwBpOXuHHkpr/XLonicICea11/z9cGFWXmPoOxSUBmlAWJ
o1aCM1JynjctZeQk0u1lfFPh8UepU82bNS98xs1Vpw+QT73b1bEnbGU46L0MrhVi
1hq5yRDulDBpqnnyjSKCBp2LMUljXgRRm5fthI57ugumHfQqQX9yttvQxUiZMI1N
3lYe/P0tnSIccH7ItKxw6gqBuX1W1q98wbOtURBcwtQgu2jz2DhHtwmmRkjDjRvt
CY02U4mU0+xkDh/Ken2RyzSrYN2DKupPTGBKAcdh67Hc5QYGs8Tzh3CUUHx6cyWy
TEieM+/2ydkkQ0ikuNS7jwIV/jx+HmNgMAZmybYjwm0y5JzarwySCbMpTRssngHP
/xJPO6vW29jMXrvmJzWeh1STrkZLtRlr4MQRI1j63fL3wGkmJhcUnn042gikQijW
WtaWXVNjB/hPZVQwX2W1iSHAg9e9UKcfK5HeiKh/nyQihISY9zqAMIB6yNfkBBA9
xwZwWjliucJcGK2SVDyoI5YWDl/+OAos3ivOIaePCvZbcgLK4aKBr9SeCpiVA3hH
Ir06Zlk4dMOYqp1Cc9jabRakFMiNjJJshOOc9U6Gf6C8IaSCTym4jGq46W92lMOp
Y6l7Mo4XtijvztqSFNUOOoU4xGc/DrJdOL+m4Y/N/tnAOoGEiPsN5hBoy/euIrTo
85iZSeUuJ9JE7a0gvaluzU0jOkJ2t9XUEasH19Ia6cmpVdZNSjs9aqe8TvEOjiHZ
PGIa7FhEMBOsUGqkjn6EhiWQca+s8Hggdf3Qrnj7b2RO+6OXZtvu8wvvGxDjc/OH
5c8b80U98iYs3SNNoBNzcmcJ0G2n5UHyfrHoxmhTkWm6EUlsrLVugNELF8YwQrzc
q1vF93j7YS5VETxnsV7pHS+AKlcTjeSgTRjHtEMGEYIc16tSBNKD82bHor/bxXgv
d1/tqONTJrEA1DKDYbKcw7RYsu8EY63QL63zPMEXA7175m1QpnZLXZreTxefuN2H
9PvU8nw4EqBmBZxB+L//pS06XrL6hBnMGvxg5vAo75myuYFN3of7LYj5Nxiu+J2n
xEKvEpHItOUJAr+7SX2vqvzlib/R4i/1nvLKHchEXPeH9Ik43rpLq0pKaSj2062S
XNGaDl6HvtzlY5NYKc39g3ShAgCKynkD2e6Frh3GCKTzsgYZr+THwZFFY/ul46l1
ehySWy7lt7rEDCLhWqGik4rr4BtekU3/D7DltXwFD8vwkuouRPXIM34b5yVLRwCh
whDHOco28BQdyAwZ9DgsqXin9301JhOS5f77u9Vp0GzFRqx6YsBgC0yrd/pg4GbW
0J4CKxYmaB3haNTNtOmr0kzG9S/gea162sJUVwbb03PqrkH0ZR4UO4F0Gi1ZJYrR
BZhawkwS0CDisNTdi8tdu0yPKqqXi1x89OD8vRmbQQBYwxzgxjQRBC6cy8UPJyn3
4LtXVrHPbG072z05s2dOSnfD80GBotp6d3XORsmHPRYlq2xCwwIs0w1kAYPsN22x
VMz+MPdiO3u6eCN5RZnvl2j7pNcclw7rCwLmUrlP5qE0M4YNAPKs+l0bywCwtHzj
FGqpZPVbmkQ/i2DFZ3OieFShg6LU/4Qw357/y6+vGb3Hwq+4wjf/WvKsQ+5sJH41
TTAvXzkGOG7KactMrM0mtwgKnhJVBEIctKwsBZj61ufECWAP0XVPqaZqKYDmyDNQ
/PacSaA9bsDWx+regmCe7sJ5XNokXXA0RWQQiUc8BzbarD5HR7W3l5yN0460OP2W
UzDDaIJ3UJ6je1pIriLfa5VkUyJxUFI1hneMMeQOE9cLk7hSonnRYaDvCl8BxFyt
/x1xPuXZQfcfDgG7OjHl2dFatHqaBtafcpwf5Pg9vfaAmrJXDeo8UXu0HRtC60yV
FGqpZPVbmkQ/i2DFZ3OieGRxw8k2u5PTrLvd04HE64m2FVOkBZ2Zy5NRcoMu8tPB
0uxpDUcznaDVOYseR7BpZwgKnhJVBEIctKwsBZj61ueUBYZXkZpxZZaWA3UWKnaG
rmYtiBz5D7nN6do2Xi+uJAJE267uImsWXuYbcsO8HvGqairoDUMXN2ubW2RWfCkh
zgg9xsO2P6tZwbjEe36QRHGPbvxRRwEWsYdn6FqT4kt4VsuA62VAA3KXHnCcOzDF
iC374X7utut5ykURlxZUoPbXXLNNonXEOmiMAJxoiVLse5baOIUTqrFDVDuAiRvx
C/lNgjUsF4ZI685QNsBMIXet86RrIOrBCTbXwMa+866DtQG2ASnUrJaLNckOqOT4
m4pBZ9mN2dOusUf0taXUPe4WuAWRABv6UB4ihea+d8qVHb3VRNDlQtjzSV206isS
sO1ZqrZ+6rcXwijeiKYftME9hH1gWnmGs9YDkxroBZLLVcHFzGoR3Ao3EgIzjAZ9
NCPa4RhgixyhojBGwLqSU4m8nrc1ZgPZF9W5WnklyJHCXTCvpAunZHcabCVzb9c6
oOMUqkhRwrwTqCe/nZ1AhHJ5O6nFJJH5tK2hsecmOOtfw/FaUsFYW/KyQhw5AIuw
7/L/ibohxZQeZmIPWHSjdF++9IYdWt9ZE41PePJJ3J3ewCsWn0RThuL9UBxm10Hh
z3As80MgalJ3Vn2OS3XJPyuFX6akm0yD9wQwdjjUzIcYNFUTVNJhglySiUmuK8+C
IVMeeAg7cYCDGqlzgcwg/QbVTBU2tUyay5b28WGQZXi2XXkWRvWX2Zfs+KaqJEGN
l/IMpD2glaz/AKRJW/N3ODIXl0kTXKdI76LWB14iE41gaNqUL+i9dZ+fAO/lbcLx
hm7ah7r9S1E0N8t5oddfymgzUMgYOadWXtTvOZ1wq/6WC7tm+MgVqJoJNEAa/+BT
8Q5OHkKgveSkq4+kwD2F+3BWbrYxZS6oTLHLGosoO+iusTATYbxbAMw7nOSl7QDR
QwjY7EzmYuf2lA40OEshjUbOqbp/9sDcziu2bS9lvNmetWNnEfGqwq9Q6P+DZv43
Da4tBhxqgwmPBM9Mi5rwqLfVxQ0W2aJbe4CXzmNZg9AyF5dJE1ynSO+i1gdeIhON
TbGgdmNZVqurUTuigZ9k4dmZW0HAG33wiGdEf37d3HpkxxpUumlC7yt1GJizhuT+
vod7OGkZrGr+Kueb9BrOOZEoStiNTOHzwsA0ErisP2EHxiwOuY67KTGsgGnUZlwQ
vOLKZPuI6QbmCfrkoS+GubUeCNmQ8f03nLmGixlI1oLcxHP2IHiqNW5RZP/HWivq
g+NWcJi/vP0w18QcrUbIHsIlaF7qpLOcKdNm6sdwY/1bfYVS2uELBSK3Yr7tgEtM
OV6s6X9wM+l35i6OWi6xsQzSotqtEoRJ9kFNXhMQgP6fhwrJzkaxF64iaQ6DXU1+
k+C9mUtutsABd1H2KuU/0CV2UUHIAg/qM+OChz14DXbfF9c1YzIGd46R5+0aXCGk
6G7X/L2N9GVfw2hllFYnoT6CA1DqZbcrKsu/oUCy+eZsgz2lwRVWGt+ndHEBe8jL
eupjmQj90ePwaOqPrd9FoT6oCQaoAJpK0vR7Yb6OEPItUAJpm84X6ScZYoNv3UI4
r7f3rPbJ/16N6DnnBMybJtR3fWsL/xiFXroSMBEeycu69OMf+d08acBRP1re5nH8
tQCPl2BSAFRFNDk7K/gxKFGrnaID33GHAUI1j4K97bAQFvn15jQ0JQ1Efc4JOPMB
1WVXrU+8KtER+Y8QgAwDGah7bz7iydiREk5sf/S1wnAAgDEVwAZsVto8kwo/ASXa
QUYKe7AH72J0in9XjM0kJIKrWZm45+S93FO24AeKDe6A21Ybv2OT3PVu2sNc6X3K
Da4tBhxqgwmPBM9Mi5rwqIsQjd67QhEHEueBNgKlyWhunlvihSyCCkjsIjzp8Njl
rk0TxMoeA1akVTjeU7Gq2bWOXbejl9oH3KAnQLq1qZIeqcjJHUDECzIdeQC2ths/
qOn+xD9iDork4KOHRiwDoVUsaw/BNqpur/UK4f11oUMBLpgtWqSSw6hCDdgAudWt
gcNvwTKhxyG3lHcA8KCBQNS5chWb06FSROk0wYIAjIN9KWSIn7XENdbww9TPZ4ZV
uuqlw8muXXVUQmWOcT6QSTdTPzlruONrwkotdkwjKL7lvpf6cNeu0TeIQLBmu22C
FN2qBUJV68x5ooGhjd59xdXHQKg8dZ2ZaeLXEc4Xyv9dRNC0qDDebi1KtV5x8RZP
7/HkNG8wAeCegBI7NqMIrsO8RpqM05/oarE3WIYYtkQ5507pTdFTdZlIkZjfguCK
5I/NhaJobSOKTHy91G2T/ID1vUpmIU6pUjTJw0iTl2VFauXF054lN0Pd69yoNB/R
JsTxnozXOlC2EP5h3rGOIk3t/ewcFLWFSJfSWcGFZHv42X2Sr9+T8grvAopRzHnb
kFkKK1LIZ4FEqxHsctzEL9HO7jCfE2F1aWhjGefK0bPrJz3GqbBTbe90Ge3IP3X9
rJRlhWOffskDCNh1fAZI4R9pQWr7BJ23xwbvg2ARDn/GEWVOxh0kTS2FkIt/MIRi
G+MSNjM9m7XIvlwKlXDkbvU3eLXHSzeyTvGv4eDfDPNRckw7Z6Pn/YDHCL6hBMhn
/+xMuDI88yikXEDyM5RsTsUKPjo0NB42LQM0aKEZ21WderA4w6uyQgRmPqbe5tY/
LM7OGb09dnFq4K/rOUXRvkO1CT8Py5cQ3K+kOg3X+eDpWvugByAOO87BxS9qtvm0
z8X+W75KMVX3tjzCVT1+NsAUkPMIc9EtbZ194u9GkhQziYIz3sNS1UHZ7xdIiXvz
UYPBnqtrmGs+p+kW2XDPZ2np812BDuiE7MIz07SskIWBw2/BMqHHIbeUdwDwoIFA
1LlyFZvToVJE6TTBggCMg30pZIiftcQ11vDD1M9nhlW66qXDya5ddVRCZY5xPpBJ
y8tCoAbIa2j2PswOwlgiduW+l/pw167RN4hAsGa7bYIU3aoFQlXrzHmigaGN3n3F
1cdAqDx1nZlp4tcRzhfK/xYY2CuKW9wq2UZ07+fJqRgruE5m6AjBlmo82GBPrpeO
3xfXNWMyBneOkeftGlwhpMf2fm6wfO94vsVbdBTB5hfsrv2Mn1qIkh/7gDlaOWMR
bIM9pcEVVhrfp3RxAXvIy5zy0Wxh+UNHzcPuKiZ9l3k+qAkGqACaStL0e2G+jhDy
LVACaZvOF+knGWKDb91COMGtUT3MN5AJWduGC3EN+MLUd31rC/8YhV66EjARHsnL
uvTjH/ndPGnAUT9a3uZx/LUAj5dgUgBURTQ5Oyv4MShRq52iA99xhwFCNY+Cve2w
EBb59eY0NCUNRH3OCTjzAVhLOLaE9iJwPb+XZMLovQSoe28+4snYkRJObH/0tcJw
AIAxFcAGbFbaPJMKPwEl2kFGCnuwB+9idIp/V4zNJCS+JuVSLZPHcsSt7dqEPnTs
w+Xs4Jb1zAr7pUdrlqqWoL4m5VItk8dyxK3t2oQ+dOw5VD6KDzfN1coAWElZDzTo
sS7vF8tj1zMC25IcKILtYdJWEJZQBedQ7qGZTMyCXiCdOyoiHPksWBzheg7wrhip
NEHZQkko8078Mjw9EdRVeabZ4bRLBW2U8t3njwQCUlydBAKrQMFeT0MPu3QGmI5i
NXaGEm7GIvqiL6mK84rFzocH2If7el74rf3G2nWqi7TaBWFn+/l+/lJraYPd27RA
wl0wr6QLp2R3Gmwlc2/XOqDjFKpIUcK8E6gnv52dQIRyeTupxSSR+bStobHnJjjr
tbQG60Hbze7MXc3TCDY9R44LMGNg3nqMBRnVDPME84dfvvSGHVrfWRONT3jySdyd
3sArFp9EU4bi/VAcZtdB4c9wLPNDIGpSd1Z9jkt1yT+WjzUafrCVOZ1scB6OHphM
GDRVE1TSYYJckolJrivPgh9BYEa/E6LkT7Q4ekCKGsooYdZsGr34uNKOnYc0Ip2q
tl15Fkb1l9mX7PimqiRBjc/of89X5kl3Xrs413H2nveRsAnEzMp4ZEjEA/EdJM5T
YGjalC/ovXWfnwDv5W3C8SAisSQZ1CF1c0tIbOJkAB3HSWAFJBz1ODtje655I3l1
v3cZTN/yVjPI3JcsdEjmak8b8epXxHq4AANSO40zzKofZUmlYWd3kIhDk0r4JEly
s4QrrFr6IaS5XbgvT624Lc0KGaKYcU0Oe2BeKrL0hynuzlyEshOGEpnMm9LbnJOx
YJMH0AVSrgJ+C+XRYVHuc+EH1YiwdZbG7T1PIWM+HfiyoL58QLcyQ5tuJxGnyHE1
3VhD6G4sh/sLIoYM8PqmMfWZIac8kZdux0wE03eA0oaVEEDJZN5W3cdRznYrCT9o
b2lSj6RppgOxyIT6NWhuq8uKS7wPhdqzD250sXgR7TlFIrYejTVxyuEpzfnL3HJB
tgsnTscl77th26Aw17UD1M+6FbSempmtW0vB65rRVFCVMWvZItsW6t2RV++F8MSV
h7xzM5gT/v9qNd2RXzupcxBM+77XoiAXjfa3i+w+TDCBw2/BMqHHIbeUdwDwoIFA
1LlyFZvToVJE6TTBggCMg30pZIiftcQ11vDD1M9nhlW66qXDya5ddVRCZY5xPpBJ
UmvxX25DHiQLPnBCXXySrOW+l/pw167RN4hAsGa7bYIU3aoFQlXrzHmigaGN3n3F
1cdAqDx1nZlp4tcRzhfK/7nrUflwfXeIzLb7ejLXQGItbvyfK45sf92RM4RzxdHD
HSvTPtSx6MDfiYJPKLZL70M3HZ8IRCPH2tX/qaKUOeL3EcfFttFqAvSb5G/lMYQ7
gC+WlfY0XAN6kPj+vOE61xK8PAH1+/1rG5xEZo4zRKQehDxIzGHv6B74hZOmOlpu
pZsO46gDS6v8IwgsMwKzaS7j6dEtC3JoXRH3fbjurXDZ7Mj8s/VBnEzBn0f11Mu5
EBewlM2Olshwfqypzonzjq9sebDIlyoj4mpICNVRyHSAZXLBvX68PYLK4HLVZ6or
cEZCb79wwXBvgmWIx/QnVLQiTVtm5hEBNH7R4uYs6Pj5fpf1rdNKyVylRE9fkagx
pa54IqT1x7W1T4iJhKWSevyoGuMnd3CIxF7C1sRrTZaPRz0nTjpn6JhlskOIeUns
OJ6x0VgkK73dr4stTJ6tr9ELh2j3i7jGwfOdvogcEw9bgGdsN5RohVJUcECqhRX8
2h9PDubsPAhy8EI8Ok2ylDEJfKeQNNH6NKsZgg0RFTbpWvugByAOO87BxS9qtvm0
z8X+W75KMVX3tjzCVT1+NsAUkPMIc9EtbZ194u9GkhRD9cbb9YuqiOuuRXp0Hw3z
F4vWiGqG5JCSFN+wfqOJRigplS1BFVHxOFNaZ8W8PCJMAgEuls2l2uuybux1F/9R
QBj7tHoLUnk2Td+NCiJSYGQqOmCrkicdGc4r5HnbLziORgMpFIoINbInJyvn2Quo
fknD29hW9iMA+ur0YBFtfkoX2SPTgKuKR5qQLd0lmOD9D2PM2wAXixE1zABIVWEA
3pZ7cViGq+2fumDPGP7QgqMUyMg44wDmU7dm/aO4ZOHBAzF611zW3qhjNTE/mefY
uhage3S7pv58fEnsR1ki59zuq5GLYLD4IO5GonwQnT4CSM1ikATb4vnZVg+kExG0
ALkJHcNAdqQwhDAJ/boNV7NabZPyn5qXR/TfdFFMbpSEKRrZMO4H7WiaU3wVtFC9
QRvRhqQtZaX6eFxhr7+n5U45Wfj3WQApZ5jCIeKwrMtDBSHmnG5YkJavA0Cw1d04
twTBtif10b33FrgZSFoVqqLIk4uaI2Uk4vbs1D14U9q/j/kcGhi4gFXfPXeb/rcN
/gX9p7Mpftg5fuHUawzZEKE/2yAXwlA0wBWv1+WcRplmYfqvrQLyGggk8JtJRBl/
QEBxLaWHlzh4aQ+lB8xa/yT2/Cy8XTEgpGsQrCqmsBhA9/QSWTmiXYBU365PRwB9
BtVMFTa1TJrLlvbxYZBleEcmtrHD+QPJT6oykkDYX/mZN5M2ent/axYL5s/PIp+O
VdB2lAJQ+RRb4ymg+DHrPcfVHnX0IQ6ZkXmgAV9YhfEliTtg/Q1LM/Uw/zUb2O5l
NpuShN+P90t6lalAYyWOmq+95KSZHawIn9ce7qBi3RhyftVaQtMEI8VEUw+QTPK1
iHPlshiQK55Q7JRPR4ZC248W1qNRGTvXMpVhtOBPDNWvfleg6K8/RwMg6azEU7jL
uv2FD7twqzve7MfgcQQRq98M1k1hmK5zq7Q4hrpv6DczoIXYrSVet4suQ1cBMKp0
+Nl9kq/fk/IK7wKKUcx52zyOzRUUqhN/2D93N6qfTuN7Z4WzBgdraQ5dgj3ogNQw
yVHGjaSMDaIvRlhHhh73KOwvvID7dchoVI3+E7ceslrHezPF7t8YivLf5rVXOF9t
Wglq0eNuE0s5/wE4NvA+GAUgiNil16RNhJqt1HntXb8wY8xcryer8odeTWEmrCJa
jywNIprRNcQceyBF+pbicjhkT2w+EVGqpeRSohdeVjs671UDm/dx6B/rS5nQn4uv
rj7bDm+MPEkNhuidf4xCmgMrYPvneEH4OseP5t4tyTbEPdVh0Hi7EwQBl5TvwAQR
xUasemLAYAtMq3f6YOBm1hWfk4cF8QgOlKkjQj+Odn9MxvUv4HmtetrCVFcG29Nz
JWtVwSzx/b9xutrCcLxGznqe9j5Y00hy8d3GQS1pkk45NsrVqISCCdvD9nLIoLz5
ji3mp5ck3cW4YZRc/UaeiuC7V1axz2xtO9s9ObNnTkp3w/NBgaLaend1zkbJhz0W
JatsQsMCLNMNZAGD7DdtsVTM/jD3Yjt7ungjeUWZ75d9K9D9LQWv+QVuKFr+Ceev
MhgLtoV1sx47r9Hj3v5HRv/YggF8eWHSQU8x3sR8i+MB5mWofDsBUsu+cwqyp7E+
L/ClLgDJmd3oL54uPkSryz3imtw9hwfSj62qLQnI2ADgIci9Yo4cZlnoeNM/1SVn
5/veR9XXjcz3kbAPl4MojFmaimqOeTx3V4rrsGHplZ//2IIBfHlh0kFPMd7EfIvj
rCdMphfUJvtOAJwhAzuPP3YeYRbwqTv9COcTibmrI3VQEPIzS6GBTk9kKLQjp070
4CHIvWKOHGZZ6HjTP9UlZ8wAUUZd5ANtv540FRHM+qPaorPqI8DMZaRA01KsR007
2SKZ3uXkarO7NkArjymXKPc0THpVVee9p5Yq5/j0KVrmQ40yR9k0s+wuV75Rn8Mi
HrzdFoZGIH0GtaJDDP6hFPnBGXtxrDrbuq1bSMtmMkk4KA43jzvXyj51c4HJguJS
9tdcs02idcQ6aIwAnGiJUnniZjfI0fLkFhvo66uFNd2gUAJite8nl4Y6Y9rytjNu
K5qhN+ZY31n4YI/zQZQhQPvi2Wj8TgV/D0eEHfExNl4uoqMZRqYckKzN1BCS6lka
6OJmbcQ5//rMflvN1TMIZIVaPHQJ7coHhPuyXfYto1v1vfLaROj7clkHYn6QbJOu
/9iCAXx5YdJBTzHexHyL4+uu25pWf5ATNC8gsWDjBdS3l+74s/CQIH20V9H3yYKL
70N1HaWdTv3aK88E4GuchKFv8elh4dxGOJaN6S6P6rPaP2Pd8Pu/pU1b2Wz4EEU6
hstTczyvxdOBfG8UP/HvFe/CBpNW/VYFrU0TCcDFzAeMOsRyauaNxsbRGyJ6lAqU
InGmwhrIg0RPTr9EAZKoM9sI4bdSPO5wV8p15ya1Q2kdNYvV5JMC1vBzQhWPp4dk
6qUKlnNPY00gSVAj3CnR1w3qteHndn3KRstbk7mtvI4NQWWQH+8vtfeJ0VoMIYJB
LTHekQqzRDJUNZoZyDwlTGgzHQ1YM9CFPU4+nW6NJPmSWbRy/JdVR+na/Q1ipwXM
gGfU4EyWuw+mir6azscJymHB58sEnrtN0nzGnUUXmo6w4Kvx2Q99MfRQV3doS3OS
L4AqVxON5KBNGMe0QwYRguQE27FJkC00eax9x2eLw2/mnSy4iyNOVnyT9nHxqdlg
kSJpr1eJxu5RnVOefFj3fxpqM1Gwm7GemssEQHnlNJqRYdpAuw+zoZQkaJs9/6Zm
Vz9eGaGXKokEyL1qTMqkaIo04d9BRPBJRLwUkH6P6om18RTVMUZLwPzcykA+hUkp
8euUm3baMTsuGKGt+vTqJ8MBnfBRCzwu2kZnbWo3aWi4spHpyTUatQuiNC2gM/2j
u82EZZIiz0yXREklbGvdnp0K1yhXneq9LxRxaXtG+/vOFOmtB/7AtIXi2tVnkQZv
W4xltm4krVFSOaJiXSOygiaB/uLv6SjCy1UCFW15v963onW306bBfRQio9WVSQ1d
NALuXT0Sfaz07kMpxt75FgaFVOEE4K4bcPGpuWcUsamf1qlsEmdnNzZjq1CfVtIg
yVHGjaSMDaIvRlhHhh73KAHqX+DDHJ92qpU7LqCt3r35HnzST7E3EfbOXyEFtrpE
3w7RfNGwh4aNFDT+emq2yMgE1KfLx218IFe7acTdF4N6DI722oaV7SCYTtKYvVkL
JdZtcF9X2R8MhCXKpppIjxCjsSme1yj3B3DS2VhigqcViIWbUeFKtCqlNyxCwKS0
zbJDwFJF4I2A/0asMKQoMuJMgi3USG+nrzCD6XVk59hgRNlgiP353kgcZXWRWGNJ
IPawcVmHRWMpg6VChMTAQUB18Jy7MY8E2eToIMLz6Iak8qlKzrtkuzytjkYJkN3w
ft8ejqKdYlLVWoelt+/bgzKJu5h9Cloqtv4k3g+7GFnFFqWt5KKS4AL15i/kyoaX
rT2dAhJ6rmEOXF7zaSmEmH+n+X3X3Wt9tiYDNM0puTe69OMf+d08acBRP1re5nH8
d63zpGsg6sEJNtfAxr7zroO1AbYBKdSslos1yQ6o5PiIv8JQQ4no7MiN5i5uPBXs
MQ0TuR0v8A2Ts66mUzJR+Hqe9j5Y00hy8d3GQS1pkk45NsrVqISCCdvD9nLIoLz5
ji3mp5ck3cW4YZRc/UaeiuC7V1axz2xtO9s9ObNnTkp3w/NBgaLaend1zkbJhz0W
JatsQsMCLNMNZAGD7Ddtscs9/1p1+bo7S3ukWtOe5X5NOL/FXPWuYm9AD1Uo+SrX
9mLi1Xo78AKjU7YmIQMJZGFLdv2zW60osv55RHIxLd6WXMEKG4lszSa1j645XpXh
/pXCjrU7Z0BsLM5Zq0C78iUzEkMtXaWJ5zUlkke6OBMyRVqOH0oeAoKvLh6E7sHC
aGfqv3/EvLpQ4ZaFgy1Jyf/E8WGcAGPGGdSWAUN7D1e4IemBRztk49brkB1c/BWK
gnmaFPoh/xpnp6N6lgVJ6DOQYpOJ4b6We0I6gaPdFdd1FnyG3g7p8ZETB0tHPhr1
Ky39qrflP46SujmscjjU3bUiIwGoOrNoJtL5eTZJcD8BLHcHn7TdhU3hQYnGPFeA
j1bd9oZLH5YVwsPShDBkRcP9Cb151eWaCLk8Uj4BdsHV3/tfWKmxhzg7ULdHKnn6
09LK5zZxT4OilBDqfVOA8VQNeVJspsVGjv3+mbJJPiL0mHNAcpyzzS0fkkbSqIs6
rTBxUyh35hCQm5k5jverogAD5UKUKTKOeSic8w0Snbgr0hTd+HHOK4M8C1ezxP0/
t2IKbvec6f0EUadmInYDs3GoDcSMi0t9K4AwbmR+HZTl6t3GULGA1Qb5P684rQhB
L4AqVxON5KBNGMe0QwYRgmCTB9AFUq4Cfgvl0WFR7nNwvOu4T+BSiK8mGVZqQi7R
qHgguU7MDTgltSQGbK24iJL20+1uMI+cPRLkg0vcAH3uCXKcjbYW3zl5DPAjo283
Ctn58CtfcXEys7gn/FS9U8F8/rtthNmzSBoXUYEKG89qZCknlkJd2vfhsinDjErr
TK80iDagGHMBqG0VdUO6I8LcBq6tMntXG4V+VH6xyctsA3/8EX8aNQRtH7gx0J4t
YJMH0AVSrgJ+C+XRYVHucyjBE1nj4bctGMUdXHYPUMnPRVtuEME1UOKGAfI08f5i
tFZ/rddZzeUySJDsuX8hnMtuKYIOOpWk8XebBwZFaYT42X2Sr9+T8grvAopRzHnb
s1OIE3TEaGTuTnfApoIG4bEEclg+/kFv9YwVVKCSbP8SqxA7Ww0DQno0XgCyVaWN
JOll7op9XpvkJo0ymASzdW5Je4tQqF8ix7VweGsvcVovWrzbS3AsRsTaTpD7sZCX
/o8mmaL93mOYJ1gWh8BCS7vzpFkiCBKyr/ljeALHFbCS0XeGpgwxBh8gN39Xv6x0
Rnvh0itA4MQYT40TPcIKRK4YAajNs2HSZ+hm/wrEU2YsUbG2y0+U+15RiZjcKlkp
JXIK7jB1stDftOuzviCCsZQtEio+yXxSHqFAVUtC6HNFcKqQFN9qo6s+RH2BDa9E
D8jZ58H+2zodFGZbDHI4ev6PJpmi/d5jmCdYFofAQktIKXvv1SNtU4YO0Xev/mG2
AQzkyHzw2SaNehqZhywp4HtTEdoT/32PIy2XnttUWzgl/vI4D8/AmG/2+wolHfV9
G+MSNjM9m7XIvlwKlXDkbm4G0H6cKEhhdsHpBENNNlj1OPkxbX9oW31ADks8GRgS
oiqcUyArm+K91GYTKRZW+asIYukMx7wM/AiHhQzzFvp+CjrCEu1nO4TOiZ7C7mjr
duxrHPzHX4L0LYfR+cDMcSudL8nN8ahw3JKGSGFdFdCI38awkT864Zj7Robr88DE
43p/Kt9ey/zos/pG+YkMbQUhkdbhc3O752tgOb8tTjZUtFq5lXCs6Lg1JKUAX64m
6aErEVosol8bDzaT4+/b20CtO1vTYk3dPpWsj7r2IHG1sZXPFrAOF59te3TJZ7y1
cLxPtWvoETTdHtH691h1E5SYQWK46yfWDzaXeZ17Os9c66wq7a7BpnoozbCHg3dU
87+tos1iEQ1pLluA1LPPUkqSVkut57tEKd4/S9If2Vcjqygpk+XhdWnZ/Y8kqmb9
im4IqPK4pERIAh6K6ZEG3ACzjVA72tIJNuQPDsTu/VFAzSTXY2CJsjSFkgCmPED8
jnA5sNxCVjvxuEcb+vVQ3HW1rjmH1z17zFmnPHzj7NpIozisydRcz43mLm9b1SE1
iGvUDdfTfW/WwZajqKESVpLGzFNsxap+ssZxqG97jnpLB47TkvZr/tYgmnJ1tTcR
T9udGG7y+acH2J4nAXWVdBW5rttD4hLp54cyRSo2K1nlVApMaLai7FQqu3eUQXaL
6s8Lh3u9XO34rH7F25ZKLpbb8jd/59m8SA7kbtZei/rDc0O9XfXfabyYiAARGDzW
tMkacW/fbrciKOIk+pfN7a5o8kccTm3YnYjb4sm9avoioIMAml/bIIdHe+mpKuhT
KA6cQWCmH3xX0Mttr9ozM/l+l/Wt00rJXKVET1+RqDFW07E5UyzFc3V6BoRElT9s
582otSvsDDWe+5KtA0PRtXjk09tY7nQ3KbVccA4wKn3vU1KHZzecGKF1E6pZ20uD
qAk/jcNcvVrQZVQmi8zdKdr/9f9VLb05Ly0dhb4s/AokraXN4JkB2XTC7uJFsmNE
PTns+zt+hihmqQwzm/yq3TlkEN32fnEiwajcDtmaGyXsjkyW408FiTb1Fmuf78kb
pNeviOzj1M/8VlI0skWKhqS/0TSaxMXZRiIzgR8u5EKwapL3FTTdp6s2F96AVNjO
Sk7XJAbaibXYNimJ6oOrTcJdMK+kC6dkdxpsJXNv1zqIa9QN19N9b9bBlqOooRJW
UL49d+zmBQBjVWBfTe0AoKXg5S1kuPWJyvrvkH8BA4Z9ifGUgArqN8TzwCx4OEou
uUvVYcIS/fdNg6HLAfvkXXHs5cUaj36La+7qlvR0mPKoBTO7MMaeVr7IccpKaSqp
SCl779UjbVOGDtF3r/5htgEM5Mh88NkmjXoamYcsKeCVtG2wfDyB3K27sx3DyIyF
xhFlTsYdJE0thZCLfzCEYhvjEjYzPZu1yL5cCpVw5G5uBtB+nChIYXbB6QRDTTZY
9Tj5MW1/aFt9QA5LPBkYEqIqnFMgK5vivdRmEykWVvk2jnGWyHr/mRoZLSDgJd92
WJVZ2py16v/8djc9uHuApcYp7FNlTIK7X3bzg85CsPutfmw3oK/pHBJN6e2kjMVV
7WUudX613Sgq4WM1F6Cl2FiPKc03bto4VI5GFkfV8VIFIZHW4XNzu+drYDm/LU42
lyEZ9OW9/ZSm5deFQMsHmNz6QNOzbkntAtpqrUQcE++4JQcj90JYkryJySQfQpjD
tbGVzxawDhefbXt0yWe8tXC8T7Vr6BE03R7R+vdYdROUmEFiuOsn1g82l3mdezrP
PmVAGdJbd1az62T+4InXUjQj2uEYYIscoaIwRsC6klOJvJ63NWYD2RfVuVp5JciR
BlI+0+VUz7vszaUxuLZpGi3g/oNEBlCqiTbA80uEr7PlbeRSw6wGQxqQ2uvYgv5D
Ob4ffMWnk4v8vEnJqJ7MX1uMVvzbLpDHNNVfN5W2ad351apsgtC4YStjX+nmO+9L
DmXbYh16+/XwkGkA6atck20Uzmu2ao6hcGwWPu+XSUKuG5ofRpA9W+jdSKksP8KV
Uy65Vp2atq/X7JgWtZUhsXTrw3x/XJ83AfDHrpccmu2kNkNMuEjDOFDjqpgAvLJ5
LkK14CThj3UQ4YiXiUXh+yyzVBptc1/kjovdJYwI84GJtAZNdrTvBPlalXpdWNhq
BXaJG+gHYyklwf+NBg7Dxda86BT3MdG/n+chodXsmC/k+stt7bCtxbC8RpdmmSqW
bPI1c8jFEOn4ZVRNPzQIncO3vvWk3HNIU+ANWXNHYRqbO6EyT16NjGoTdXxv5D88
Nx1HK7uuM5yZoqqjbfmyUJpIqwLs/x6EcfyT/f2MIVhZ5JCiCApPV/Lcp38BzcAq
dG5kJTWFK3Dh38L+MYEy+J7tX/LN+fygpHrcNgU0c7J5pNZIDKVhDcS0P9BR8/XO
AXYlF8O2/OxNB7Sqej6OXl+y+aw/9WDXNmh5ySRZZybCJWhe6qSznCnTZurHcGP9
zLKdIXCMNF/6UHA7i21f5Lah/BD7uZQo38oec7XU2McHEZgFhHB2I6erb/ZpNfG6
ahvJLjxMlW9CCY2k7CaldHLVP7eb+aYc+7MQv+nmUle+EPvQPCdZnIhx0RNfSKHe
BXaJG+gHYyklwf+NBg7Dxda86BT3MdG/n+chodXsmC/k+stt7bCtxbC8RpdmmSqW
zDp7a3XtksyENJ/S+lu5ocO3vvWk3HNIU+ANWXNHYRqbO6EyT16NjGoTdXxv5D88
Nx1HK7uuM5yZoqqjbfmyUPolprxBNR9YpKUhMIWPxI/b8T4lb1Plq+T0LjOHHzXO
tLmRsAmE4H1t84ZGUoqfuNWIxbQBhtOvgJuZRmIg4bTd4eSFH/mrYhhaCU49Lf5v
mdvCmT6SNUv7ZB0kVfk/l5yb1LPJnZ7QMb8PwRJK73JmbW2YRM7C4txyQ4UrzcKb
Z6Fftk3Nc1xp3HuhSTMcI717kfYblS4Y3e5KvEyXbCT32PN+ZU5X4F/FqnJNil/H
nzCffWVSDYkmNs2hevAesU3lYvJ0otKWaknaMCsJNaNbNcZ6rPk7RuQt9Z1vF2ps
rvtDX6trGeOJEATrS7/YHU9mTqttOl5pVcJVmN1OuLssMsxueZyy0IMSP+ZHVsH7
Wma3Ao3DRnPcG3xkq7d1JfBzkGaWPD6lH4tDkQeaofXQeH9zhYAc8ffhpkoooXmV
w5XzmQqVc3LuFxELCv324AAzGsRNM+KdpO4LiVSFYedSgs1I1RjUx483y/Z23Ro5
kOpF+emhe2dMd3FCPWoNyvrkOmbauD9BOl/iaur4WduPFLrrO75yJOXtx9Smc502
Ij0yJUNTYuP+VyuRrvMMeuoP5vPWUi49yXvzx9F5WYFk+jvVH4FQEMnXqy3oBjXg
orLC8/jdo0LCocPI/4xrC4jcUcrl34gxwgAnAfFLl4EkvXRfC1j/uZothhmq1kSf
qEWa11Epl+9hjkUkPL49obCxMtfemh2S11iS9QwC4FOchA9yWq25fz42uAtFbg8f
U8mZBgIlLpx8d6LC3ItV3llymu9CwFz4SDDjrPNrW/kVTYcaWSAKKkVInPChN1BJ
50+95ymKoRARCZ9msnwIhfZtSVOu05X8B8h96OVO9pmrU7fcM/wqNaxfLjUllgCO
iM34qE4vqP52QkJrfYvAqDkN1Qol6QT5UlDaqYWHSMxMD2Lj5W8138EvTeYimSBD
bYfWglG4V45A/u76eBiSR4WYjpi2/Mtba9hMPyEU63FUk65GS7UZa+DEESNY+t3y
98BpJiYXFJ59ONoIpEIo1pnbwpk+kjVL+2QdJFX5P5ecm9SzyZ2e0DG/D8ESSu9y
p9szZX+kct82/GL9X9+YPakESFKqXJubM7qbgTQnWBoR5SGqtzihB7RNx9Zj7W/Y
tsoMA0ZDlSgKvx2x8Ki32SPjD+8ctftuAulrTtZ93GA8nhQg3AipVBlZi0qLognd
Abc+sbaDZt8yIELV49phRIlLzaO8/jteaMJdmfifbqed1/7AujI30vnR3K+cucRO
nIQ1iNgEAYJySepQ+mFE4Rn4wiWztlkUgvZZCRSOV9G5v2fj7uj+I11ZB73eT7A7
sdAI/ST/NtGPx0Ouz3JR/Be9DfaITewpNZdpaBWxK3H8OhMoORkqkx2Cio4midOM
qRYeIlu2h3abQDlkVnLsgzvs2xgIgAEMtjTvNGBvl9fHfC3cTaN+V03+h2PgQDjy
dG5kJTWFK3Dh38L+MYEy+PfGOC3eYNI9Hm22egn6cr2zSLeaW3K44Acd+RoHIqzx
AXYlF8O2/OxNB7Sqej6OXl+y+aw/9WDXNmh5ySRZZybCJWhe6qSznCnTZurHcGP9
zLKdIXCMNF/6UHA7i21f5Lah/BD7uZQo38oec7XU2MdGRVkq70f/Rh/unVt6KuVm
p+a1hUAc5HWdsBqJrtHz+xDQUj4Z9hQG3gkqONTiNxYQkcu7vKkmlSXTx5w70bCe
jAZbyxra7YmVgmygZmC3nVIOKHPvafBUNtlhLkJx7IN+ZlIrYeBPTK1dpVy2WDxc
iv0Xy6YBnEFisqm7zI0tBOqNlHdOeh1qtX0vzbiWgZy8zF5jPqkMmQk9icXYYiV3
zHFhcArD+Qcs32iQ1Abf4wB0/3zt/JYZxO5XLveCz4u+QFNeZZtvjTKofguO4dBf
UNRQrrgqwGVM7fmyFK+jXBdqq39MwjEELumwCtWMME60vYC58/C515/hSpRQyTnd
tM6mEiBXl+yGG5rnuZRMgd/SR9qc0CODXri2QCkD9KZ5BuHQ+DcjkDnjcvEeqwhT
jTIQDG6egULPDnTwNdLrLV8uK+K3J9x8JASVJJEFtNi8/BM3x9VeZEKxrS3I8nZZ
wgHPaWEgDU/OQZotxZefB/HYmr4nWeTpsc+WoeP/Vt7D2iVYyPBuA29vcqGPNqwl
ap5TdHwZl5anzE7V+0Obm3REaeGq3sIQxKcLpNS3vtye24I38KTJviHMaid7VCiq
VQO6n/tNKQPlTsFLy5rLg+fkdKFLSU4Bof8h1kG87d0JCHvwzykjSeSprR4Q5QeF
W3ICyuGiga/UngqYlQN4R/uyJ2ZGncVfz1AyFyJZVi/0NgSKXpNG8nNa1ik/1Tvv
utr804dmhudaiui7oAY6LXi/M/10NOU0vmYtfX7Rz037HXs6ksR9ssq/vRGLn8YU
jf7nuF08e1zWi7Vh+uOpK7i9B4SOYsB9w/BbIWYFYz3Z9NybBOmWY0N4JAYkvQsQ
fccplAny2luxOPFSKJ+EgoHDb8Eyoccht5R3APCggUBOwOhbwGSzgq2Vu2rGLFMS
EEoi2p5Rm7zLUZufXq04+3dUXqUu91PgSh2hnqHZuf4NvM0blKIDQCa0iA0vWHRh
lYHxNcNhuN6Db0wMcmakxFczdLHUXHv85+rURuwhcte+EPvQPCdZnIhx0RNfSKHe
BXaJG+gHYyklwf+NBg7DxSvOZeZbFgnGmSMjVq4MCaD7bYpMiHVnBuaTQ+ZnMlfs
T7BYav3B7pDL3zUTRUub3mehX7ZNzXNcadx7oUkzHCOua5CEp7SfIPzlPxN8faLr
RVgonLQeii+WbQrfyBBLYJ8wn31lUg2JJjbNoXrwHrFN5WLydKLSlmpJ2jArCTWj
WzXGeqz5O0bkLfWdbxdqbK77Q1+raxnjiRAE60u/2B1PZk6rbTpeaVXCVZjdTri7
LDLMbnmcstCDEj/mR1bB+1pmtwKNw0Zz3Bt8ZKu3dSXwc5Bmljw+pR+LQ5EHmqH1
0Hh/c4WAHPH34aZKKKF5lcOV85kKlXNy7hcRCwr99uAAMxrETTPinaTuC4lUhWHn
UoLNSNUY1MePN8v2dt0aOZDqRfnpoXtnTHdxQj1qDcreYbdDejOuIlvsQTEDM4su
4+dE1IR/tJdYixah7AsHDyI9MiVDU2Lj/lcrka7zDHrqD+bz1lIuPcl788fReVmB
ZPo71R+BUBDJ16st6AY14KKywvP43aNCwqHDyP+MawuI3FHK5d+IMcIAJwHxS5eB
JL10XwtY/7maLYYZqtZEn6hFmtdRKZfvYY5FJDy+PaGwsTLX3podktdYkvUMAuBT
nIQPclqtuX8+NrgLRW4PH1PJmQYCJS6cfHeiwtyLVd5ZcprvQsBc+Egw46zza1v5
FU2HGlkgCipFSJzwoTdQSedPvecpiqEQEQmfZrJ8CIXvt0F9RBUGlDN6L2YsDzMp
LKVRObBOJCSU6JKKRjAqYYjN+KhOL6j+dkJCa32LwKg5DdUKJekE+VJQ2qmFh0jM
TA9i4+VvNd/BL03mIpkgQydmhX38XIu09FvX9medc6xjDDLczFYRqpv5odC6Ablr
y8BmZehk0+zGRA/IlgEmyDmAZrBvpx7eaCO7wByT+x84LCWoNBkLzjjSmsqRoVl7
OExM3UWsCFOYcm8rooRQxSylUTmwTiQklOiSikYwKmEVCqYnD8UeT3jI8Bl+bsP4
fMRs8BfQEtA1pvMq8SYuQyTJuBdO4Ar3n1iGRweaQvf8OhMoORkqkx2Cio4midOM
qRYeIlu2h3abQDlkVnLsgzvs2xgIgAEMtjTvNGBvl9fHfC3cTaN+V03+h2PgQDjy
dG5kJTWFK3Dh38L+MYEy+L4hIAzLmk+uWHOL3RmXpDU3HUcru64znJmiqqNt+bJQ
OUuR4ZhxrqPS9IOp9KDLsSXKJEfOAWncOOv8ZtQHfIgc2I2CLqiGRkBldlbN5E/i
xAJrnquej1JNi0mqixesfqFOHQ6dX5xKczVGHteZhxRv/Swp3djzhYU9rvLc8nzb
FE5V0aBDcjQUAxOnq7majEqxpNPtW+EWTFwTcAXOi+p0YNeHyVyvNZekLC78TEac
IzbuKHdt9pdfp6IQIRhppQnympGXGm6fm+HZrzp0S9S+QFNeZZtvjTKofguO4dBf
tdY8+zhR6QODUQ1Dd8w2l408eRtZINRvmAWS8AhGReIY8V3XFYH3YTxs9CSt5tdu
120Blb4Rq3wIEyMYnwfAL1iVWdqcter//HY3Pbh7gKUO6MEg47lEGB/YCvIyCQ17
2o/nfvo1x5EplNeLu/R42cQs8LaKR9bVQj9TUlJ/ZFaRZrAZB4EfLIcQE6D9i4bI
rTB9VblM8ztQOHsoW4Ab/QDviA4tnkjnHpZc5FbjyWy03y/oYLlSDI8W6dLcTAJv
VdB2lAJQ+RRb4ymg+DHrPQzSotqtEoRJ9kFNXhMQgP6fhwrJzkaxF64iaQ6DXU1+
k+C9mUtutsABd1H2KuU/0EGoEow2NTGO7h1Nai8M/dGqifBOp+7IHM4Vka1kz+Qk
lfggE3g/JUv1nM/fixaxLLitDuLt8ohcfWVCGb+taJn9RgcZMhEE5F6SIFA2LlyP
iPGL39+bRsVfrpMW5Nxk5wwuR/KGx5vEtG7ocGc3uH23awD7f5aQIUR7bjS8jlN1
VdB2lAJQ+RRb4ymg+DHrPcJEh1romL/U0tMKudHs1Vt0QIRomPl/M2t9MEXViL5Y
XdifEBMk5EeJkyBcQRVWj5R1RmMhHOsUpHNaohNUaEgSTB4kzdziqPrigO8NO1V+
ZY+YvGWPx7MSgM84oP/1FS5wFowiC46DCnnemEsqkn96KkepoCm4eS/I/0h92s+k
4GyY28M5SpGp9/q539hGacKSHDeTEF29zjZoaJ3v+xypVdKv5KELEuwmOQoK7pmo
xCTd53QknYAOh/K628fTEaqJ8E6n7sgczhWRrWTP5CSV+CATeD8lS/Wcz9+LFrEs
uK0O4u3yiFx9ZUIZv61omf1GBxkyEQTkXpIgUDYuXI/Rk7p/mJx53sHZmndOQg4B
DC5H8obHm8S0buhwZze4fbbQcA67wYp/l/j2v0vOOPA5Xqzpf3Az6XfmLo5aLrGx
wkSHWuiYv9TS0wq50ezVW3RAhGiY+X8za30wRdWIvlhd2J8QEyTkR4mTIFxBFVaP
lHVGYyEc6xSkc1qiE1RoSBJMHiTN3OKo+uKA7w07VX5lj5i8ZY/HsxKAzzig//UV
J9k60C1tug9PLfhq1OkiXgF2UsXxVSlTk0uqE2GBSJ7gbJjbwzlKkan3+rnf2EZp
wpIcN5MQXb3ONmhone/7HKlV0q/koQsS7CY5CgrumahOrnWHPaR9+Au1yIQesCKR
qonwTqfuyBzOFZGtZM/kJJX4IBN4PyVL9ZzP34sWsSy4rQ7i7fKIXH1lQhm/rWiZ
/UYHGTIRBORekiBQNi5cjxruz6Fx/0G9V2e5jyDWAX4MLkfyhsebxLRu6HBnN7h9
GSB+lNixM3pRwrz4FXo6NoToiixAZ6E0gU6jSHQWywfCRIda6Ji/1NLTCrnR7NVb
dECEaJj5fzNrfTBF1Yi+WF3YnxATJORHiZMgXEEVVo+UdUZjIRzrFKRzWqITVGhI
EkweJM3c4qj64oDvDTtVfmWPmLxlj8ezEoDPOKD/9RXqjZR3TnodarV9L824loGc
MCZA2w9isnC/2E/qo8bCNOBsmNvDOUqRqff6ud/YRmnCkhw3kxBdvc42aGid7/sc
qVXSr+ShCxLsJjkKCu6ZqNqNWJJ1IpzSqBDshloUWeqxj5echujw5b1GiBd3Xi3i
MuWf/ThmktJyfop5+y3+BDaj11sdBdAqh47MiS3L8FAkAjkdAeIyl9gIP2iE0jj3
9SjF4j6GFmEDdydpJsIqe9JWEJZQBedQ7qGZTMyCXiBGlt3GnudLq/ZtUTjuH0LC
mW4RIdQsi4n/3vguaMVe8C0Gc8iUE0xWxazBdllV4oeE5v/g1eHS7C0ABsHChmh5
ehpzOTTzyhc2201LDTEpXnyKp/394pqD9PkyQuxXw8sSJCl4mxdkVBEFswcMGAMI
xRQSbHcmFLMOlpUQhjydJWehX7ZNzXNcadx7oUkzHCMurt2RuOTNw6H+MSBEkuYx
7RBTWA1As90HxK2qkzCOH8weiZD0XAkXM8RFMbQHP2N6Hp0BbdKOIg9lSqh5diJf
dAoG9pGh2tlJ3Pn+iRXdChCmlqm7f5qxXaSR5pSb8oADybF+gA6Bz3Fd+8206J+i
2zh6KugZQJENbFWflCiN6mB5UaYpKIUgioLcphhy5fJBQCt8QLrMMkBX/i5SE5mo
KGHWbBq9+LjSjp2HNCKdqs7QQufjK6yCk6wnzWblk5ZvNnAMVdH2gy047ceXqeJ7
HqpK7eduI+ppAVIUV1vuS2kTtGAZfV6WQ1nDTKAZuftuY1REHz7h7Xz/9Wqu1u4s
3vDTKH60KSJIg+XFCmcd+Fn/1KYhANDbVxtN3ruB/LUnhr+Ij5ZOoUguhQSA0iOH
lz4aifvBjM7V4B1/rUtrtfr6EOf4aufezwp7TgKKNC+c0AjGF+V8acZ4N4TH9SSc
xUCT6CDV7uqq5xOUg+Yu1+1D4L3ZRjLNcCjtar+38mtIokaQIMUbRz68gqGlBaRf
vqq9wP6gzRz7kALJxxMcbH3RjIwh+fHg13IouRuF1EWcdTesTC0xXNch0DSdgO6a
ceRGaIrn+lWJoyYcJTM7hGlUYqubDZ77hlU9rAMX85cCOV3YHhOQwixUcmVMuI7p
LkZzPtzBynWDJ7AMeECUNYFibk/FoaF5NKOPPu/P8hMdyQekqsrjV22Mq1Arvw6U
TPJuDFDnB4G5VYw6ONBcdqS5GUmu5aYUPj61legP8b1xZBHyVpXIyBH7zYIzurK6
Dix0NA8uz+W5dB583WHxFAE1ud5oySd78f97JXH/YjO1PaqUp/0fT65JOC/VRZrB
PpRWpAoD26qCfanG+uTYODPngAZyiKiDgIKVjdVDZ9ghFNGa2JJzoymAliG8muuq
92qpAUgaXOef2Y04wLc6L35RR5WBm05H298GKYl05RkCwBnT39xqofo2BT5mCHYX
rehnda+uMCsAthJCY4k4ahmb/hjFPleh5hSgji0i1dhyeTupxSSR+bStobHnJjjr
S4WeAOfUZGactum1N7IBgSjsbNiB481CGjBqCMAdvFxqnlN0fBmXlqfMTtX7Q5ub
4VXeHB8r2A5Ev1ZRVuwZ0jPngAZyiKiDgIKVjdVDZ9jOzs3vCWsNEqVJC6TDGaPC
BJiVBIMhhCkfUSWP3Yj3AYUHx09lq6vUqa/bzpaRBjPUr7el/xWMJ3wBdQDGAFs9
O4WH8X176lqImXMxDVhflrtyq4aVJOBifdTmhmIMC2W+ISAMy5pPrlhzi90Zl6Q1
gjY5/Q58PXQkRM0GL87q39Ziwz4zC5mk0KfM8BMKMWZ0aWUDfkNKxK9DoieNMf+x
P0Aen718KMTSwMMSkwYjKxYJolQP4cvTCnERu/iJjyK7lHDjNR3dJu/GUoLhmqIJ
CQwCzcYVwkVBQaaAgcANjQ==
