U2FsdGVkX1+GYsPhDfi5uczmJcCYAKZehkKHaVKmQkp+hOh76LBOA7kKBH/CW234
pC/VkAc3gTn/ffZEnoksbrfH/nZQSdNoJXShlwDsZ5/S/IDaWf6KFWHzb3yYSnQi
mEgMfObxmRjp2i98BYAzgJRpsCGZ6tRKzkOu8sRMOm5WVHeqLDze0LEBom2n+Pgq
fqFd7rSeNZiM0ZIRw98iK0jMHUgi5a+S1RQ7CyqKewxqT7wSuM1BrfbugFFYpp73
PGX7F5WrvEnNsA7ylJB6isIsyll63M+fvXyg/r7TsmWCYySs2uu/adzSD52cbwux
xV0PKJ68hK2ZjByM65UO8oGGYj6NlgmrOrVZbTqAIUJIYNLs9FO+KzSCbgXsk9aK
kQKB5nUFSSxCH675Dot3Sw17+dXBonvT0BaKnkoCA8po2bECneRhgU1R/iitbGv0
SDuNp93FE0nXVvEhpKNgxq0jCFKNtapGd6myv0Idja1SxEJ/9x8jL9Qn6/ij4ozG
lqIpkg5LTYs1xCqqGqEYz0tNxUpPMy1pjY7fI4fkInc+/pwmS9g72JEKRxagMsKG
aODd7wriJIUu0nZLFQsUEPSyksdZKHDFgvscAWhIkSRKPa33lUsL3uWHpv1g0P6H
VTqj4wWR3sWCc5wFeLG7k1F62RjQkJSwmnaibjXRACbF+rSEGED2vAC3nhvzS991
l+NnyUvTUk8QFeD80xjNZD2cO4QCWXGeYYfiBUSmP+p95KNSy44YDIEOXwz+Ur1Q
QdaAx/SHT3UVIKqsMVKgGoHkOHR7qwoIuN4UDTOfZgw4m6kgwUfVhwgk7wOjZYwE
85NB16Uo6I98HUPBb5zy49cwhWjMzG/lA2pV6mNjZ6AfhcH/NnVOO4ruFUElK6s7
7/lAFX15+wVK13XDK4RuzuUO0EqHYT6wsCfJsN0enJpq1Kz0BHb7f/WWWv+wqvlk
OZoPgmpZTOTvq9kB5nO1pZstuZV7qLw5ILgnhc02hFH7cP//g9osi4SbdTpvXxUv
txI2E8PgidbZ174chshk/BHhwilbuSg4qP4t9CEa2AI/nGJ04+a2MCQOBCVUzPML
RDUiNJ7GRbEHIGkGMOQ8IWJY7xriGANFxJ+Ga6KVau4xfM4uRWcAD4sODV96vSY6
rfcv4DoFhdhPlOTDcUQqZh43s6kU3gCYgrPRQB0B5qHLS3ssS+UGG2SYX4ZkH06j
