U2FsdGVkX1+GYsPhDfi5uczmJcCYAKZehkKHaVKmQkp+hOh76LBOA7kKBH/CW234
pC/VkAc3gTn/ffZEnoksbrfH/nZQSdNoJXShlwDsZ5/S/IDaWf6KFWHzb3yYSnQi
mEgMfObxmRjp2i98BYAzgJRpsCGZ6tRKzkOu8sRMOm5WVHeqLDze0LEBom2n+Pgq
fqFd7rSeNZiM0ZIRw98iK0jMHUgi5a+S1RQ7CyqKewxqT7wSuM1BrfbugFFYpp73
PGX7F5WrvEnNsA7ylJB6isIsyll63M+fvXyg/r7TsmWCYySs2uu/adzSD52cbwux
xV0PKJ68hK2ZjByM65UO8oGGYj6NlgmrOrVZbTqAIUJIYNLs9FO+KzSCbgXsk9aK
kQKB5nUFSSxCH675Dot3Sw17+dXBonvT0BaKnkoCA8po2bECneRhgU1R/iitbGv0
SDuNp93FE0nXVvEhpKNgxq0jCFKNtapGd6myv0Idja1SxEJ/9x8jL9Qn6/ij4ozG
lqIpkg5LTYs1xCqqGqEYz0tNxUpPMy1pjY7fI4fkInc+/pwmS9g72JEKRxagMsKG
S6WUeAChUB8rYnpoHH7rLLao22F6N7WH3CIopZyxQlhfZrH5K0vTP5M/mhw0+AQt
VTqj4wWR3sWCc5wFeLG7k9PDIKzduKjTdVBZyWOtViRES3ICw54ye2E2srUP9eA3
MWehF7zzbiBuL6pnAXE17q0jCFKNtapGd6myv0Idja22hQ6JQsA8nmNCoDCqEBHt
AqARfbT4uNHMutmmjbZ3CJNEFpQ2CugNctE/hTZdU2EtEgFBCl7KJMe1EX5Z9+YO
TXN10XF1LfCahRKLe+cKh6BFwpu69kmW560FqxA/T7OB5Dh0e6sKCLjeFA0zn2YM
OJupIMFH1YcIJO8Do2WMBPOTQdelKOiPfB1DwW+c8uPXMIVozMxv5QNqVepjY2eg
H4XB/zZ1TjuK7hVBJSurO3TOw6+/pyjqHm2VRIj22mlJsVPSaZuj5xUM4E6qGH/e
NBZHRV4s15geeefpPhxY5AyIU/UILNERtsqWQ81tmbmnQnCLRu2EsetZFHXseyeC
i5cYQPU2OxIu9rktjSNzwRWi8ULmAY9jQN83vnnmpt/S7mKRhqRGr7OSpLGyOjXc
9d8tBSYmOs+cjg6p/xac7I2OdEOfJsJTAaG47v5ITAzpiFYHNqHpuI+u4h5FW6+e
ffzwa1H4LfEEWcD/YX4cti8ccuyu1/UU2VQgkf0zoV6/z5vsEUKVOs9BGRTBtr2o
K7NJwei00pQzbjmvn1PVv3r1c29hC4l7hk3emlc8FYo=
