U2FsdGVkX1+GYsPhDfi5uczmJcCYAKZehkKHaVKmQkp+hOh76LBOA7kKBH/CW234
pC/VkAc3gTn/ffZEnoksbrfH/nZQSdNoJXShlwDsZ5/S/IDaWf6KFWHzb3yYSnQi
mEgMfObxmRjp2i98BYAzgJRpsCGZ6tRKzkOu8sRMOm5WVHeqLDze0LEBom2n+Pgq
fqFd7rSeNZiM0ZIRw98iK0jMHUgi5a+S1RQ7CyqKewxqT7wSuM1BrfbugFFYpp73
PGX7F5WrvEnNsA7ylJB6isIsyll63M+fvXyg/r7TsmWCYySs2uu/adzSD52cbwux
xV0PKJ68hK2ZjByM65UO8oGGYj6NlgmrOrVZbTqAIUJIYNLs9FO+KzSCbgXsk9aK
kQKB5nUFSSxCH675Dot3Sw17+dXBonvT0BaKnkoCA8po2bECneRhgU1R/iitbGv0
SDuNp93FE0nXVvEhpKNgxq0jCFKNtapGd6myv0Idja1SxEJ/9x8jL9Qn6/ij4ozG
lqIpkg5LTYs1xCqqGqEYz0tNxUpPMy1pjY7fI4fkInc+/pwmS9g72JEKRxagMsKG
S6WUeAChUB8rYnpoHH7rLLao22F6N7WH3CIopZyxQlhfZrH5K0vTP5M/mhw0+AQt
VTqj4wWR3sWCc5wFeLG7k9PDIKzduKjTdVBZyWOtViRES3ICw54ye2E2srUP9eA3
MWehF7zzbiBuL6pnAXE17q0jCFKNtapGd6myv0Idja1SxEJ/9x8jL9Qn6/ij4ozG
i9HnHwGP2JI7MSJfrMD2T2cyL0FNt29hB4Dgk86SbwDHBLk72QW8DpxqWrWeGqFk
uvtHisSAbQjf3Fuw05/mVNf+wnC+DPd3P/Mn6N91p+COPNzu9HML79CQsC275XsH
TxhizJHwCZU5iZgjqL7h/xheQZAU0wBx1TMu2E6ziu7f3maurZz69j0VZ3E1yhXg
vryU4M2iXJsVcIK+RTFnlRSxGPHFBGgIQe2BvdW5Dy1TKv7bEks+CRT0qooKU4z6
Dp078LeVZc8NKDuzuZKNbYngGVVbc2X8g1xiNoU3msRCy/JFApzpBFik1BcwAy6O
awkNKyCTaErhBk88Y+yAY/gRGXyl/WhbfWiT7zB+RpLh6qXxvq/r3C1j/QISeh3P
zOINCAyA807p1uBaBVrtWbkBQ2hyR0vUiHdoObldPMdxuHcXWfvJMmmNyIDRSBbZ
2uDcNJd69yjhFcMonflLHYHGCx6kVoG2yxRTvB90zGDdNOR2CExQXp9Zvmyb3jSp
gp6zxjFOC7mpRnSxgJid0ozn7QZrIxDf96B4qMJjoyNP2cxEEEFrr2Azu6PYTDpc
y5JWc9drAovaN7ppBpwAhiagUFJ+yiru5tZkVwvVkN77euUvNS0WKN/Gv4Ynig0P
TriotVEvDGHMnxIYrHXbNPYjVuIPXLP8H5he/XvCyA+J4BlVW3Nl/INcYjaFN5rE
QsvyRQKc6QRYpNQXMAMujmsJDSsgk2hK4QZPPGPsgGP4ERl8pf1oW31ok+8wfkaS
4eql8b6v69wtY/0CEnodz4M/f8bjMk0P1FIDbAEQlB1GiRE0Mf4Rn5YcsKqYxOfD
zvPapkhSQuNxGIoJhIJjIC8ccuyu1/UU2VQgkf0zoV5UZh75KKf1gAFO0Jh3TmRM
qNsZK33B/v7dWA9P60S/v9bNMWMIn7fdvAqL/OUkBruDy65ajfP0rIKKkEA/HLxT
u5IvDw5yilWfccq7NIYw54W2wd2qAhpYS473vTIOSV+7fPa0enL0ApQndvPJC1mo
Jb33HanhZyL/e1EekF+cQu28I7jUMXFa58BCWvFbbKTkPbmx0NOQXZpbJlENztfy
5Q7QSodhPrCwJ8mw3R6cmmrUrPQEdvt/9ZZa/7Cq+WQ5mg+CallM5O+r2QHmc7Wl
1QEw6OFu0hyrScUqssEOfA5rWGWRh74W2g+gvWtHWgosnjPAHyKrf8hdcFGrYaIW
B2h3ZN9mQyfqF4Bhsp4eILkBQ2hyR0vUiHdoObldPMdxuHcXWfvJMmmNyIDRSBbZ
2uDcNJd69yjhFcMonflLHYHGCx6kVoG2yxRTvB90zGDdNOR2CExQXp9Zvmyb3jSp
aEeSw334TV6gSN3jh7koN5GQohZA7BpBK2xgpB2/Ud/je0/PAJx9G3NrqT6BwNNj
DxIonnPGLyYJI5jaCnpB/kYp2ySn42CDw1Q9d79LSCwQFoC/CUPMySVskiEp8rOL
zvs5FKBDNIWcoZ6nt2szr4HliGShFl2JqT9N9QXgFJ9cjwxcAnb65YVvj2aENga1
Zp5WdfQokivQDYbE+XcVm09MT21N3TtWpkJn/C28huM4m6kgwUfVhwgk7wOjZYwE
WGXfIHyKdPPtue6ClbaIIi2mdoWEL+sJYYEnc4H5w62ocsF1i7ebVmql1VgdS9Ui
JqSjSpRpb1tiPjeKg6KHTvOx1wOmbNYVFRRnHL2PjVh+zuUbZGSfYYOsacwsGpuD
/1pMEY+Oa8rMrfkLLdZimUTNQONogdYnvO7k60+c1uhjYESABaTOouBnYK6PhYOf
Sh8n92o8T9Fvv38T+ft2c0Q1IjSexkWxByBpBjDkPCFiWO8a4hgDRcSfhmuilWru
MXzOLkVnAA+LDg1fer0mOinUUoT2dcgNyNfWdkVlIdYg8j/BP3t6fHxbFIBbIJvC
+09ZTN3xWVRhaj3omqjd/c+8gkGXiIMnqevyAOKD1JF0HpBFb9KGg0foHjZw4/lM
Cilrgu7OWpSm1a4lbXjQoPp/i7Ap18okCC+lP8kjX2e0Ko1R41j898eGvXlBwM94
Ie32gmoMcKjI6DPYL9Je4XVQAeh4fI+tJPh2IP6brIjGujQBFSRNSqRlapPW2YCk
uBtxSGECmz8lCvLIech7SwyIU/UILNERtsqWQ81tmbn01Bs1x2GUAmwPZWU6eXjN
+guV8xYwaz9ncfNvmb0Gk182ZPPsWrUjwVYFC/wjCqaHrqFAA0ukL5oJN2NORyIO
DgzBBcODVwsF9EwzQ+gAF09MT21N3TtWpkJn/C28huM4m6kgwUfVhwgk7wOjZYwE
WGXfIHyKdPPtue6ClbaIIi2mdoWEL+sJYYEnc4H5w62ocsF1i7ebVmql1VgdS9Ui
tBrklyrDjsE0MDP3t7LMpzXpslZhH6ZzeTkEgmQ73Mg+LXHzPBYn+eQOVDXsd95/
y5JWc9drAovaN7ppBpwAhk6u/krSxZBoCqidS364AEYjKLtiE1wP4Z+x5CN6M2EG
TriotVEvDGHMnxIYrHXbNDpT3mlii/UAWIe5AgbAs8WYd01bRAcl3P2ZvyFzIIkM
Pi1x8zwWJ/nkDlQ17Hfef8uSVnPXawKL2je6aQacAIZOrv5K0sWQaAqonUt+uABG
CvCzT5zErcCVK+qVzLkzZ4tau2h0vG6TZL+rDX52Ih6VszN2M1FJmmUSztYoKmcD
3J8MTuYt88vjN0/zUo2BVFEpVfNOxs+UhKqWqkXo36T95AJOV+M41hgstxXK4viF
DxIonnPGLyYJI5jaCnpB/nlA8B3yAmOBEK58XV5fq/6LlxhA9TY7Ei72uS2NI3PB
FaLxQuYBj2NA3ze+eeam33O0xopZ9a1wrbDqNbA2EhnAeb/Wlq1iGPT1BjNf3WkO
c4jmGGs7f2W4Ap9iXSMBKgS490gU8Um2xQNtA+Pqwbmrfhy3QtGiu3SXXVoaXiIU
OJupIMFH1YcIJO8Do2WMBOUpSx2hF0UK2WuebSOag1ObLbmVe6i8OSC4J4XNNoRR
o39dpL8iY1Sxve6vw7JHKNXBYaSiwuQkT6sE0phF+p4=
