U2FsdGVkX1+GYsPhDfi5uWTFKysNW1XcOW5qnUvlbQ5i3tZtSDr215wq1O6jnIKH
UZy33ZggnB2nBNDUJqSls4Y7X3kioznnE8MpKa7bjWTdD70wB6cejoGBQcBfm1RF
3Y6/2WRZXZ6qtUzpt8jHQJrldGVopPexYv8gGVDPWB7jFFm+m85t03bPugr9o0I8
+vmDHt4NrxB96Y0pDztIAjWR21oV7YXOZmzbYztZ8Et9nJ2FVMqH5KEO75rpYu8R
o2NU+4XjEIXufHG2NWUKT/QBBFPbwZ/JkEI4LxlKfS498iKn/7egl0Hv01om5N8G
7RYeG+9ptiQiNBoQFBeuN50NIzcWZDj8HmAQ0MoDnmHF3zmWOl8gPv5xDd69Xdse
Xl+I31sKh7jIGWPqq01oHhOCTumeEXVIJx7T6gGikjKBfNX5LBwHYSlvEMEQyGrk
6HiFQXdf2FwKOFGWeSzLOv1ZX3FolSCLov7S6hHwK3mH084i/XiEuuh5cvpLQgd2
/DgF3GgsaLeOfqTWdO8/9JwAOiTfSHZauWBGrKaNXMFsAuhEG8XUJ93aYwGhGpLb
yH39eYf57ZCFwJfk1k5Z3FoCGQzFFI7tAexAVmudRMH4JjCoiyqTkUz1cTQy0Tcw
Y+7fEdfL4zoB7PuRMv2skuk+++WoWcdjhEcjyojdMDVRd5usgJ25gozLoO9qwwnR
jth7mJqE1xBpFySVfiXrJbz5WkmHpOExDppn0vMYx1gezYxnK4Gk2zXnEpl829QA
0uh7cUNYfD+GJr7ASJ6KqMtrjFBy4LpPpQBbTAd6jQd/hSVIRKG02T/w0fjSOiMF
rMo+Ryo+tAQ58mEwol72OhK3xTucIi69//VBRVozvDNWM9g2LdWbEo4NwfGKkhEK
3gyRh648ltgaHzQe8oHfiH9VLiYBoeat2tRU/8EBgfjaPsIXHCurmfrS1MajWtfq
FgB8gRz0maUIzuz3vZL+SG3iDgGxngMV4vCncfli6+hdYQ+VWQpngyI7Q2/kzGCL
DXdHMRntbmO4YqTp13vGr/IUPmFRcZCyBc9ZVZxNNy77+O2DZwswfs3jlyflW8Nv
83STga+DPSWjKoubsFXAqFvHqIT3n7ahIVuccZjhcF0vAKgtTpES4L59x9kyODuP
SbsQzWg2/8ZAbsRmfm3x2cTyLVmRg4XyaGdvKhVsMvd7iq90iNpnDhfVZUSErmTu
BUAtOehfmCvdXne7cu24XLTPzG6M3sU5tH8oxwcLttByJ47lVlcO5jYkyPqsHJF7
EG84+gJoAB5JGnMM5WDKfPlP9LfhFHgZopYYecKqBqk3ogjEp6qfcbLxbDrmXHed
12yCiRuW197U+3rgaljqMUipy0ITsxVR7WcB+nxv1Ng8sET6x5sUMZBdeDtqkMuK
EAVigdJT2X/CPuYFSzuG+brKd96ieLYxk8PI2LX0oShd+5nq3PhDZv/iszTMlnmm
mcigaiWYn+cQdf3alGpyKZ0NIzcWZDj8HmAQ0MoDnmHF3zmWOl8gPv5xDd69Xdse
Xl+I31sKh7jIGWPqq01oHmjvi1GwwTa1+hX4tchlZnpV0/KoI2Lb+6oHjGDblFNU
9HtxwfY57yGtjuDXbg/2uwNuaVfeyeXaJt5knAlIuvWefNOVmyMdpM3qOeWwYYNU
aetQOd4itblv483seFQqKDMnrW3ymYADYLmY8lIjzMSzuaOLEdElfpXbgky9IpQ8
IOXcueX4y9P31dnBQ24E5XDFUF+9Z46n5aA97DnLxSFlynXZ1MNk04ThvcIeBcHr
CTtObJtMB2ypsmjXMyx5uykT+44FKHKP+gXj4icceNMEmUVswNRaaULhJsDcWaG3
fWpVlylWSpyoyefy6UJf7Jy58LAJIU7xL86vk5T8JQDWGunnJ4L4eK/kctcOtnPO
yhcZHzI6mgKSYZEVA47RrY0pdKaiW05k31MlO0d137EcY0jL9TWU15EVl4q7g/qb
3thOz0pIomKbpDHBQ7RvVkScMXnuq+f7CC6xMoF8goPyO038kteoYOak6hrn3GF5
/OkhdPA8U0XJs69NvwocoLcd1hBM2xijXzJIG2H+fBhO9YZskB9rua7MxUGsWwFm
gh+YobyWhZroQICswzxcluixPgrNq5PgczdhcuoK67R0xxN+lGXN1B7D1UnR2jiQ
3wRA/TcDU1aHjfs02+xEJHkDmE8aRiaQaCh5WXqZaYWdMJFFyGJJSg8cWEZ/L9Jt
paSxm72YP16Cf4AZ7JKLXOyoiTvdWmFPzeQ3qznMMeYjIk5NwfOpIjBm9CNSUG35
XYaPng+T9V9nAOQPXv+c9a+U0EcuQyD41/Z++5/rUIn0AQRT28GfyZBCOC8ZSn0u
PfIip/+3oJdB79NaJuTfBga/5Rc8yRQuAUXUDQOdIsPChj/od0kpD7ktef4ikq6H
KRNlTIZxqGGXriB8kKNgaWZhsOmbBfsdupL9fBcSuQXBmpCuCXyNywYeowAskPIT
SRDPGPm0Fw2c+dOm7kgGZHdG0NzSqO7Ha+UvRckrTuFnwaUlRHuTimDL34j6A22x
dy84kJkV8Go1CLDhp9IM+GbR0X55Cda3ttvOEEhG4DnmvZETE9IxjEnX57AAcNXf
+WPghfEbv49VhfuEekkfRH8u6vT/2578oZ0JBGViOkC8owv4BFbQF9W4+Y91PRcK
scXTaEX0M4TrYj8noTzx9USodlx9Xv5O4ESfaF5zPG3lLuYtAbisEQbksWI2H8Tk
9AEEU9vBn8mQQjgvGUp9Lj3yIqf/t6CXQe/TWibk3wZgT8DlxsMYSlN8cKQfX+ib
MuZ/oT8k0sumM45oTrP91eUu5i0BuKwRBuSxYjYfxOT0AQRT28GfyZBCOC8ZSn0u
PfIip/+3oJdB79NaJuTfBn3sbgB82oM+P8+iz0hSVwVEqHZcfV7+TuBEn2heczxt
MAIibzPV7Gpd/PLPnvLT8n8u6vT/2578oZ0JBGViOkC8owv4BFbQF9W4+Y91PRcK
T97Fi6X8ER7PDtLR8KMZq74/fUh84Y+bQh+8a+wol4gPOX0sCgXE74/aTGdE83UO
v4/RdBjtAbSLc3sDz0MB0Cp+D/UFAxsl37AnIPNUBXyItbiRuEG9NSzNYLcg0yBw
ozwssL3r6ctWmhsJl3Pkn87tgyO7cLfBciyxsZdiSSUkQGarkrwnw14981Mzq/ce
YrOadFeGCwkZXIjED7ulzCIICq0Ge0+MDczLTIbQ+/vGS+aPyeRhXAa1wUV+kQJz
kGNCma+Ny5K+9UBxPady/eyoiTvdWmFPzeQ3qznMMeZRbM9AEs4yzUnpsysVsVzM
HL5v3MeiXaoo+hciWBqfjLcd1hBM2xijXzJIG2H+fBgseQg8pvl+tTR2kAIV0k4j
rVf/lHeYBX3QYCppp52fnRsqdyaG5Crl7xSkW6+MEjpT3UYCaSkH5fyhgdWDT+Qs
sSO0lIR38vNCL7GMd/5xL8HPGVqzeIFzoDPLdhLBYdRRokUrMtr2LTsY9sPFiFC9
rVILeiJhimnIbtOeMe/rm12Gj54Pk/VfZwDkD17/nPXh+l/Nv6twFyQ7DhY2KBdv
bxm+YjVhs4ia3nsUsA5Odgd3/oOZbetC00nVneXX2tYGv+UXPMkULgFF1A0DnSLD
woY/6HdJKQ+5LXn+IpKuh1eL9++X0FQeftpYD3MEcvjFtY+lH4CDefAK32bci5dy
byGGqTBCOBC57XMWQ9ZUi0kQzxj5tBcNnPnTpu5IBmR3RtDc0qjux2vlL0XJK07h
achk50bQkWSNLHv4qoh9z7bUvqwaqedGik11u95Pr27CA67WjtFaexaxoOx4b/B0
5r2RExPSMYxJ1+ewAHDV3y3XBsAdhnPvf8ysTz2XhZxsWvSAOJ/Et9ZdB40ELcOh
bo/F6YEh5eh6igTGAXLXW7HF02hF9DOE62I/J6E88fVEqHZcfV7+TuBEn2heczxt
o0H4lM1J4VvpZkG8b7zi/28ZvmI1YbOImt57FLAOTnYHd/6DmW3rQtNJ1Z3l19rW
YE/A5cbDGEpTfHCkH1/omzLmf6E/JNLLpjOOaE6z/dWjQfiUzUnhW+lmQbxvvOL/
bxm+YjVhs4ia3nsUsA5Odgd3/oOZbetC00nVneXX2tZ97G4AfNqDPj/Pos9IUlcF
RKh2XH1e/k7gRJ9oXnM8bcClkmEWKeAMJ1PG7oYq2ClsWvSAOJ/Et9ZdB40ELcOh
bo/F6YEh5eh6igTGAXLXW0/exYul/BEezw7S0fCjGau+P31IfOGPm0IfvGvsKJeI
rh2SnHHTRy1VEb+x7tMwfVKWPGE4Zl90dG3wxuh1BULZrqFMtX+LVeM1ag3I8rxY
iLW4kbhBvTUszWC3INMgcKM8LLC96+nLVpobCZdz5J+EXDGcr587O5N6o8XG3Y2D
E7RwUilFqQoJgrhKnZru3lOqexCfla1scxUxqj+ag0ZdzO1rtMc3MZtm+x0Uh0cV
/cQm1OVxAmSJW1/3X0iHGy2Fp/J3dltUdVRL70Y0G/QFq/DcDelGavMj/ooAaQnw
ROwAz/mzWeSS/vTiXK0kQDGKuDR8ShkkRe0rRidXdvRhhSF7rGDrbqiD3Kta4D60
UgPbwh0Fowm38YPD5r6VT730HTxUsrEHvFJCBPoDHKYXs3uz/zjAfHrB4cvmlQlt
RYNb1ktmlXCHFH82JV6RNNECvh2Aso1V3C5n3OgW4+fRU92rdf9fk62bNbWlB7CI
4i7pftnt8UR/IrDNltKotr7QtteGpLgSjpI1+1hYBw4J2h3n5tTn8fHgLLrYKmLn
hFwxnK+fOzuTeqPFxt2NgxO0cFIpRakKCYK4Sp2a7t5mOUWBKHVRBbH9H4ei80ng
HYX4xeoVUB0oT4Xx/q3++AHWX+3Cc8Veqa/CJZ46oceEXDGcr587O5N6o8XG3Y2D
E7RwUilFqQoJgrhKnZru3mY5RYEodVEFsf0fh6LzSeDeAhwfWwFViTkj04I+90ex
GipeESQae6IQVqsXx2JiDdECvh2Aso1V3C5n3OgW4+fRU92rdf9fk62bNbWlB7CI
4i7pftnt8UR/IrDNltKotlDocPIW8BLV6Gb1pkncJTixI7SUhHfy80IvsYx3/nEv
Fwv45mLxQGf4Cv0EHF9u5iqa1KQs3AYJ0dPdJS++26HjVG8klOA4p0wY2bBIkYDW
XYaPng+T9V9nAOQPXv+c9VaWi+Appwmhc7XS85bZOpdS3K4cyrrwStdDzenTJdTl
XDtRV663WwvZscDFG7jGJ87ZIrEumVU9//20d2eyaX3Chj/od0kpD7ktef4ikq6H
7v2x/6fh1hpEbDGCX4XPzFcscTgifKTZQtK1OUPi5oM09hTkP7+aYVBBwoPA2rk0
SRDPGPm0Fw2c+dOm7kgGZHdG0NzSqO7Ha+UvRckrTuHMje1M61/tMkt7XglKCN9g
GdcBhbllHXe0fJAN9NFgTFHrCaQHIPnYRCkDdA9327TmvZETE9IxjEnX57AAcNXf
tA1W+QMbMqUcMi7KQKkentDcSU0eUbicCtltv4YW66lkbdSNE2ly8E40fpMLRgLO
scXTaEX0M4TrYj8noTzx9USodlx9Xv5O4ESfaF5zPG37zvSDW0YfqLG4SqtKx+nr
UtyuHMq68ErXQ83p0yXU5Vw7UVeut1sL2bHAxRu4xifx+XIf5V9GTT5ytLCLKG1j
MuZ/oT8k0sumM45oTrP91fvO9INbRh+osbhKq0rH6etS3K4cyrrwStdDzenTJdTl
XDtRV663WwvZscDFG7jGJ5SFrszLCvqNqwuQWLyaggdEqHZcfV7+TuBEn2heczxt
lAoWvcDlFItV+qAFU677GtDcSU0eUbicCtltv4YW66lkbdSNE2ly8E40fpMLRgLO
T97Fi6X8ER7PDtLR8KMZq74/fUh84Y+bQh+8a+wol4iQ4RlFGFnZC47a5O0goJ/H
pbqka23HPDYn0tR0qzdp1car8G+asVhUerOdtZJi+ySItbiRuEG9NSzNYLcg0yBw
ozwssL3r6ctWmhsJl3Pkn5FkFJJnKasb8b70/0jzeZ+L2xq+wYUoei0R17eOMnIv
AAO5EQwBe3yqIFM0i8v7n13M7Wu0xzcxm2b7HRSHRxX9xCbU5XECZIlbX/dfSIcb
vatarF+EOQu1BuXEHnXo95cRleYN4ibw95nFmS9mQ47nzcZ7OFXIxi67VuDeD8H4
MYq4NHxKGSRF7StGJ1d29M4xyDI3+fp9LZW56IwDw0/VaqC5RWo4xCfY18N5q97l
s7976CRzvZQZ95BpJQLutheze7P/OMB8esHhy+aVCW1Fg1vWS2aVcIcUfzYlXpE0
nSgnY1S83+igCcAVvpZDX6PVZ8Rl3xE2Bzs8HxXeznYcI+rhPm65sIoxQJQNPI1G
vtC214akuBKOkjX7WFgHDgnaHefm1Ofx8eAsutgqYueRZBSSZymrG/G+9P9I83mf
i9savsGFKHotEde3jjJyL6MFrohFYF8wTW/jx1VBqmAdhfjF6hVQHShPhfH+rf74
AdZf7cJzxV6pr8Ilnjqhx5FkFJJnKasb8b70/0jzeZ+L2xq+wYUoei0R17eOMnIv
owWuiEVgXzBNb+PHVUGqYN4CHB9bAVWJOSPTgj73R7EaKl4RJBp7ohBWqxfHYmIN
nSgnY1S83+igCcAVvpZDX6PVZ8Rl3xE2Bzs8HxXeznYcI+rhPm65sIoxQJQNPI1G
UOhw8hbwEtXoZvWmSdwlOLEjtJSEd/LzQi+xjHf+cS/BDBDH7IrdySFdFwxzPWVy
wTsoZcQU19QOu1XdpHtO0uuhIdXDXDL2rBDz/BSuLoRdho+eD5P1X2cA5A9e/5z1
b6NLw9rRdZUuLSCLpEfuN1uXcC6wC+/0dEHF6Zm060vmTJ7xO9pb+K2MdCy4fqMP
DBfZHilWpVsenuoPLF3JosKGP+h3SSkPuS15/iKSroc3aUb66Q834HMTGfYm24Jh
hNpUKkEumvmlXGeZS+YldiNqp7gaHTBXqpsWAHsvjntJEM8Y+bQXDZz506buSAZk
d0bQ3NKo7sdr5S9FyStO4aUBRMMW5iboIzxkjXVgW8X5wUVLxINrhsaNF3k+3pH+
ixwufyYg3L2Af3qBZ/8gqua9kRMT0jGMSdfnsABw1d+RpZIjHA6um0obpk7d5PY4
TTPbnHnaYNldvf32GNRkW7Qwz7n06ve7OIPrUCLo1SuxxdNoRfQzhOtiPyehPPH1
RKh2XH1e/k7gRJ9oXnM8bSiREse5ttDADWnJnOvQiXBbl3AusAvv9HRBxemZtOtL
5kye8TvaW/itjHQsuH6jDzPzs5gVFUFI0Y+IcOmynqky5n+hPyTSy6YzjmhOs/3V
KJESx7m20MANacmc69CJcFuXcC6wC+/0dEHF6Zm060vmTJ7xO9pb+K2MdCy4fqMP
D5m7wT2ruHwfbvjt/B0mlUSodlx9Xv5O4ESfaF5zPG1rd/O4rRN8DNKZ3SNyxWwn
TTPbnHnaYNldvf32GNRkW7Qwz7n06ve7OIPrUCLo1StP3sWLpfwRHs8O0tHwoxmr
vj99SHzhj5tCH7xr7CiXiDIpHQtSeGm9GVIIzyRKhdOFx+wu1h/S2r6HiQ4Fa0O5
BysucSjfkxCnK/neGQ9gGYi1uJG4Qb01LM1gtyDTIHCjPCywvevpy1aaGwmXc+Sf
9leosSTQdkEIWK3Dx1/rtwYMhxIJDme1E8zrAzmNNos9ildRmssaRsYeR56qGIdV
Xczta7THNzGbZvsdFIdHFf3EJtTlcQJkiVtf919IhxuRHBS9KVGmi9kYt+WLHFiG
SiRsxRfXyBmcvf44wxdjrNhMkvQoGAjKh0SWNPvLuvExirg0fEoZJEXtK0YnV3b0
N7s1OviamVQ6FPb1XV3AQj3pucCAbuCMw0FWIvrTBZAyX3Ro+rYQlzoS4ZcHA+55
F7N7s/84wHx6weHL5pUJbUWDW9ZLZpVwhxR/NiVekTQuLh7a0gpsoUsIo5CMuqkD
9bS1m5LeTc79ipLoietnthSR6eQ4c0HYPr595f4RUE6+0LbXhqS4Eo6SNftYWAcO
Cdod5+bU5/Hx4Cy62Cpi5/ZXqLEk0HZBCFitw8df67cGDIcSCQ5ntRPM6wM5jTaL
+QGM/oU0YKoVhszJ4L/F0h2F+MXqFVAdKE+F8f6t/vgB1l/twnPFXqmvwiWeOqHH
9leosSTQdkEIWK3Dx1/rtwYMhxIJDme1E8zrAzmNNov5AYz+hTRgqhWGzMngv8XS
3gIcH1sBVYk5I9OCPvdHsRoqXhEkGnuiEFarF8diYg0uLh7a0gpsoUsIo5CMuqkD
9bS1m5LeTc79ipLoietnthSR6eQ4c0HYPr595f4RUE5Q6HDyFvAS1ehm9aZJ3CU4
9Gh+vPmPSfd+GhUrY2rH+ZdxWBgnRieIEPO04RCjUSi17RVl1p6/sTBb1K77wAcg
1rn6w6MNIPnKeIfQudOCZhXO3WvanbRGQaErOhk0/T+Z7bAOIWGALC5gL9UpU0Xs
xqpimZpO51+EAAevX0k7gUG8hDd1fJCQ8Uq31kgU4BV11afJE2w73c+vROL/ista
