U2FsdGVkX1+GYsPhDfi5uWTFKysNW1XcOW5qnUvlbQ5i3tZtSDr215wq1O6jnIKH
UZy33ZggnB2nBNDUJqSls4Y7X3kioznnE8MpKa7bjWTdD70wB6cejoGBQcBfm1RF
g/IY3Y8SNT9uxGXqe99P2/IxPSJx8XOOnowfeYGXIv+SDe6ZCrFdRQK72e2L0sf1
nxU9EzSJn7SJeAdMOBLJRP9kjzlrROyAteo8fpqAwGidDSM3FmQ4/B5gENDKA55h
xd85ljpfID7+cQ3evV3bHl5fiN9bCoe4yBlj6qtNaB4Tgk7pnhF1SCce0+oBopIy
grLLVVqi1yQOTqbO0DCfJjlAn44x+nQyloEuA1n5KxP49us6uw9iBjpWL6EeNfa4
CfgdW/IhRBnqG5RC4gFhjNltxAWWtoUiozR1iHpIIxi3OK2atVZzjfQTXashB5Ee
f1UuJgGh5q3a1FT/wQGB+No+whccK6uZ+tLUxqNa1+oWAHyBHPSZpQjO7Pe9kv5I
qW9oSEfTjdImzL5Ctn3WJfjWeVkjY0atdPasappC4aqSEjs7QnJRG87Pmx2PKOIt
L/kHTzjbHRRDCZ8PDl0cOCRAZquSvCfDXj3zUzOr9x6um8wluEFwYbFGUauM9v3b
vPlaSYek4TEOmmfS8xjHWB7NjGcrgaTbNecSmXzb1ADS6HtxQ1h8P4YmvsBInoqo
vc/fZQFTJ9+UwEZAF1O5++eUxp/b67ke93ztQ8ry5GKHyHjNCdnjkR+ts1TyJMxz
C/RLdPc3vl8lRBaAFQxMxDjHT+g2FSfDRB+XQ+lTb+nXnoxtEm/7n2+FyoYTkpKh
PqNz0HiSyQA8r2kgLziakMKsN/AyOdbIIdb7Tu292IdFw5nmA20viydjxHpG4Zbl
Iq15pcS41bpsy1PD2d8qHUglNfj88njCPNj70O5hx/1gJxGk88gPeg8J9CkgkT1S
UgPbwh0Fowm38YPD5r6VT730HTxUsrEHvFJCBPoDHKY3Ow1rbca352QGNYgV5Ptb
XOii0hgDiIvYEngUOtsbRa8O7L4YCpvH+xHL1OxGaWVTKCQ/DFiHOx6S0E2+s9Sd
DP3+0XwaWFphiTheABYQz9dF/TGGyERG2D5PzTB0jG09h8Oi0J8juLdg1Gft7C39
iSr6VhxpaXTtya8/Po31dY+FOR/sBxwOzf4JoOfYCxF2svmlncEjVUsjE2D+3MTT
jVZ1BZXS8MYBqNHXx/oZtL6Ba/Yj97drhuVsasUMO+xW1OGzeGwmeg14aaA5KKlj
i9savsGFKHotEde3jjJyL2bfJGx4wG6XmmsqlD7khy+lC/DOemk0G2UPZu+K+6Fj
r9GMQJAB9IMkLlpNK5gNsKj0Lt/z8OkhQ/o6CTakeqq0IEA3ISFzAJyfYNrWgsVr
wJ1loukGSso2rAWnKGWr3yFIFwidULdnMxT1lmduCJcjbzSxN4tVvu46gglyqmNA
lT5fzgOeQWAigaUJWDQaQYPakNzJFVp+rGhLS8xbug2X5pJ9wRcj6czJFQ89ti+e
5QQcf5DUj+LUadApqjk3QSxlWX16tDrK7lfmYVvD1mmzg3iFk1SwhNQWE5run2Pg
f1UuJgGh5q3a1FT/wQGB+No+whccK6uZ+tLUxqNa1+oWAHyBHPSZpQjO7Pe9kv5I
zwLrIJ/a6nttvOqpmRhBZf2U6ZCFgUxvI5G/xNexiIOvVZAuMB97xcRaZyP5c9Ru
6lyuj0wYYiToquIqc5FyDn89Hx0LO1qAMtv8SDlT/Y2ENF8eM9C00QyQh50ZJTtG
O79lwpCtjmnzGLXjCN6gWQT4DhoLc7G8JOGqEGdbUH7FrDWM9YwANJT+iZpHRDq5
W5yXi0Fm2GTu1PkLggQcnsHYkR+3DoE0br7itU1dG1oiWC5UcklnF3V3iDitb/Qs
XQmJU6IaAc+qga5gq8GrEQhpZwleuYGJR5r2kscHmFW+0W9vaw3AsX3wPiFGtAJu
HwSyX0pJMlkkdshqBnorRNRAhBjGxiEu8/b9kAyMZ4Qd34ko88D9ihuFVQjL1wcp
2Tsen08czUUU+D3qaCBq5cTfb6F4JI8PL/i4+9YgHX/p080KUl3KRayqGix1ZeB+
7a0Hsq5kv0orpIhC1KSDCdp6vQXxPEMoCWTZ8tauQv4klfLE1bJROG24s60vbUTO
IqweUOrMHaVKJ2FLpkq+oxApv/Uc0bdv+ThYih9cn01/CmmZPLVwVFfpOYa7afJi
AeKI+NHZZxoMietl3n25HooFQJDCcDMwFQpZq+hbztdmLx0VRsDIgAPPouvC1l1w
3csU9m0SsSe9jKmQG/sLROruC/ekgaVDgN+rwveiXNa+MvAqfTip+WR01JIM5Z4y
ZeqMHOtUn2+TD2ZEmswff7H3Sv+fTqAWpUnt9IZjhfGz0i2VwsA+BBe26GpPoUP/
DDk6Vr615Nz6uH3OtfnR2Qn4HVvyIUQZ6huUQuIBYYzZbcQFlraFIqM0dYh6SCMY
rOC/oQMki+B0SLp8ebFmxXALxkmZhhpLbhJ4eX1ukdteCtBJxcVY3ALwMgK6I6U/
fyqNEnKqtQAb/VcHa0ZmtWz5dPp6xciGf9ofMDRkZ+FcKnUFGwqLk0CK/HVi7fg+
ZpRMeOfkR5k7Cb0uslcl1uigHeyD2mxcaTj63FabLW7t2KRiCbt/4Zm/13C6/Txx
+Kf5luxu2Ew35vr6XDB3mmR9i6YKlRCGiU0ECeiSLBribc5n5+ayAHpgeaPZz9GL
A82yAWZjHT6fOr/Sak4rJptvjH70SCBtSpwsUWslEQ9mbGYyu7qVQBxBbdUbhH78
04EjkrCA46n9SrRaak90OBsohCAXFHtfJh7flCtBKp8J+B1b8iFEGeoblELiAWGM
2W3EBZa2hSKjNHWIekgjGJGuslNT5gzIPcluq8++dvQNCb67XRHZKgEs7rPkYxN9
GyiEIBcUe18mHt+UK0Eqnwn4HVvyIUQZ6huUQuIBYYzZbcQFlraFIqM0dYh6SCMY
EHssrr/lYpfJZMRzPQchNNOBI5KwgOOp/Uq0WmpPdDgALQOKSuTaMCDxFxo+T9z0
A82yAWZjHT6fOr/Sak4rJptvjH70SCBtSpwsUWslEQ9Th4GI3Yt0ejE2Iq6YLQpK
LW2kll19aZo/Tw61aCOxbeVf+N8tItRIZnQN9VwThFyH084i/XiEuuh5cvpLQgd2
b/nVmggW95G9MpJiIYpBfBtEe4SJ+rwEg6MzTIuFTL4BjKqL9eNExVgcZJR1HNLN
KWH4O+S56j3H5f2N9/haJ8xOWtrx5WRyXsfU8iO+zr+ft+e6caoO5Qk/qW8cbp9y
35/nTLVeVlRsPcmAf1dD3QIFPFsr6csclZqRk6ZE4LlqqDEtQKH6MiukCeslE4eQ
PqErotLYerK/sQ4wR9vIS/rNN4zXyNtsDfygx2qDdzSz0i2VwsA+BBe26GpPoUP/
4m3OZ+fmsgB6YHmj2c/Ri4TnLNj3K5ZkzSGpVlVPw7Kbb4x+9EggbUqcLFFrJREP
LesgVMuMZOMt9RFd3c0fO1RkgFIvQrT19IZ9G43I2FXC2wmUwv6aftCR0agyMAhi
7dikYgm7f+GZv9dwuv08cUj/Oyc9GgI3XNlM8yW/CLvJA9W8kXm/73E/nIoGxQpm
4yVu01gapzQOKM96IhpFWClh+Dvkueo9x+X9jff4WifMTlra8eVkcl7H1PIjvs6/
GMTv+YkyYr954z+higQgdrqYvsQ1CquHNoEPCe2lAfnjJW7TWBqnNA4oz3oiGkVY
KWH4O+S56j3H5f2N9/haJ8xOWtrx5WRyXsfU8iO+zr8YxO/5iTJiv3njP6GKBCB2
0BVwdcW7djd0pQpGUmOQ0BQBlL2YwMlCr4CHfZE3t43C2wmUwv6aftCR0agyMAhi
7dikYgm7f+GZv9dwuv08cUj/Oyc9GgI3XNlM8yW/CLt+etmnypr1Ijp9UdNBfwxq
Jg09RjzD09D0ntZyRb9iwFw6Q0qXyurmW8Z7aQkW4urMFxZctPknLa0JzFXI6Poa
nfXqrMfaT0G8eZqz/TRQsLPSLZXCwD4EF7boak+hQ//FkTkSWuthBUENn+RZS+NZ
G0Z07nVKPyZj7Um9cT/a9Y1jhqu3dqalnKGZSkXS/4es4L+hAySL4HRIunx5sWbF
cAvGSZmGGktuEnh5fW6R26QOGN3QWxtdD9w+VP4uKBThLCa40oVPWHKQGks6Vcc2
Ygb7yu2jFeOL9OmlOFOyhlwqdQUbCouTQIr8dWLt+D5mlEx45+RHmTsJvS6yVyXW
B2Bjfv5/RToQsggbVnbVZDkCjI5RCxpvJ4ljp+3aV8s5s9PS1FN9/PLJ3UN88iAw
ZH2LpgqVEIaJTQQJ6JIsGpZYdm2skk31pIVppbvJtkQxu6Wq7XNwx93X0Md3mtg6
ka2zqGghfLiI80Uio4R3SWZsZjK7upVAHEFt1RuEfvzTgSOSsIDjqf1KtFpqT3Q4
eujqDkBlatSoTHZh5aFHihtGdO51Sj8mY+1JvXE/2vWNY4art3ampZyhmUpF0v+H
ka6yU1PmDMg9yW6rz7529A0JvrtdEdkqASzus+RjE3166OoOQGVq1KhMdmHloUeK
G0Z07nVKPyZj7Um9cT/a9Y1jhqu3dqalnKGZSkXS/4cQeyyuv+Vil8lkxHM9ByE0
04EjkrCA46n9SrRaak90OL2rZgLmnrxmlcpDKktvQXkxu6Wq7XNwx93X0Md3mtg6
ka2zqGghfLiI80Uio4R3SVOHgYjdi3R6MTYirpgtCkotbaSWXX1pmj9PDrVoI7Ft
DGNDwAaHZfbW/wYAJdQkVJXwnDMWQ2C3lSfhdAUI/pjmSGBxRBE6ikqDwaCLNVx+
G0R7hIn6vASDozNMi4VMvgGMqov140TFWBxklHUc0s2nS6y3+1mFtNerkdL9I+nx
orEXbE2Iy3/x0c7hSm2jVPtOTn3BITbwvFtk5t9Njvjfn+dMtV5WVGw9yYB/V0Pd
AgU8WyvpyxyVmpGTpkTguZjsjvaXq1a80kEzYegY2XChvmZIGp0QZy91t/s7fQa2
YSToL/+tmzMs7p/6Xp2dXbPSLZXCwD4EF7boak+hQ/88V5AzqS3+Nwdq3ntG/xUc
VWU8X7GX0gpzuLOBMFtuyXCgVirk9aEDfGkMJJ1xHj0t6yBUy4xk4y31EV3dzR87
VGSAUi9CtPX0hn0bjcjYVVOm4mJG5t0rf/yKWw7bb3pzA3h4vueYZ0szhu4cLyxi
lFVRK9lPMJ/64ht3x65idckD1byReb/vcT+cigbFCmbjJW7TWBqnNA4oz3oiGkVY
p0ust/tZhbTXq5HS/SPp8aKxF2xNiMt/8dHO4Upto1TnPO4YDiYitJgzyWnvwmlA
upi+xDUKq4c2gQ8J7aUB+eMlbtNYGqc0DijPeiIaRVinS6y3+1mFtNerkdL9I+nx
orEXbE2Iy3/x0c7hSm2jVOc87hgOJiK0mDPJae/CaUDQFXB1xbt2N3SlCkZSY5DQ
FAGUvZjAyUKvgId9kTe3jVOm4mJG5t0rf/yKWw7bb3pzA3h4vueYZ0szhu4cLyxi
lFVRK9lPMJ/64ht3x65idX562afKmvUiOn1R00F/DGpctrdkKVq4uoS0d/nONwqW
0Zvb0NEU7YgCgtUaVLSbgJRtdw94YtJji+F1FOg1zzfqpnfUfD3l9MJpvDu/u59P
s9ItlcLAPgQXtuhqT6FD/2Fd+FH6p7Jm8/c7glonwdlwjFjVz2JmRUyWErD2xzAt
LxmE91lZbfHpWzIXsMwoeFilEbYOV6Ck7vAKvCzzKBtwC8ZJmYYaS24SeHl9bpHb
Lt+mOIfAQUkesYTG0VmrG4jrQtfRskxuuIYHAXcPQcIdh+JxY1C/JFZkdv9rBS+1
XCp1BRsKi5NAivx1Yu34PmaUTHjn5EeZOwm9LrJXJdZmiW/g27IKthLFJhe4t4Do
AzZ3iY4TgMSY4vIeWyQuJyaxfnSsdeEsZ+GtslgzaJ1kfYumCpUQholNBAnokiwa
Yc2bXJtD1McbSv9sOyd5eYabfK1csjjjJLaf++s3j4AuckVXfilcifRUJCHrIpZW
ZmxmMru6lUAcQW3VG4R+/NOBI5KwgOOp/Uq0WmpPdDgFgXuceLWXwH6znGV4C1NO
cIxY1c9iZkVMlhKw9scwLS8ZhPdZWW3x6VsyF7DMKHhSjdSPGkVbpJ9IVmxzuI52
DQm+u10R2SoBLO6z5GMTfQWBe5x4tZfAfrOcZXgLU05wjFjVz2JmRUyWErD2xzAt
LxmE91lZbfHpWzIXsMwoeAawUWX7jyfG8Ii5iDRB6tHTgSOSsIDjqf1KtFpqT3Q4
wzSDsX8n/tCN2HyxgHjip4abfK1csjjjJLaf++s3j4AuckVXfilcifRUJCHrIpZW
U4eBiN2LdHoxNiKumC0KSi1tpJZdfWmaP08OtWgjsW0ZtIVxzUH+aoLJCYszc0P7
xPItWZGDhfJoZ28qFWwy9/Pml9aKKPeLHDROMj8V5AQbRHuEifq8BIOjM0yLhUy+
AYyqi/XjRMVYHGSUdRzSzTnPh2fz2XAJ8W7xF4IUlIGyV82+EKxUY2E909KJ4j3B
pFlJeq8by8jCDT2oCa156t+f50y1XlZUbD3JgH9XQ90CBTxbK+nLHJWakZOmROC5
VmbFYJc8aaOBl35bJaK716d5OwtXL6DeFW+rn/p/h80HAvJps9SxvmBY+tOVcjVF
s9ItlcLAPgQXtuhqT6FD//bU+J+W6yw+mCAKUZ9gwOyA++NgNe2+FrpE/1e4JnR+
IdgEe28ec+wis6T6+nAevC3rIFTLjGTjLfURXd3NHztUZIBSL0K09fSGfRuNyNhV
HD7+pnx/iDkL2k2lnFWEc8em2VS+qth6NeeUSbgVCvz5FBNocc+AbcyR0cIDmC6+
yQPVvJF5v+9xP5yKBsUKZuMlbtNYGqc0DijPeiIaRVg5z4dn89lwCfFu8ReCFJSB
slfNvhCsVGNhPdPSieI9wdwAnlktlDexJc331Q8cN0u6mL7ENQqrhzaBDwntpQH5
4yVu01gapzQOKM96IhpFWDnPh2fz2XAJ8W7xF4IUlIGyV82+EKxUY2E909KJ4j3B
3ACeWS2UN7ElzffVDxw3S9AVcHXFu3Y3dKUKRlJjkNAUAZS9mMDJQq+Ah32RN7eN
HD7+pnx/iDkL2k2lnFWEc8em2VS+qth6NeeUSbgVCvz5FBNocc+AbcyR0cIDmC6+
fnrZp8qa9SI6fVHTQX8MahTIJhfDVycYZV+pvSx01sCox4Nav5lYeoxbv1MhHePK
D/a+gcVE4xLqoC6b8NdZYKyyDKQfttm6foc03RJSvcCz0i2VwsA+BBe26GpPoUP/
X3lOR83zFveCYjCGE2sNRziSvwYrYyOPtuRuOsxIempZunEIutoVIk7ULi3kn8rj
ebLYBWitoZFxevcJgxgow3ALxkmZhhpLbhJ4eX1ukdvp57CW9+O6+rPlhK9BrK2G
A25pV97J5dom3mScCUi69To+CWZv9rujEOXg6LXAG71cKnUFGwqLk0CK/HVi7fg+
ZpRMeOfkR5k7Cb0uslcl1piKUqZdxOdlNeUbe8mCMUegfqjZ9/nP7L0Aip/W0LGZ
45Vp4D37pLY4dXHSViFug2R9i6YKlRCGiU0ECeiSLBrFVBuNSP/1ufI39+Hka6e+
mXpwJCP0ebVofNjE1IRwhTrXdCiaVxOK2DflHKVo/N9mbGYyu7qVQBxBbdUbhH78
04EjkrCA46n9SrRaak90OFS2XvHVuE+PYbhDmJfObqM4kr8GK2Mjj7bkbjrMSHpq
WbpxCLraFSJO1C4t5J/K4z/ANGU024Fbq2NKNTx2UAsNCb67XRHZKgEs7rPkYxN9
VLZe8dW4T49huEOYl85uoziSvwYrYyOPtuRuOsxIempZunEIutoVIk7ULi3kn8rj
GcwF/E7lqgj+95bthTiFF9OBI5KwgOOp/Uq0WmpPdDjBsjQ3Q47jT0Kutnbuh42d
mXpwJCP0ebVofNjE1IRwhTrXdCiaVxOK2DflHKVo/N9Th4GI3Yt0ejE2Iq6YLQpK
LW2kll19aZo/Tw61aCOxbTmdWxz8sJSulwWhjzYdrcN4aT1F6+BO69PYXrOkJ3Vg
Iqe2g+8IDzSwYq7Vcx1YrxtEe4SJ+rwEg6MzTIuFTL4BjKqL9eNExVgcZJR1HNLN
l4sV/l19+oFs5mfie/tYpyQaYDlyUMGOcxXmF8qATeHdnMz5ep+uBrbFaPYb6BJC
35/nTLVeVlRsPcmAf1dD3QIFPFsr6csclZqRk6ZE4LmtI6Y5+2MDA2vbDRdvKvd9
1//DSo339MVM3kVCjrb9HQlNW0vWnvIYklBsFVFFoGqz0i2VwsA+BBe26GpPoUP/
vxEtPeK9cF8402U36o/16tPrH/Eujf7BW5KwuerKsVZS6WkUkoklxvEJsFHwzVKX
LesgVMuMZOMt9RFd3c0fO1RkgFIvQrT19IZ9G43I2FVS+Na/FB9H2FbH8XR4mDzF
ZJ/HMb0Eyq6wDhIDMwvFklX6kzS5V6pHuf/uy2TFolHJA9W8kXm/73E/nIoGxQpm
4yVu01gapzQOKM96IhpFWJeLFf5dffqBbOZn4nv7WKckGmA5clDBjnMV5hfKgE3h
6OHPdoI6widdG2gnzdz1arqYvsQ1CquHNoEPCe2lAfnjJW7TWBqnNA4oz3oiGkVY
l4sV/l19+oFs5mfie/tYpyQaYDlyUMGOcxXmF8qATeHo4c92gjrCJ10baCfN3PVq
0BVwdcW7djd0pQpGUmOQ0BQBlL2YwMlCr4CHfZE3t41S+Na/FB9H2FbH8XR4mDzF
ZJ/HMb0Eyq6wDhIDMwvFklX6kzS5V6pHuf/uy2TFolF+etmnypr1Ijp9UdNBfwxq
gh+YobyWhZroQICswzxcluixPgrNq5PgczdhcuoK67Q2U1eFdB50Zacs5eVSA+QW
NN2cC+Y8qDtLhPu2wEK9/gb6OqOc3dktYZPxrldsgUtKdLmMlvU3XV25G/VdPgp3
ytwwKP+aFSCDtXU9FauGWpdxWBgnRieIEPO04RCjUSghOVObTg2RaPndKHuGZS8P
