U2FsdGVkX1+GYsPhDfi5uczmJcCYAKZehkKHaVKmQkp+hOh76LBOA7kKBH/CW234
pC/VkAc3gTn/ffZEnoksbrfH/nZQSdNoJXShlwDsZ5/S/IDaWf6KFWHzb3yYSnQi
mEgMfObxmRjp2i98BYAzgJRpsCGZ6tRKzkOu8sRMOm5WVHeqLDze0LEBom2n+Pgq
fqFd7rSeNZiM0ZIRw98iK0jMHUgi5a+S1RQ7CyqKewxqT7wSuM1BrfbugFFYpp73
PGX7F5WrvEnNsA7ylJB6isIsyll63M+fvXyg/r7TsmWCYySs2uu/adzSD52cbwux
xV0PKJ68hK2ZjByM65UO8oGGYj6NlgmrOrVZbTqAIUJIYNLs9FO+KzSCbgXsk9aK
kQKB5nUFSSxCH675Dot3Sw17+dXBonvT0BaKnkoCA8po2bECneRhgU1R/iitbGv0
SDuNp93FE0nXVvEhpKNgxq0jCFKNtapGd6myv0Idja1SxEJ/9x8jL9Qn6/ij4ozG
lqIpkg5LTYs1xCqqGqEYz0tNxUpPMy1pjY7fI4fkInc+/pwmS9g72JEKRxagMsKG
S6WUeAChUB8rYnpoHH7rLLao22F6N7WH3CIopZyxQlhfZrH5K0vTP5M/mhw0+AQt
VTqj4wWR3sWCc5wFeLG7k9PDIKzduKjTdVBZyWOtViRES3ICw54ye2E2srUP9eA3
MWehF7zzbiBuL6pnAXE17q0jCFKNtapGd6myv0Idja22hQ6JQsA8nmNCoDCqEBHt
AqARfbT4uNHMutmmjbZ3CJNEFpQ2CugNctE/hTZdU2FQ7qbuG5qImSIclH1FmGNd
X14zcDeK3ik1JgyuA6Xd4Pi6rniUZeRtUD0SG8Fb0H84HpAnyLFd49ABX/6Rj97B
birVCek8bpLpG/AY1Y7hlMC/BtoxYNG+cOJrfKr8CAorFQNmYA70VuABkQOCTFvR
S7tohMRxSpNQWRDBSTUQ/IKh/bAS8geteNDr6Z0KJnOJ4BlVW3Nl/INcYjaFN5rE
QsvyRQKc6QRYpNQXMAMujmsJDSsgk2hK4QZPPGPsgGP4ERl8pf1oW31ok+8wfkaS
4eql8b6v69wtY/0CEnodz2ekQQ+XnC2GZQ+66ag+6E40FkdFXizXmB555+k+HFjk
DIhT9Qgs0RG2ypZDzW2ZuadCcItG7YSx61kUdex7J4KyEObPpUhfzjQhpuEJSupF
XzZk8+xatSPBVgUL/CMKprci1NH1doHzqPMCA+McN1yr3mt9DJ1KYdQYne1LOxkt
T9nMRBBBa69gM7uj2Ew6XMuSVnPXawKL2je6aQacAIYmoFBSfsoq7ubWZFcL1ZDe
+3rlLzUtFijfxr+GJ4oND064qLVRLwxhzJ8SGKx12zRkehsxHNgKiphINUvAWYf1
43tPzwCcfRtza6k+gcDTYw8SKJ5zxi8mCSOY2gp6Qf5GKdskp+Ngg8NUPXe/S0gs
JIjySnHzHnfgd+lyD/rLU8B5v9aWrWIY9PUGM1/daQ4GWaPTA7/2hutfG9NYJx/U
uQFDaHJHS9SId2g5uV08x3G4dxdZ+8kyaY3IgNFIFtna4Nw0l3r3KOEVwyid+Usd
gcYLHqRWgbbLFFO8H3TMYN005HYITFBen1m+bJveNKk1iLoZ+Qy6wQ1kFuTyATsn
ba2giTvnEqqJx+/3Hw2YZbzFMecq0NjQCKWlTIF3+/mw5HKizSY79o6mkzIUwkSv
+RPXoFDx3SujB/TZ/LNXpwy1z7o4n/PUeWsbG/uiIj0XlyvwnFkwbYGgKZS6pRfY
qSTliTciwnsQtqKFIw01hf7Kd7CFNL2/MHvzccBrB/n4uq54lGXkbVA9EhvBW9B/
OB6QJ8ixXePQAV/+kY/ewW4q1QnpPG6S6RvwGNWO4ZTAvwbaMWDRvnDia3yq/AgK
KxUDZmAO9FbgAZEDgkxb0Z/bCqZBHj02TjesjkmOLJrRrLWjdsZJ6GoD75IrQEji
VTrooajG+X64wOsI1FalUzF8zi5FZwAPiw4NX3q9JjoT/iN10C90GWRHGFTskl2R
7X+oBIurbypCk0IfccBqeD+RKmvklyf3baoKIC1tbN84PiGtk0Bw23KHAGIJnkfd
5MXG6kxAbEPgbUttskV4KLkBQ2hyR0vUiHdoObldPMcg/VtpMURNq78+TZ55+YfC
65vKY4nZguyXW1nlHMFr4jfqHOggTd/bR2VwoNYfQuYN9kRV6Nipjpyy8AzqQ5aj
3J8MTuYt88vjN0/zUo2BVLsnbPEq/7bN891QO1r7y+p9/PBrUfgt8QRZwP9hfhy2
Lxxy7K7X9RTZVCCR/TOhXr/Pm+wRQpU6z0EZFMG2vahpt/tGQi4TgrslGoT0hGVs
1s0xYwift928Cov85SQGu4svb1Hm+eMfj02fHTGrk/8DVlNyMCs6hGDv8t+Ajdh6
/nYt/URJv2yLnNQZBIuCBqygtDeGHBUoyW0PT7OnfnFisYZC15/4xFFWuCoOnpxx
fAFwShz0ofr/ou+w1Jhu/XlgJwI4Is9GPLb/Rp9UG3YODMEFw4NXCwX0TDND6AAX
T0xPbU3dO1amQmf8LbyG4zibqSDBR9WHCCTvA6NljARYZd8gfIp08+257oKVtogi
LaZ2hYQv6wlhgSdzgfnDrahywXWLt5tWaqXVWB1L1SJexpXXhyzopmBQI/syFjyy
dDpqCbglHQ/1cJU41BItp3QekEVv0oaDR+geNnDj+UwKKWuC7s5alKbVriVteNCg
+n+LsCnXyiQIL6U/ySNfZ7QqjVHjWPz3x4a9eUHAz3gh7faCagxwqMjoM9gv0l7h
ul3sbE7gYZF+xFMiZ+C7NZAiqDAOfkSZbpYOO4S9LcY/m8Q47KLWCRiRwTVOnV5N
QsvyRQKc6QRYpNQXMAMujv69AqUAHof/naeWsbnD3w7S7mKRhqRGr7OSpLGyOjXc
4eql8b6v69wtY/0CEnodz2ZCb9e8aoqyn6zpBxkehhyBRPRHdwSvrB/yczwdcBOn
P5vEOOyi1gkYkcE1Tp1eTULL8kUCnOkEWKTUFzADLo7+vQKlAB6H/52nlrG5w98O
0u5ikYakRq+zkqSxsjo13OHqpfG+r+vcLWP9AhJ6Hc9pSap1ZDHtDsw6EkWw8uyv
ZQLt0GZysHTgsMtxaF93YdwktLqyTJoWpljbXfS2k8qrYTxaWWSphmlzPvpI436K
RnaWrtqhZIIrDODk/QIlgznwWVK4ICA/hjFjeOJZ1NILsP2Lkllu1zWOtXH3yyqJ
KF7trfThi7UCTE9tzda8V7gbcUhhAps/JQryyHnIe0sMiFP1CCzREbbKlkPNbZm5
9NQbNcdhlAJsD2VlOnl4zfoLlfMWMGs/Z3Hzb5m9BpNfNmTz7Fq1I8FWBQv8Iwqm
LWxeVDBIWOfi1DscAHo6uzS6W00a9VuzBVXQJagTV4pb3OuzLVCYXQ3wHuCZCbfJ
qD2WEsVBftnLivMvhWb6+5dNWPrGLRtfYm8s/Qa0pIzvzE5022TDLJyqk9aL1UA9
+IHrIK8EaOx0rE85gkmTcA==
