U2FsdGVkX1+GYsPhDfi5uS/QCgTulYG6A0OlDneXAYUuPhs9QRKW9cuGvO/+iygL
zIuZs2Sa4QUUUkRcWppyXWWDn8KXnKtbDlvn3752aoW7ktP4inMJjcdTLBohpaIM
1cko6B5LC5iYGZnZaEExCTeiCMSnqp9xsvFsOuZcd53XbIKJG5bX3tT7euBqWOox
bbCA4StzJ06N00etigEl/+EdCUCta2KTLm0dbLgSky8qPZMn0DUxFqnRK8giCkr3
BKyqkNXX/N4BlFuPMH2cmv/68Ub1d9w82pdKUWKR+gmSrU4cpYfqD32gXz+64vWf
+PQp4m6l1OEfak6pV8ohjTzc0Gr81205dSkAq+mvkl4cVX9dOx5Z8jyZ3mQGKFdK
ePysOsgk9ztFCK2pBZh05RasML+4zwN2Vc1eH9FoTYqcUUYaopwfTyvTQAbSWkbr
KIYMOvnwHg4ajuGI99FCGQJ6Jc6HOESHOmNDPXLAQ1/ftHEMAVhz8yw+rnoGyj1r
vciaijWYkkehl96bX1tmspwAOiTfSHZauWBGrKaNXMFsAuhEG8XUJ93aYwGhGpLb
yH39eYf57ZCFwJfk1k5Z3FoCGQzFFI7tAexAVmudRMHfs/E1g37JTSXdmR64nKL3
4nmQwS+R5jVxgjRUPWhbfglMxKufUxh/Kcj2PFEKQQfpONySDnlX2NdGq8tlJdw5
67YHMOC7cPffSTLQyZZG/IjmHM3IJE41kkVtwzdx5aHuRgEZ89Pr/qKTQ4Mt/DMl
sCV7dzX6q10Wo7I5eaDGuCPfR8oTSTe6yBMyanH/5z7jBrC2ljiEBOrFdZFMVnK3
3d/X36Su0EIzicl1zKEQ+MTrl2aRMfUmdgricPJ1DmPaAe1VgaXPHT+/RdIqVK6c
oeMI1UHm4NLEtib0/A9iFz1/R0QSnuT0dQgS8i8GpBo+o3PQeJLJADyvaSAvOJqQ
wqw38DI51sgh1vtO7b3Yh0XDmeYDbS+LJ2PEekbhluVKU6zojYExMxkE1n88baY7
3T3W2t4q9yK5POzftIDkJiSDGddyThiePn5rZfPpFhcikB4mFbjszULYIRfPsJW/
9XH9tPpCBjhTASrbLIIkp9LF7uImn0X/velsb565w6I0h+1kBlCRailpqoiZZ5ZI
AKUdpxsqF8b8roEZkKlPqXTa6kIAKhJKLDzXhsqcUr2WgptNmQgOwLKyoVoDfZw9
tDBFgNQ9a7X6kl7H3wxYNKj7J9cuWB19XzeW0cyEcL50tRdZsmHe0yYX+FFYnzcB
5VN2b5vnSjuauCoOD8dlbAaB8avr8ih+TiSuxnzHx99Vobpq5e1rKKr2jJqFBf/G
s6cPUSc3nilKpllb9ef5lqgPugUsjbvLEfSEQERm+Ar1dTP8pxNvXHlW+SMyjWo1
ISgQC66gxWFOeKJvwLCxIm2oiHRQE4Gw3bEz/A6H/9D/+vFG9XfcPNqXSlFikfoJ
kq1OHKWH6g99oF8/uuL1n4yHTJl1qvF7KsujKLsWbtFisqz6wafPbXd4Or+WYhjt
dM//i0mWHyOFEt4LCAYiDjXVMdxEA8eRMWGY3BUQ7b/ByhZBtPa3dlp9s2mHgima
rjn60cIkfJe6WtdLLcQwIhhyOxHrHkmQlHhe3xPGBdkCddIzxAbNeIMBC5UkqvF1
15471aUBIxLkkc4UBL0OMgP2sU4GScpxBILKfl/IriMzm8xDOBRNAJ8v2q4c3Mgc
b3oFc+ucQkOPUPLK9hbnJXmgpdgO4X6XZBdXIw5XZ2IGUdJ9fNNsAd1tYqfo8sSQ
Anolzoc4RIc6Y0M9csBDX3qwXFZzUllW06YIxIOQtEMi+/wwzJAyBRcUkKINVWqV
RnOOM95z/2Rq4jLN6PG6im05LF+zigMmIPomOK22j4EPRDiaCaG4hje3PZ/Kopqn
zWNTHDlkNHboaJyC462Hgh41fhvsQ1G/J+IXSOiCRdudjJHsQSZ3fFWrKBspAg4M
6b6Fxh3v//gJnWm5jkTC8oI5Qdhws3dwJIQjGEcNaKF6LaxyX5euubZQ6JMZ7eaf
ISgQC66gxWFOeKJvwLCxImuIpXhOh5KtiuT++sC2UEEfHJObhJuBf2lRTC3fyDAd
sJU3Nisfu7NmurIviOmNyAbCvmbhuKCe0FFvbUUanLpLS7vHUyg5fVwBgCcmUb1J
g0MlumgBlVNS8czAzylFkQDTdCY4AUk5zJ0HPFwphcjt94cD/f/LvdStfX4FOYPf
1rvIx6pfwCLDQaVVK7uc8QWejwdQBz1KJyHVHxLQjZdVJBJjZ2s1OhOMLICbbSAc
6jHKoNDlJzCfIPv4SVOwR/GiFjCHZzIAmqQXiziccFsI3sr+LuxcznsNME3Sngyz
ZjdcflA9zmPBsyk5kU4Dggw1Ed4Flc4rZjAPSXlj7V4oPNwvQAxYSxaRDJGPOyz4
lQ/akQ8QNHVJm/BFLT5GjSEiFSOCoZWskduiTVoHgfEfHJObhJuBf2lRTC3fyDAd
V4Gb8aYD74lQtCIela97MLjhxujQ78s/FfqmcUe2WwFNA3XhVsw1wu4ePlSI82E0
EPvnBo9PUZm4zT4yfvowMrgLjrblYtbXJvDjdD6QGFfCe4GLER3FbafNjUHPQave
ERxSMV0Y6qrHswYErmZ7z6ujsFD1jA6klOdxY1pr/U2G8KOBKph2xf28CC3ccgm2
wiXXI4v0r/BvCVmgkI1sgcM32Rf+ZqASjTD0zV1WD0SO6mJEty1yAptWZHpknPih
nfOKmeQwy3WlGqqc8wPcKedDH6kGiIEsC0msAuEw4S4tlPNq2ce9sGQ15Lk4zPPs
Xq5JYiwWlSD4J+Fy56X/ZUwJpDPNt/1RC/XWL11IeQ+PNeSm/V+X3bta+cNcxrua
8xQrBlMgDOiFMUAeINEQhrH/i4/9SA1C2cE/bCPHZveT2aerXiixVD1SDskOTo+c
L8EnZumQvD1MTa+WQMF0Pm+pqvzl+z4VlOBtNk03wmk+mDzNsLyYYcexccigj0fo
acvK58oXZfEvLfHy84QDnVEGPQDmX3gMNfs7lfNlw4kk9SY89g9rft0SDvcsjx7R
xNOaRYI8JExiO1LKhm7CDSEoEAuuoMVhTniib8CwsSI871tTE+WiZ4FNDnH5AaIN
iLW4kbhBvTUszWC3INMgcKM8LLC96+nLVpobCZdz5J8eJqYweas6YGCkle5c9YJu
shVDMtgtN2VUGl0u/Zabsv6yySgo892p1heI0fYI5h9dzO1rtMc3MZtm+x0Uh0cV
/cQm1OVxAmSJW1/3X0iHGxdcDrTjjVk4ZXZLOGJxrl6zsFNphclmY6D5qCbEYNEf
L2Zq072/lCRKWSOxAe7IqDGKuDR8ShkkRe0rRidXdvQkQwNbUUR0SZTYIwCZkRlO
X7GdPmAFbWPQTMQAuboLeTNtIxBogKj7YpNFHSqOhmAXs3uz/zjAfHrB4cvmlQlt
RYNb1ktmlXCHFH82JV6RNHIizVUn4WevhJevvwhgX24x+D2siqnmC8g0OWHOHcQa
CaM+uG7lqed05dyte6uFHb7QtteGpLgSjpI1+1hYBw4J2h3n5tTn8fHgLLrYKmLn
HiamMHmrOmBgpJXuXPWCbrIVQzLYLTdlVBpdLv2Wm7KcomuRmUjVmm1KxcrRNDwq
HYX4xeoVUB0oT4Xx/q3++AHWX+3Cc8Veqa/CJZ46occeJqYweas6YGCkle5c9YJu
shVDMtgtN2VUGl0u/Zabspyia5GZSNWabUrFytE0PCreAhwfWwFViTkj04I+90ex
GipeESQae6IQVqsXx2JiDXIizVUn4WevhJevvwhgX24x+D2siqnmC8g0OWHOHcQa
CaM+uG7lqed05dyte6uFHVDocPIW8BLV6Gb1pkncJTixI7SUhHfy80IvsYx3/nEv
1Hy7F3mmTCtP/r5zCJEnkOQ2xrYqMzqKHa/udVBsyAWj4vC2KVqoR/KwfakbvNfE
XYaPng+T9V9nAOQPXv+c9ZR7hkZNOBnP4tzdgyRAxvDYk+RdK+ePiLlNN4RJiUMo
3f5yW5gSTNBXLqxM0qa4ATeUV3678aCwirN/7h1iCFXChj/od0kpD7ktef4ikq6H
n2AUTPpPSEESDYOMyc5QlTFJUmdTA36qYJIcMVEPKy0cwuFfZlV3r+/dcRILZa9z
SRDPGPm0Fw2c+dOm7kgGZHdG0NzSqO7Ha+UvRckrTuEs6S8vPAl+/PATXyzdzBEA
y3oyFX4ApYseOriv2Qk9/TiQNIreuWR8YlC70jlqFs/mvZETE9IxjEnX57AAcNXf
opkJADw/4dYIvntU117ucs+MZTwmzDiB7aFg54TZMWE/Zbu99QR8RUV9CHeDcFCJ
scXTaEX0M4TrYj8noTzx9USodlx9Xv5O4ESfaF5zPG2v5M55m8ShkIWS0LOdwkqI
2JPkXSvnj4i5TTeESYlDKN3+cluYEkzQVy6sTNKmuAFwT9gmLGXAxFIB+7ji9Fl5
MuZ/oT8k0sumM45oTrP91a/kznmbxKGQhZLQs53CSojYk+RdK+ePiLlNN4RJiUMo
3f5yW5gSTNBXLqxM0qa4Ae2ptT8VUHvGNBDWq9Sf/KhEqHZcfV7+TuBEn2heczxt
cqcPfEbMpYkuB/iIDNU/a8+MZTwmzDiB7aFg54TZMWE/Zbu99QR8RUV9CHeDcFCJ
T97Fi6X8ER7PDtLR8KMZq74/fUh84Y+bQh+8a+wol4hiFDmhwwJ1AOVwrT42i+KU
vwnS30DjmLtqauo/icL8Q6/Tm1tU1h1qbdfnR3Af9dWItbiRuEG9NSzNYLcg0yBw
ozwssL3r6ctWmhsJl3Pkn96z6qSGFU1vfq1BdYHF02sHYTX4LSMebD+dqNdeRRIk
07IsK3WaG0VuO4qedzbkYF3M7Wu0xzcxm2b7HRSHRxX9xCbU5XECZIlbX/dfSIcb
yC/m4D9WK8TcIKE4iPNBw1TbvQKPtgdLwse1sSSajp5GcuSP0AM67dl1gm89FwEW
MYq4NHxKGSRF7StGJ1d29MmAJQbrhgzNnfZa/bMobkpS6i0i0/uJ1+azr4whsIkH
6tHsKDRM0uDIrDvlHbNq6heze7P/OMB8esHhy+aVCW1Fg1vWS2aVcIcUfzYlXpE0
Md3TDSVWrJiUVPYkclfZdZogq8Z1DaMWIoZ4S/Dovn2kOTbrlSan2JilgTbgCFaP
vtC214akuBKOkjX7WFgHDgnaHefm1Ofx8eAsutgqYufes+qkhhVNb36tQXWBxdNr
B2E1+C0jHmw/najXXkUSJO79BKiCGO8lFZ9N/ZY62b0dhfjF6hVQHShPhfH+rf74
AdZf7cJzxV6pr8Ilnjqhx96z6qSGFU1vfq1BdYHF02sHYTX4LSMebD+dqNdeRRIk
7v0EqIIY7yUVn039ljrZvd4CHB9bAVWJOSPTgj73R7EaKl4RJBp7ohBWqxfHYmIN
Md3TDSVWrJiUVPYkclfZdZogq8Z1DaMWIoZ4S/Dovn2kOTbrlSan2JilgTbgCFaP
UOhw8hbwEtXoZvWmSdwlOLEjtJSEd/LzQi+xjHf+cS+jtqdcaQ1SDYfuOIxB2tD7
wdqB3UmfRuREKyiCot0mvNA7bT466g+zDSkPV4NVEFNdho+eD5P1X2cA5A9e/5z1
E6NtHccqUKyyeT1vvwvmniN9d2hWtNWkAQ4WsnS3+5k1uulVKJYXv101sLb7UWkN
Kmxyk2SDuakRnfnW+Cd/rcKGP+h3SSkPuS15/iKSrocAkLMe03+plKYKseZyAttl
15471aUBIxLkkc4UBL0OMio8XgjvG2B7IiQSboi23PlJEM8Y+bQXDZz506buSAZk
d0bQ3NKo7sdr5S9FyStO4UT2GX2SzBDoVCKS2FJ0ZnUR29JKzwZxO6U/Y5eDOS5M
CUJv0twupPgXZIMLjXRBXea9kRMT0jGMSdfnsABw1d+bPN83ed/NoHWf7+C6cCFk
MT9IzEeAUYSAHhD5Y7nk6GA39xI3l0LjV7SIXRt3PMKxxdNoRfQzhOtiPyehPPH1
RKh2XH1e/k7gRJ9oXnM8bY2H7dODeFNQe9jr0YTyxK4jfXdoVrTVpAEOFrJ0t/uZ
NbrpVSiWF79dNbC2+1FpDUeXJiBzavJbpKgQnpCyhLUy5n+hPyTSy6YzjmhOs/3V
jYft04N4U1B72OvRhPLEriN9d2hWtNWkAQ4WsnS3+5k1uulVKJYXv101sLb7UWkN
zin6bRO58D6bhvyf5FWUUUSodlx9Xv5O4ESfaF5zPG1AMByCLN6vHQ0P+7zjVFhF
MT9IzEeAUYSAHhD5Y7nk6GA39xI3l0LjV7SIXRt3PMJP3sWLpfwRHs8O0tHwoxmr
vj99SHzhj5tCH7xr7CiXiKduPGC8rNa1a8HmfYs53AzqXK6PTBhiJOiq4ipzkXIO
BctcUgZ/uxcd9GoZrsx5rIi1uJG4Qb01LM1gtyDTIHCjPCywvevpy1aaGwmXc+Sf
Z2BguaZhcNS0gvH98kM/+pNZIdXXaa6/be27FB+JExIS2CmJOR2GSzTQHL3brIHh
Xczta7THNzGbZvsdFIdHFf3EJtTlcQJkiVtf919IhxsOAjMy0GdAXY1SurEqV/Wr
bKbCHmtkb4cMQwGcd5NNweo+V3BuRykYE+g/X2UPvp0xirg0fEoZJEXtK0YnV3b0
kaWSIxwOrptKG6ZO3eT2OE0z25x52mDZXb399hjUZFu0MM+59Or3uziD61Ai6NUr
F7N7s/84wHx6weHL5pUJbUWDW9ZLZpVwhxR/NiVekTSlAUTDFuYm6CM8ZI11YFvF
+cFFS8SDa4bGjRd5Pt6R/lbHfFx3LBLbNdhTd4B6PeS+0LbXhqS4Eo6SNftYWAcO
Cdod5+bU5/Hx4Cy62Cpi52dgYLmmYXDUtILx/fJDP/qTWSHV12muv23tuxQfiRMS
V91zCCKXuqyE4RZKKZ6s1R2F+MXqFVAdKE+F8f6t/vgB1l/twnPFXqmvwiWeOqHH
Z2BguaZhcNS0gvH98kM/+pNZIdXXaa6/be27FB+JExJX3XMIIpe6rIThFkopnqzV
3gIcH1sBVYk5I9OCPvdHsRoqXhEkGnuiEFarF8diYg2lAUTDFuYm6CM8ZI11YFvF
+cFFS8SDa4bGjRd5Pt6R/lbHfFx3LBLbNdhTd4B6PeRQ6HDyFvAS1ehm9aZJ3CU4
9Gh+vPmPSfd+GhUrY2rH+ZdxWBgnRieIEPO04RCjUSi17RVl1p6/sTBb1K77wAcg
1rn6w6MNIPnKeIfQudOCZhXO3WvanbRGQaErOhk0/T+Z7bAOIWGALC5gL9UpU0Xs
xqpimZpO51+EAAevX0k7gUG8hDd1fJCQ8Uq31kgU4BV11afJE2w73c+vROL/ista
