U2FsdGVkX1+GYsPhDfi5uS/QCgTulYG6A0OlDneXAYUuPhs9QRKW9cuGvO/+iygL
zIuZs2Sa4QUUUkRcWppyXWWDn8KXnKtbDlvn3752aoW7ktP4inMJjcdTLBohpaIM
1cko6B5LC5iYGZnZaEExCTeiCMSnqp9xsvFsOuZcd53XbIKJG5bX3tT7euBqWOox
bbCA4StzJ06N00etigEl/1ub4Tgt1evUe+5GwcnqzUaFeWmwPuIhCX8tN8ytaaHv
ZHqnOYlj3bRTL8MZ2uG89v+3FzWDPafmOq0PISCMdSecMQkdADYod/9WpsjQ1lpS
NzsNa23Gt+dkBjWIFeT7W1zootIYA4iL2BJ4FDrbG0WvDuy+GAqbx/sRy9TsRmll
UygkPwxYhzsektBNvrPUnV/LAjvuQuTv6Z6szY3B8wtGEWrjwReDe4XmZVV3PLlb
CTpegvMcdzmniIdWSyobmVdx3XzBL9N3GEwBTyss0bH9kQaZJvbvnEhzP10fpn99
nIAou2PB5I7xjCbadiIeyQbCvmbhuKCe0FFvbUUanLpLS7vHUyg5fVwBgCcmUb1J
g0MlumgBlVNS8czAzylFkZgTYLJec6lTabt+4AtOwTJSFUAA9GGQgCtz48+Dd0FR
vFindltwVrDa1axrjiMBCRqBNPiT/oRHmG3GW1g3RzHmnEAz/i9UeuA1qmCEbyze
wJ1loukGSso2rAWnKGWr3yFIFwidULdnMxT1lmduCJcjbzSxN4tVvu46gglyqmNA
mqGN/ueS0kGMNkP9lr6udrVECFdhNTgEyu6vtxtrJhMzWXZt6oMc+vapX/kCp/D+
UMF1rppetDpYaGgRGBzRi7Tbheg1vN6U/v4CDj7+H8AxYaBfm2AQqtrZRV+XCGt4
AVl0DLEOgq41aHk3+MsfCtHx2Xvg6XcuL7YSgM4rKquvD2ldLDD62HNUo3++yerC
6/bijvICZOjUEPT9ZG9EvnhisJVpB4eLcUxUELRUNVwkS6zMiuG3hIC9r0i/uOXu
yB69wbCl+LOH7fc9K3nhMauxB93gJWS4suzWGdpDTbeMP2pCk2wI0Rcc2EdpG5Z+
NzsNa23Gt+dkBjWIFeT7W9gKy1HT69UEQNkpUf27UFfTKQByHWLer1drAzHD6mP7
iAkPjAQaNq7NRSEeVsIxWvAFmP5vd3BDphNIk9Oa/SYZrtuAk75cmZIRJ0B+/KgT
WYhENWj5kyoreiNAYTB7sz1TLug7hWfVURCNhUcGm9ZtKn7iqLh0X1Wy6J2FSlfZ
AV3UkXu+TFc2wwQlJLshUeZDorMfhhMsxzq4/f9fq8dRonebD1KUfewyRPdvWjeG
L6lvX3zALno/3sJnO63c3PSBmImd0U9m2UXvocSRvPIxg9P8IvYuUNicIffgr3wj
SDEWG8Eo8L1kLcM1KAqQD+87C9oTQtwb+yGwdCwyYk1ie1aeZ9/5fyN0qiXWijcs
TjH4sLzD5kR3c2jDBBahs5sFWpl0V5/OUJZwgvMu6A/KqjCCLLf7kLhQPpwnVJ4X
pOZv0M/5RHs19uNPLLecqsLr0kA7yWOO//IBSjZSE4+URGo2crAkQlm4GEvFTwB+
HLFNraHB/Af9iv28G1noMjGD0/wi9i5Q2Jwh9+CvfCO8E8gWEu4ZGrvKCvgAW5d0
0n3u3lXANPlI7v786H6tlwWkwpy4SKrp/Ft7x+KfOFQMYhwIcykLzAjPiIIgjAOY
scP/P57PgcX1gf7v5b3VROqCUD8XBfeTUXaAW1B6u/Gm+fAqTlM4rSHJKYOIuDYu
MYPT/CL2LlDYnCH34K98I40gZlfzg0hzWUzKpq1A5a06BxXWtb3fCdo2jjhxvZzT
PJT9V8gPztsGGIAcTG/561gl5ygrwqPr9GNx1e/J6d1gEY5upIia3+r+/GFhE4dv
BWahznjcDZYW//c4hD7Y8URoSLjWK3aSqthBBToqvYOdFkuIjcAMZy+oF8L1nBgp
bSp+4qi4dF9VsuidhUpX2TOxWUa1gIPoLKC836zB0fSwI95JoKYyoF4tmRfxEYVC
IZDswVoklspK1pxVVwDbYkGe5HGjnl3X111wBBxDzkrJj3ifXitdmDXAybSzhoT/
6q31g+AioLdcLwkabUdcyJREajZysCRCWbgYS8VPAH6zBw1r9szWtDYFCKzSgSF3
sCPeSaCmMqBeLZkX8RGFQqLTQ7MyOxQMIURUDzE51EbH4QwRsEjCqGo8Yj55+u34
5V47vkOZ8YCNWZACa5d6fwcW6vUIXCH++y9VGh3BqZSbBVqZdFefzlCWcILzLugP
MFUSNFnC0Ik6R80aGNc0kyvd9CUb1paPLDkapnl3XVfOOxjms71f4eCYz9O1mytX
K930JRvWlo8sORqmeXddV6lm90+YnMwFmPJ61yd4cdQ6BxXWtb3fCdo2jjhxvZzT
JIsyxnVESYwuMSMA9k1VJDoHFda1vd8J2jaOOHG9nNPm1mEz+6T09Ep0MYMRznjr
6LE+Cs2rk+BzN2Fy6grrtHTHE36UZc3UHsPVSdHaOJDfBED9NwNTVoeN+zTb7EQk
eQOYTxpGJpBoKHlZeplphZ0wkUXIYklKDxxYRn8v0m1ZQSKS2Gb8ZtR1AFrDj0Py
PVZmE5iLUaSTEqddMKStT+9J/HjNEVuzGQ2bk396ncPLAD5VMIJqhYKFtTd0GDst
T14EwbhcMM9+cLoS2UzbIAxiHAhzKQvMCM+IgiCMA5gVy6pz3aeyfBT9WaYIt5cX
9ZDc8kmBuAvug9fZ01z4Tf0OtXtjHsILpl/YPdIpD/WRo12u4Iq8Wymi3qsCfzHJ
lERqNnKwJEJZuBhLxU8AfjlDBYwgQOCHwiqL0iQmsaw2PpRfmYr4wNPwGbNth3cT
y2Cs08CCLFJ8Bzb6ZiTxlYYar5vZMoAgKO4fc57Tgh2Awn/WOj6/Oaa2sLxHl1fl
UOqirysHzFJWtMx5A1YStS+pb198wC56P97CZzut3NzxRlGpuy7FJCvghnExv1pW
O0GUl9QLnOEOllczURXTxMsAPlUwgmqFgoW1N3QYOy0oKzIOxH/FPPSGq0+ip0br
/EgaWDEZyavHn2rufhJt3dSQqZPP5Xp93tyf2/mQGE1qe3y+TFDvAmDJbdfi/8/p
7zknpBnifUxkH/Jpn9nzKRIguOOg+LovQm+h8CZ5tmGURGo2crAkQlm4GEvFTwB+
5DhmR3MnrX0fLfoiZN5UemxsY0FnrHqtsfeoEe76/s/yopOYAdN2snqnHf0qNeKm
tuIl1ysmu40sF+ydn1zO8cmPeJ9eK12YNcDJtLOGhP+c8myhiBFZcOhGU16K3tx4
L6lvX3zALno/3sJnO63c3E1xPhd2k+E70S/nb0g++ySbfeSIj0BPQhHJ9awWRvf7
a3w4mfRxMa4FCJNlhnZL8XI76wBxiz+HbUaLmuBUvfUoAG76Ej2czwlmRIPwmAFr
HrlMMJN+EL30tNC0yN1QK2p7fL5MUO8CYMlt1+L/z+kYv275wMf9YMeKkLactOME
fMaz83ll+hC4D8iSzeK6LUK7kOw9Co1e8JbyI9jzTUiT2PrwWLJdQ8Nrx0FR0J6g
pOZv0M/5RHs19uNPLLecqiKOeJHqGA8SF4XlofUtsmrY1DHeNZQGaMkJOb+shYxl
RGhIuNYrdpKq2EEFOiq9g5i3ewHI/6pGhkf4OELxh3n/txc1gz2n5jqtDyEgjHUn
nDEJHQA2KHf/VqbI0NZaUuiDhjDZEzLyVQfVBqBFWDxie1aeZ9/5fyN0qiXWijcs
EvpxJCYe9OudWOO4++GehjGD0/wi9i5Q2Jwh9+CvfCPsNKUsAfLhX2xgEoSxy8aQ
9ZDc8kmBuAvug9fZ01z4Tf0OtXtjHsILpl/YPdIpD/WRo12u4Iq8Wymi3qsCfzHJ
lERqNnKwJEJZuBhLxU8Afo1sSvt24p8aAaMR5cF6aQVWeMdPAM5rEFB3sGfPcCU5
mwVamXRXn85QlnCC8y7oD++5FlNCkIJiWUXU0rQoBlBsbGNBZ6x6rbH3qBHu+v7P
8qKTmAHTdrJ6px39KjXiprbiJdcrJruNLBfsnZ9czvHcDbHxTLLkc+EVemAw9YrJ
a7VwSXz0misVRa7lw72WiTGD0/wi9i5Q2Jwh9+CvfCMtcIDyEnl5Whg8iVUts6nF
x5xGNAtVp2uwdO3RkJRKkF4lbWYFIpp5K45D+npDNJh21cHdApNWRdRntBM+FNvQ
mwVamXRXn85QlnCC8y7oD28Ehb0AD9N1zvOGpk+kF4/qglA/FwX3k1F2gFtQervx
5a5t8RInvPgp51WckD2fpfseffOrITeenM9sMvMdevM8fW6B8d6+IuuIosF1SJuB
ZQr/RsErMV4ClJCCNOT5Nm0qfuKouHRfVbLonYVKV9mjHpzoHQvRj3rh/rsI1v9e
Nj6UX5mK+MDT8BmzbYd3E9wNsfFMsuRz4RV6YDD1ismGGq+b2TKAICjuH3Oe04Id
gMJ/1jo+vzmmtrC8R5dX5VDqoq8rB8xSVrTMeQNWErUvqW9ffMAuej/ewmc7rdzc
kxvvBwSaHuIFSmEGnkvschIguOOg+LovQm+h8CZ5tmGURGo2crAkQlm4GEvFTwB+
anuDXcViUrPbwbrXIBgMmVlBIpLYZvxm1HUAWsOPQ/I9VmYTmItRpJMSp10wpK1P
70n8eM0RW7MZDZuTf3qdw0RoSLjWK3aSqthBBToqvYMMoctcPBeNcjTKMGmTDVuN
7zsL2hNC3Bv7IbB0LDJiTfnLWfjIthDr+cPFj+igCUrjoaP54/ulw0PuREZdoni6
pWqWYyZVYzqKR4wToVNje5080sXKSshZBp081Mfxc5Axg9P8IvYuUNicIffgr3wj
6ksq9Nt7NmIgBaeIcfa9uWVrlP5v1XrMnqSjqlHdGQvmQ6KzH4YTLMc6uP3/X6vH
OnLgxUpB9mvu2pq4ESfZicecRjQLVadrsHTt0ZCUSpBeJW1mBSKaeSuOQ/p6QzSY
dtXB3QKTVkXUZ7QTPhTb0MznlgxGO8KVZScA1fhaer+wF3/hT7gQpDkUDuxa3bTQ
ant8vkxQ7wJgyW3X4v/P6QCYkVsDD7Q/sZW41AFLFwWbfeSIj0BPQhHJ9awWRvf7
a3w4mfRxMa4FCJNlhnZL8XI76wBxiz+HbUaLmuBUvfXpEbL5iVeqVlJBZS0wTD/K
j8Xz2RloAjbx3EtyeA/8RuZDorMfhhMsxzq4/f9fq8dxW1wblsF+bS3l64usH/4I
OIWmDpjJwYIeeqvkZmfSxE3/8SB3ScjfCzJWybSICRiTBLzfJNg0/Z5MOUyRHTF7
5a7OfMcjBh3LcqWHwF5TZGMreJ+m+oU+Q+DED1sytIjFz0CKzvtXJwxuAdElPEwv
fj+OPq5bhBBrHNcyYJv4zaVqlmMmVWM6ikeME6FTY3udPNLFykrIWQadPNTH8XOQ
MYPT/CL2LlDYnCH34K98I/2Mt/HhrhwQ3x0kfx34OAPY1DHeNZQGaMkJOb+shYxl
N61gqcS4UClBDJRVZ/PT0IYar5vZMoAgKO4fc57Tgh2Awn/WOj6/Oaa2sLxHl1fl
UOqirysHzFJWtMx5A1YStS+pb198wC56P97CZzut3NzKgitUgx0ii38xBOUlVYfI
7zsL2hNC3Bv7IbB0LDJiTT5ISbNIksJb2KbSq8hbH+98xrPzeWX6ELgPyJLN4rot
QruQ7D0KjV7wlvIj2PNNSJPY+vBYsl1Dw2vHQVHQnqByldfZWGtu9TfMTW7//qAt
CeK23mBJQP7v4uVM6GzYfWp7fL5MUO8CYMlt1+L/z+mOUKXKqd63iZ6W/HJmWsCC
m33kiI9AT0IRyfWsFkb3+2t8OJn0cTGuBQiTZYZ2S/F6Q1Ln68AO1a/aPcGR0jcH
IuBap7LOhEx4jBBptuO4E15wuvvzc0mjIIwlmapLqlSNrJeL5saUpve3molH1ghL
D+/u4aNVSvXK/DA+W0Xo69p/brVCqPFk/6amkKJd38TGTUjDf45+XDCiBjq00/XC
UHfoxll8c3DbhCiY+pTqNzoHFda1vd8J2jaOOHG9nNPbzlmhtihifuFRGbQfCDRr
vj99SHzhj5tCH7xr7CiXiJREajZysCRCWbgYS8VPAH6CnDqvHjJ+lItcly4/EJB8
bGxjQWeseq2x96gR7vr+z/Kik5gB03ayeqcd/So14qYSSygQuxp7Ci1hnzoKZSIL
NLQhWi7HU93Vdoha6lb0hUsBpf4y2VuXtOmXwof2RD3H4QwRsEjCqGo8Yj55+u34
Fcuqc92nsnwU/VmmCLeXF/WQ3PJJgbgL7oPX2dNc+E39DrV7Yx7CC6Zf2D3SKQ/1
c5WhTf1MqdVge8Lx6ok91QQ97kZ3CVDTuImp7sAXAjNHv9rEtNcbkK5NIxA+BdhC
lMIoNQvnxvmWT/hMA3gTR20qfuKouHRfVbLonYVKV9mcM6eDdaHkCSjpsZJhMZZ3
/7cXNYM9p+Y6rQ8hIIx1J5wxCR0ANih3/1amyNDWWlL91SToXbbcdIMeTsmwu1Lf
V087Iu1LKa27m8OaBC6jSAmbn3gYE85OQ4mIFlBJSTw6BxXWtb3fCdo2jjhxvZzT
GL9u+cDH/WDHipC2nLTjBHzGs/N5ZfoQuA/Iks3iui1Cu5DsPQqNXvCW8iPY801I
QZC/1Cny+F3ywgRRyIFKJJREajZysCRCWbgYS8VPAH5opCj/i0SaGB2qNSsetsqq
G/+epRhKN98IiyPn3+7r30RoSLjWK3aSqthBBToqvYOM7uEEgeoKvk2nXGDqMzEW
/EgaWDEZyavHn2rufhJt3QDlOZoM8g66wSYlguEDSd/H4QwRsEjCqGo8Yj55+u34
ouMmCslEbcBnirPxZYrI0aFVeKqfJKoCWpAE8d8EMNzH4QwRsEjCqGo8Yj55+u34
ouMmCslEbcBnirPxZYrI0dTOQM7UytwnMkwAvHWQl6/GTUjDf45+XDCiBjq00/XC
UHfoxll8c3DbhCiY+pTqNzoHFda1vd8J2jaOOHG9nNObqdaORUrn0FMSsj4OIIKM
DQm+u10R2SoBLO6z5GMTfbAj3kmgpjKgXi2ZF/ERhUI2Hw/c53JbhuffSBu0gCGA
+x5986shN56cz2wy8x168zx9boHx3r4i64iiwXVIm4H5lnqquItS0JSxmZQ9nzDd
5kOisx+GEyzHOrj9/1+rx3eEME96V5A3OPl7kAeYBc1mGTh3MQa1anVSmKJcrZUR
lERqNnKwJEJZuBhLxU8Afgu0f5K79SUeZ+I2yjwAFB5ZQSKS2Gb8ZtR1AFrDj0Py
PVZmE5iLUaSTEqddMKStT9j6btfpp5KWoMC/3EtfZ/+k5m/Qz/lEezX2408st5yq
MGam2Jf02a0MKQbmxjAwsFUMHM9h83Dq/lUWstCsHUYoAG76Ej2czwlmRIPwmAFr
xDyn0Mztafd7JVi7SFfc/6VqlmMmVWM6ikeME6FTY3sxQ2l2CBkvqUCm7tZrqsVH
5HWA/aw8Y6qzqVguswixPSHHFWrLWtEP90qNM8vkI1rYPFa7di1rmEOKxaubJ6Ya
5kOisx+GEyzHOrj9/1+rx3cidl+BnBIPn/X0kFDhuo0Us85X25TQXYAPL6l4YUZY
121BO1I2XsSsWcPhB910XHCEgKsfpANrJhOzWXorC1FEaEi41it2kqrYQQU6Kr2D
anyOjdvVHWQwHkteitQj3lgl5ygrwqPr9GNx1e/J6d1thSgiQL7ku6BIF0g4FmIR
7XoNJ3g/MtqUfC/PnSq4IkKKiCCH1xjEDUTjnjzXmF1TDgfKkitfJhIp4WxXcTnn
sCPeSaCmMqBeLZkX8RGFQmPeCdhxyvUoL+66DGhBsIbTgSOSsIDjqf1KtFpqT3Q4
sCPeSaCmMqBeLZkX8RGFQlrzt+aKZo2Ms36OiMQ9T377Hn3zqyE3npzPbDLzHXrz
PH1ugfHeviLriKLBdUibgfmWeqq4i1LQlLGZlD2fMN3mQ6KzH4YTLMc6uP3/X6vH
wTXMzk0ESTPK9g5qSnaQw4gAjDzpH3sTffmo/nT4g5NtKn7iqLh0X1Wy6J2FSlfZ
FI3woiuakDzeNvaGDWWdlZt95IiPQE9CEcn1rBZG9/trfDiZ9HExrgUIk2WGdkvx
ekNS5+vADtWv2j3BkdI3B5sFWpl0V5/OUJZwgvMu6A/3Zp8q+XBCIOiuwDgliR35
G/+epRhKN98IiyPn3+7r30RoSLjWK3aSqthBBToqvYPhiG9u5PItHw51cjX7Vv/B
/7cXNYM9p+Y6rQ8hIIx1J5wxCR0ANih3/1amyNDWWlL91SToXbbcdIMeTsmwu1Lf
mChFEg4syxDwHGkIStBRXkSodlx9Xv5O4ESfaF5zPG0r3fQlG9aWjyw5GqZ5d11X
0IyVOk2qkfXbFnwCMD93ARSzzlfblNBdgA8vqXhhRljXbUE7UjZexKxZw+EH3XRc
cISAqx+kA2smE7NZeisLUXIeWArMBzb45pqHaWLv89Dfqzr5oXlKSN+LVtLyFh5Z
K930JRvWlo8sORqmeXddV9CMlTpNqpH12xZ8AjA/dwEUs85X25TQXYAPL6l4YUZY
121BO1I2XsSsWcPhB910XHCEgKsfpANrJhOzWXorC1FyHlgKzAc2+Oaah2li7/PQ
yVIr0S7bJt/Flu9FWDmtHjoHFda1vd8J2jaOOHG9nNMAmJFbAw+0P7GVuNQBSxcF
m33kiI9AT0IRyfWsFkb3+2t8OJn0cTGuBQiTZYZ2S/F6Q1Ln68AO1a/aPcGR0jcH
ibMFQLAMKFIXS1zobkSPCxUp2XKpnN+vhYOFG7lE9gbH4QwRsEjCqGo8Yj55+u34
zblkMP1CZ6Y/PRXHyPKf2cecRjQLVadrsHTt0ZCUSpBeJW1mBSKaeSuOQ/p6QzSY
M6m6WwFVstLaC9Ep0G9HFG0qfuKouHRfVbLonYVKV9lA/fao+mlVHp9tStcmn/a+
x+EMEbBIwqhqPGI+efrt+M25ZDD9QmemPz0Vx8jyn9nHnEY0C1Wna7B07dGQlEqQ
XiVtZgUimnkrjkP6ekM0mDOpulsBVbLS2gvRKdBvRxRtKn7iqLh0X1Wy6J2FSlfZ
ZMqfD9d0kOmygged8ZEe41gl5ygrwqPr9GNx1e/J6d0+SEmzSJLCW9im0qvIWx/v
qm+YoaDBVFdx1h8WOn4nwcPBSoan7k6eeZ1Q3iIexJMk8Zl1hpHmkOA4fYKpGK/N
WYhENWj5kyoreiNAYTB7s7Sxnep71VZjyTsgl0k5D782PpRfmYr4wNPwGbNth3cT
y2Cs08CCLFJ8Bzb6ZiTxlapzIRb69XKnW28V6AddjVIgcW/REd3MZp2iXvAMUSXl
1qlfVr5+ZzZiZY10byqbbi+pb198wC56P97CZzut3NxqnGrRaTK00aYEPQUr6zr0
Q61vCu/XKeHNHvvjGg3iyjS0IVoux1Pd1XaIWupW9IUsoJCNW6j6g5DswZae0VLY
LVBQwc8ygXyAQ2tUCe0ygy4vK6CUaAzbzP2Y/caQGgQxg9P8IvYuUNicIffgr3wj
0T1ndkpqPbwDyTd2mZiaPGMreJ+m+oU+Q+DED1sytIhZiEQ1aPmTKit6I0BhMHuz
9k9GfGopk29GkoBBiqRhMldx3XzBL9N3GEwBTyss0bH9kQaZJvbvnEhzP10fpn99
kwS83yTYNP2eTDlMkR0xe/w2lUh01WnJKEqrzS28praqZHHBzigxneIqPuJEBdMk
L6lvX3zALno/3sJnO63c3JxWVJkQu5u5luKGNPMC6fiXm2MLb8cBXaxsb53rLoo0
5lVTStXQCiLvlSIXUgFXowJydROFSSl9QRtxgaJTTwkoAG76Ej2czwlmRIPwmAFr
18LFdcJPk9lKFrXxKR7cjTGD0/wi9i5Q2Jwh9+CvfCPqX6FiSZtwIF5nYTFTR+wK
kmGle4yZhOup2DUDrD5p8ebdDio1c521tmgiAdcs2QKsJFJEMBwlS3MqEah39Ldr
mwVamXRXn85QlnCC8y7oDwxZy0eR/hkgLyxQgifzfowMYhwIcykLzAjPiIIgjAOY
NMEHosMq2wuexQVmtdUjIBOHc1O6+ihtf8qhR5lORZ3J5KUpjIitUWAJfNDf/WAv
9NJ+3zwHNd6RNH30U6l7OpREajZysCRCWbgYS8VPAH6LEgBx/xa7F1i+WENlcnMO
AuNhHjJg2MfIC068El66mqTmb9DP+UR7NfbjTyy3nKptVR6EOiVaBavxjczJ4w3o
FuP+K1kz0npgrfez5GmIVA5+IhPRi4UJaSRD38+YFCgIaj/QTAFq6MqvIT0Oj2iJ
V087Iu1LKa27m8OaBC6jSLUJJcETah7wis5uk5wRmEHqglA/FwX3k1F2gFtQervx
lZRWrYqB72HSJMxXocOSPKpzIRb69XKnW28V6AddjVIgcW/REd3MZp2iXvAMUSXl
1qlfVr5+ZzZiZY10byqbbi+pb198wC56P97CZzut3NwxOSkH/sTLRrqFndLl+orc
Ee3hd2ju2Qt//YJLx+Ki7W0qfuKouHRfVbLonYVKV9kS49R4qvYKATYEFmmkxSG5
l5tjC2/HAV2sbG+d6y6KNOZVU0rV0Aoi75UiF1IBV6MCcnUThUkpfUEbcYGiU08J
KABu+hI9nM8JZkSD8JgBa814S8qNzOJRdWTW3xEyvCXqglA/FwX3k1F2gFtQervx
5a5t8RInvPgp51WckD2fpTlvneW/zPlzdEGVKoooDCpIrzZcUE55MM+v/1vZTOvG
hC6o5j4VAlP8g1f0qe5DwG0qfuKouHRfVbLonYVKV9nbpWErHrlR8shZ/j+iDsRn
7zsL2hNC3Bv7IbB0LDJiTW2FKCJAvuS7oEgXSDgWYhEc2GOAh4Rx6//BD1YXtgRs
wim7dy+9+WXBiX/i2AjLOzRylLxGsSsLPKIOReQhbPLmQ6KzH4YTLMc6uP3/X6vH
NWQxv7wNQ9Rrna/EfDoT6EOtbwrv1ynhzR774xoN4sooAG76Ej2czwlmRIPwmAFr
ASZ8QJs4RBNUzhLrdm/kOC1QUMHPMoF8gENrVAntMoMuLyuglGgM28z9mP3GkBoE
MYPT/CL2LlDYnCH34K98I+pLKvTbezZiIAWniHH2vbmqZHHBzigxneIqPuJEBdMk
L6lvX3zALno/3sJnO63c3M8tXDq9yCIasQlHjX2C5Dyqb5ihoMFUV3HWHxY6fifB
w8FKhqfuTp55nVDeIh7EkyTxmXWGkeaQ4Dh9gqkYr82k5m/Qz/lEezX2408st5yq
aXrFcb4th+mROvHm6hmuzjQjNzjZbydi25MUhqddRFtXTzsi7Usprbubw5oELqNI
H22wQTowF1QnAz5ZBeqHXoztBBbXSlRe0ETT0cYG/lvbODIgG4A9SZPjIeTxu+IU
6oJQPxcF95NRdoBbUHq78due01KgwuYujW98E0oDuxjsndMWHfDQ8r8b2y+/tQV6
YUU+qFrgrPJypHUnFY/EUVrzt+aKZo2Ms36OiMQ9T345b53lv8z5c3RBlSqKKAwq
SK82XFBOeTDPr/9b2UzrxoQuqOY+FQJT/INX9KnuQ8BtKn7iqLh0X1Wy6J2FSlfZ
hz6j09JNgzX6K1PMafT42gxiHAhzKQvMCM+IgiCMA5ixw/8/ns+BxfWB/u/lvdVE
kmGle4yZhOup2DUDrD5p8ebdDio1c521tmgiAdcs2QKsJFJEMBwlS3MqEah39Ldr
zOeWDEY7wpVlJwDV+Fp6v7vsqKcWC+53iRIH1Ij4zYRhRT6oWuCs8nKkdScVj8RR
Z9zwzJVUcLMSIC4Kz33lUd9xvANaxcJYgta1ErLjWk5WDxg0IrorCKNGJMVaoTu1
Fr9faUovcbt/Kz8DcAD6hxM3Oau+qOUHE7ADmMDZZXdk4ouIkaRWfzC39lLIYOj/
lERqNnKwJEJZuBhLxU8AfluudlxxWavChn/12OGIG/qM7QQW10pUXtBE09HGBv5b
2zgyIBuAPUmT4yHk8bviFOqCUD8XBfeTUXaAW1B6u/GBsli96M9BZrgwoe/AK0c5
AuNhHjJg2MfIC068El66mnKV19lYa271N8xNbv/+oC3OW5Wyy1XBZHxwmIOOyuHK
LVBQwc8ygXyAQ2tUCe0ygy4vK6CUaAzbzP2Y/caQGgQxg9P8IvYuUNicIffgr3wj
oOI9Y3wfBr3X1RnoxccVyzQjNzjZbydi25MUhqddRFu1/NYMmFSHCcmEf/iL2FdG
E4dzU7r6KG1/yqFHmU5FncnkpSmMiK1RYAl80N/9YC/00n7fPAc13pE0ffRTqXs6
lERqNnKwJEJZuBhLxU8Afi0xRljc6rK+qnB1busNfzAMYhwIcykLzAjPiIIgjAOY
zblkMP1CZ6Y/PRXHyPKf2ZJhpXuMmYTrqdg1A6w+afHm3Q4qNXOdtbZoIgHXLNkC
Vvsit4NN/Ot0fSxTkCcJoW0qfuKouHRfVbLonYVKV9md1j4iLWKhBIvJpQImisOB
SEooGlNQnnXLEcqEfvn0eMsAPlUwgmqFgoW1N3QYOy3/zdNDLjtEcszz3VcHx5AA
XwLmIdoHgjZ8Gwnc1smsqeR4jFR/zAQlL49babjxRsrH4QwRsEjCqGo8Yj55+u34
Gqcn2DrqjJDmPWe0a5uikoYpXPbiMq/W6eR+CQlZDh0EPe5GdwlQ07iJqe7AFwIz
j2T8PrEGZ0PGAaFnPDjPWJebYwtvxwFdrGxvnesuijTmVVNK1dAKIu+VIhdSAVej
y1u7xFckaRzCKQPmwfSfbyLgWqeyzoRMeIwQabbjuBO1kBiZcZU3mjRTfsji7bFL
QZ7kcaOeXdfXXXAEHEPOSstgrNPAgixSfAc2+mYk8ZWqcyEW+vVyp1tvFegHXY1S
IHFv0RHdzGadol7wDFEl5TcPGMZWDhr/WEDizMmZ85Er3fQlG9aWjyw5GqZ5d11X
tgIDrSe+vCGcShUG4aZYAfW21SIhkNG8WpDkbuHALavmQ6KzH4YTLMc6uP3/X6vH
QIxyL98lHcTQUk7q/UAuFBbj/itZM9J6YK33s+RpiFQOfiIT0YuFCWkkQ9/PmBQo
xP2UsFpHaOeemHQ4ZOg+D0RoSLjWK3aSqthBBToqvYNMrMqXP7Ei3MSsjuZbbvtn
x+EMEbBIwqhqPGI+efrt+DTBB6LDKtsLnsUFZrXVIyATh3NTuvoobX/KoUeZTkWd
yeSlKYyIrVFgCXzQ3/1gL9x2jgoBQn4bJXWneZ0IRXQEPe5GdwlQ07iJqe7AFwIz
gj/JFjiuVzqcFZLzvbx8CVgGWTcNw331UsysCP7qQXWk5m/Qz/lEezX2408st5yq
nNKoQYSaBDiR9d2SdipjP1dx3XzBL9N3GEwBTyss0bH9kQaZJvbvnEhzP10fpn99
zvwvpWH8BVNNFkdZ7DeH18mPeJ9eK12YNcDJtLOGhP9//2UTC+LqeIV8bM8z4H91
QZ7kcaOeXdfXXXAEHEPOSsmPeJ9eK12YNcDJtLOGhP/8QhMoSb9idr5A6VA7W+2W
XwLmIdoHgjZ8Gwnc1smsqeR4jFR/zAQlL49babjxRsrH4QwRsEjCqGo8Yj55+u34
ouMmCslEbcBnirPxZYrI0f4U/wX4sdp7ZkgW0IC6sYI6BxXWtb3fCdo2jjhxvZzT
m6nWjkVK59BTErI+DiCCjBzYY4CHhHHr/8EPVhe2BGzCKbt3L735ZcGJf+LYCMs7
rxmLYOAX48OmoydH9o+BeLAj3kmgpjKgXi2ZF/ERhUIfpbxsPIPSdgcYXUSsHcVV
+8yZmwsQhlv/hEj4wcp5cgQ97kZ3CVDTuImp7sAXAjPgWeUL5LeU0o1fv4gufqbc
qm+YoaDBVFdx1h8WOn4nwcPBSoan7k6eeZ1Q3iIexJPQ7X37DgfB12f2hRs+RY4f
lERqNnKwJEJZuBhLxU8AfnyVknxEBIAG+MzP8F1undXSspkhZDJJ8nve1lTabpHl
mwVamXRXn85QlnCC8y7oD8Qzj0KpFl5pTapGsRBOKDKM7QQW10pUXtBE09HGBv5b
2zgyIBuAPUmT4yHk8bviFFgl5ygrwqPr9GNx1e/J6d1thSgiQL7ku6BIF0g4FmIR
DQm+u10R2SoBLO6z5GMTfbAj3kmgpjKgXi2ZF/ERhUI/WXeyYBCFLwl4vYM8jlai
dHPs78dpmJ+ewGMaNwMLO6d6uwK4G1b5GHkz60jccp/kO2xLPKuqvO8i/IJ8/zCa
pOZv0M/5RHs19uNPLLecqvklyqRrppuqV1a+G6v5zCWNrJeL5saUpve3molH1ghL
V087Iu1LKa27m8OaBC6jSNhH39/MxMrLZAVS53aRFHjiJDK/0g6Lt8shRfOQF85W
yd15CnDtYCwTWjaqo4gT3DoHFda1vd8J2jaOOHG9nNOpUd2n143t8NPbTm2qUU8g
tpmq5Hg+2IsVrVj+prlB6zoHFda1vd8J2jaOOHG9nNOpUd2n143t8NPbTm2qUU8g
HNhjgIeEcev/wQ9WF7YEbMIpu3cvvfllwYl/4tgIyzuvGYtg4Bfjw6ajJ0f2j4F4
sCPeSaCmMqBeLZkX8RGFQlkdaske/gQmaECD49lfChjYPFa7di1rmEOKxaubJ6Ya
5kOisx+GEyzHOrj9/1+rxzpy4MVKQfZr7tqauBEn2YmSYaV7jJmE66nYNQOsPmnx
5t0OKjVznbW2aCIB1yzZAlb7IreDTfzrdH0sU5AnCaFtKn7iqLh0X1Wy6J2FSlfZ
F7lXDC8JDwHG9S+kWzpmt1gGWTcNw331UsysCP7qQXWk5m/Qz/lEezX2408st5yq
enNQ79Jhclcz60gdg2Q94hbj/itZM9J6YK33s+RpiFQOfiIT0YuFCWkkQ9/PmBQo
xP2UsFpHaOeemHQ4ZOg+D3IeWArMBzb45pqHaWLv89Cc4fu52LRHs6WQyj8cmKWY
5HWA/aw8Y6qzqVguswixPWiE2Q6gjt6NBOTAzR4QxJ90c+zvx2mYn57AYxo3Aws7
p3q7ArgbVvkYeTPrSNxyn+Q7bEs8q6q87yL8gnz/MJrFz0CKzvtXJwxuAdElPEwv
JdHJMuZVJO5F/Jtd2WF9y+R1gP2sPGOqs6lYLrMIsT1ohNkOoI7ejQTkwM0eEMSf
dHPs78dpmJ+ewGMaNwMLO6d6uwK4G1b5GHkz60jccp/kO2xLPKuqvO8i/IJ8/zCa
xc9Ais77VycMbgHRJTxML2cSiVSkTLC1vHNwoK01xnLH4QwRsEjCqGo8Yj55+u34
scP/P57PgcX1gf7v5b3VRJJhpXuMmYTrqdg1A6w+afHm3Q4qNXOdtbZoIgHXLNkC
Vvsit4NN/Ot0fSxTkCcJoW0qfuKouHRfVbLonYVKV9kpMcP1mauqnKmaMOc6seA3
QZ7kcaOeXdfXXXAEHEPOSr2yqoqkffX0YlJvtdrxASA5b53lv8z5c3RBlSqKKAwq
SK82XFBOeTDPr/9b2UzrxvbfEotcZ+eu6SoQlqt7Uf3mQ6KzH4YTLMc6uP3/X6vH
wBd5VK0RXJeQ8fD4RoiEL0Ge5HGjnl3X111wBBxDzkq9sqqKpH319GJSb7Xa8QEg
OW+d5b/M+XN0QZUqiigMKkivNlxQTnkwz6//W9lM68b23xKLXGfnrukqEJare1H9
5kOisx+GEyzHOrj9/1+rx64PSCTkF8YI330pv0q2VpKNrJeL5saUpve3molH1ghL
tfzWDJhUhwnJhH/4i9hXRkDoo2mRECb0PvsaJRyl402t5gsQo3ecf4wd6RZiLtFm
AEUnvrogam2dEI6P8bJsE5REajZysCRCWbgYS8VPAH40Cltg4J+BxnhCIssWjD9I
n8lL+X50RwcQ6oZV/bWcGjS0IVoux1Pd1XaIWupW9IXwh/ITcn/qMFdjpcouJE3h
rOfiT1r5kNk+rNmvXdjG9wADrU/4eu5PmkzUSB41qZIxg9P8IvYuUNicIffgr3wj
Xoiaqnhyc/wuvDYOUo/YoOihuCEuzMQLikJSCUBQyvMi4Fqnss6ETHiMEGm247gT
wnUpfuGLj00T5jxnAFGFo6syJyonmYarynQkir89Q5ChpCgvFFw8LPuws0sh8WQx
6oJQPxcF95NRdoBbUHq78cAIJ9wn4JjkMk4liwnGFEtk4ouIkaRWfzC39lLIYOj/
lERqNnKwJEJZuBhLxU8Afp9YK0SlXsynnzKAL50VSmFfcpVexKJa+o3rheW4j3Tl
3CM+wOTurq8yG5/k+PHq+VWmWqAWXj2DJgDCol2LaJrJj3ifXitdmDXAybSzhoT/
a7VwSXz0misVRa7lw72WiTGD0/wi9i5Q2Jwh9+CvfCPqX6FiSZtwIF5nYTFTR+wK
TkSBgksYfinsUTv9IBUXP7jih1KswM9pFOxg/fstTMSRxHQ1IXoDCU4yA7pFQZ50
mwVamXRXn85QlnCC8y7oD+q6Q/xXp89V35rOUV64sw7qglA/FwX3k1F2gFtQervx
R7f1C6gew+PRoB68STCzBUkNv/Cvy4oxjbNDx3ydeXXtFR11E8o4DpCT/pNN0QFW
r9HxF8cERs80v2REqruFz20qfuKouHRfVbLonYVKV9mLaN4iZvXVyApsEDhmtl7k
Nj6UX5mK+MDT8BmzbYd3E8mPeJ9eK12YNcDJtLOGhP8Kx3XFkRKAXninupgqacv8
waruGh00+RPjLhF1nmzfW4Os0lEl3gJ7DUpv+6X/YygvqW9ffMAuej/ewmc7rdzc
SeWg5yw+MscRgVAvoyu5jxIguOOg+LovQm+h8CZ5tmGURGo2crAkQlm4GEvFTwB+
C7R/krv1JR5n4jbKPAAUHh1Bu2XrD8gNrzxEMfBWkxZ1D9e/Wynx1VbuciS7kztb
IdQsxf6k3No38bT88LqrsURoSLjWK3aSqthBBToqvYOBO+4cTCWSZvhebexL6nVc
7zsL2hNC3Bv7IbB0LDJiTWJ7Vp5n3/l/I3SqJdaKNyy7VVsDR04AyLj8IonGJ1zi
rOfiT1r5kNk+rNmvXdjG9wADrU/4eu5PmkzUSB41qZIxg9P8IvYuUNicIffgr3wj
poNA7yWBk2MBBXIODgiQ/WVrlP5v1XrMnqSjqlHdGQvmQ6KzH4YTLMc6uP3/X6vH
YnaYnh9vAnDGjyhPRiFU5k5EgYJLGH4p7FE7/SAVFz+44odSrMDPaRTsYP37LUzE
kcR0NSF6AwlOMgO6RUGedJsFWpl0V5/OUJZwgvMu6A/5soe3LhlA1ybTjJ+99GyA
7zsL2hNC3Bv7IbB0LDJiTW2FKCJAvuS7oEgXSDgWYhE8kATRpM69SMjo7irkq0Nf
gi+Trig2n2fN3DPbQKTND77wjwPQgw+JqVDBR3b7953mQ6KzH4YTLMc6uP3/X6vH
vEIcrS2mpeKeRqqgXsscpjQjNzjZbydi25MUhqddRFtXTzsi7Usprbubw5oELqNI
TQ5doucA3Vlccdr3M3iJdw6MElZgYykNOY+EunKjFLl/fxc0csJhNd6OltV+Xvno
YUU+qFrgrPJypHUnFY/EUdXkSTE/Ic8LQqMYiLIvUqxWeMdPAM5rEFB3sGfPcCU5
mwVamXRXn85QlnCC8y7oD1XVl2RhAqw0OSyftuArUxWrMicqJ5mGq8p0JIq/PUOQ
oaQoLxRcPCz7sLNLIfFkMeqCUD8XBfeTUXaAW1B6u/HbntNSoMLmLo1vfBNKA7sY
a7VwSXz0misVRa7lw72WiTGD0/wi9i5Q2Jwh9+CvfCO8E8gWEu4ZGrvKCvgAW5d0
QOijaZEQJvQ++xolHKXjTa3mCxCjd5x/jB3pFmIu0WYARSe+uiBqbZ0Qjo/xsmwT
lERqNnKwJEJZuBhLxU8AfkUhWSD5+mQ1gOZf+oDneMup6rSfU9fvTaj76vZJgmfz
RGhIuNYrdpKq2EEFOiq9g9wStGE0XaUxt2Ng73zyvOAO3ZBTcwRp6m9+7R/tDc5S
vRVqH8z5jtr7ziS3XWMewOiDhjDZEzLyVQfVBqBFWDz5y1n4yLYQ6/nDxY/ooAlK
25k/halyf0HYKCmd+ygW82p7fL5MUO8CYMlt1+L/z+mpUd2n143t8NPbTm2qUU8g
PJAE0aTOvUjI6O4q5KtDX4Ivk64oNp9nzdwz20CkzQ++8I8D0IMPialQwUd2+/ed
5kOisx+GEyzHOrj9/1+rx2byOKZyF/XEj7GMemNlxzg2PpRfmYr4wNPwGbNth3cT
0WQ+Js6XW3lkcPWhIRNzmkkNv/Cvy4oxjbNDx3ydeXXtFR11E8o4DpCT/pNN0QFW
r9HxF8cERs80v2REqruFz20qfuKouHRfVbLonYVKV9khmDkYb+gvphR50l0c83uE
ant8vkxQ7wJgyW3X4v/P6cz1Oa5bHMDNqQwR5eleWsmXYaGGiAgjEKMXhFt69Zrw
V5AiNrW3AgMk7bTc+SNha5rZtYmtR4OEZU5evWieP4npEbL5iVeqVlJBZS0wTD/K
2LaXGMLWlJviFkHQ6YWS4y+pb198wC56P97CZzut3Nx4AvT7ZQR9fJYCu8+RETen
Dt2QU3MEaepvfu0f7Q3OUr0Vah/M+Y7a+84kt11jHsDog4Yw2RMy8lUH1QagRVg8
ZBqnEKeWfH8gDAj0QQoqaRIguOOg+LovQm+h8CZ5tmGURGo2crAkQlm4GEvFTwB+
MM/LGrpDK/ZsIXk8S+getasyJyonmYarynQkir89Q5ChpCgvFFw8LPuws0sh8WQx
6oJQPxcF95NRdoBbUHq78Ra57rehXhNBLES3zYYoEs2p6rSfU9fvTaj76vZJgmfz
N61gqcS4UClBDJRVZ/PT0ArHdcWREoBeeKe6mCppy/zBqu4aHTT5E+MuEXWebN9b
g6zSUSXeAnsNSm/7pf9jKC+pb198wC56P97CZzut3Nwxgs0bztpCZ9DLp1VU2MoT
Nj6UX5mK+MDT8BmzbYd3E72yqoqkffX0YlJvtdrxASBJDb/wr8uKMY2zQ8d8nXl1
7RUddRPKOA6Qk/6TTdEBVqZKe1m6P/fcQUNkxzGThALmQ6KzH4YTLMc6uP3/X6vH
gxiI8qaYJLYsB/rkw9i7OnIdKW2nI0v7CG3GjOVlrUBZiEQ1aPmTKit6I0BhMHuz
egEyqfR4sNwTEt98JDhsyfsgdP/vGDMGsIXAU5qlyaKn8eHXzzLYfjJrhRngajDS
zvwvpWH8BVNNFkdZ7DeH18tgrNPAgixSfAc2+mYk8ZXfqzr5oXlKSN+LVtLyFh5Z
K930JRvWlo8sORqmeXddV0g9pLvzafEhjemHF6nMPzxORIGCSxh+KexRO/0gFRc/
uOKHUqzAz2kU7GD9+y1MxF8q7DwkJKzFatUV18odHr1tKn7iqLh0X1Wy6J2FSlfZ
nY/xp/Qo9Bg42t7M+DKInlUMHM9h83Dq/lUWstCsHUY0tCFaLsdT3dV2iFrqVvSF
8IfyE3J/6jBXY6XKLiRN4azn4k9a+ZDZPqzZr13YxvdMtqUyH6hct6yRZQim3v3v
5HWA/aw8Y6qzqVguswixPRxs+3CnNq00FnOiSKGKDeLTgSOSsIDjqf1KtFpqT3Q4
sCPeSaCmMqBeLZkX8RGFQmXUVlN915uFA7kuDyqDlIsdQbtl6w/IDa88RDHwVpMW
dQ/Xv1sp8dVW7nIku5M7WxErEbVjs5KbLj0dSgHfjbSk5m/Qz/lEezX2408st5yq
tWVd4LOJtP0+sy2DBExYjUGe5HGjnl3X111wBBxDzkrJj3ifXitdmDXAybSzhoT/
Csd1xZESgF54p7qYKmnL/MGq7hodNPkT4y4RdZ5s31vkePMZtXOlD/qkBNo6kMF0
K930JRvWlo8sORqmeXddV6KluknuDUNrW/MZ6FOPLgBmGTh3MQa1anVSmKJcrZUR
lERqNnKwJEJZuBhLxU8AfmOKON6hQza1lm6j5UJTpPtfcpVexKJa+o3rheW4j3Tl
3CM+wOTurq8yG5/k+PHq+UVqcC85EWzWEB/UqsCaTC4oAG76Ej2czwlmRIPwmAFr
hy1NNeUlmW8mpT8vttihB1UMHM9h83Dq/lUWstCsHUYoAG76Ej2czwlmRIPwmAFr
2EZaIandQxZt3sLJ3RsccPsgdP/vGDMGsIXAU5qlyaKn8eHXzzLYfjJrhRngajDS
zvwvpWH8BVNNFkdZ7DeH18mPeJ9eK12YNcDJtLOGhP9f7qWpIc0+i1wionAKxqBi
x+EMEbBIwqhqPGI+efrt+KLjJgrJRG3AZ4qz8WWKyNHZX/E4tRxk0Dm2+TCje1nA
DowSVmBjKQ05j4S6cqMUuRV1CSca4i5rg4Z3nLPYvaQ6BxXWtb3fCdo2jjhxvZzT
m6nWjkVK59BTErI+DiCCjLWWhkxJ0Jroa0hETVUnffkr3fQlG9aWjyw5GqZ5d11X
7DSlLAHy4V9sYBKEscvGkEDoo2mRECb0PvsaJRyl402t5gsQo3ecf4wd6RZiLtFm
w2ZYs73kojwE/j2cdO1h1AQ97kZ3CVDTuImp7sAXAjPr4wDPjcaRYdcxXoUEM/jk
lMIoNQvnxvmWT/hMA3gTR20qfuKouHRfVbLonYVKV9m9H7ERN6R6npgz4QfI5BD3
Dt2QU3MEaepvfu0f7Q3OUr0Vah/M+Y7a+84kt11jHsD91SToXbbcdIMeTsmwu1Lf
V087Iu1LKa27m8OaBC6jSJY/P5U4QU5nVYigFEBdTFI6BxXWtb3fCdo2jjhxvZzT
hPaUs2pzB9EbJqCFQgfVH745C0dAw6+6xztNSsn5VUMagTT4k/6ER5htxltYN0cx
VRJSMiCr44TFltHKux1CDpREajZysCRCWbgYS8VPAH7zpAvFLFmw4C7YU9mOEKrY
G/+epRhKN98IiyPn3+7r30RoSLjWK3aSqthBBToqvYMVWuv/WD4L8cL6ELxkRmzn
+tm9Zv6KyfDK6qH/rPLEpjBCij53moIBdaDBdTytHFjH4QwRsEjCqGo8Yj55+u34
5V47vkOZ8YCNWZACa5d6f6FVeKqfJKoCWpAE8d8EMNzH4QwRsEjCqGo8Yj55+u34
5V47vkOZ8YCNWZACa5d6f9lf8Ti1HGTQObb5MKN7WcAOjBJWYGMpDTmPhLpyoxS5
FXUJJxriLmuDhnecs9i9pDoHFda1vd8J2jaOOHG9nNOpUd2n143t8NPbTm2qUU8g
DQm+u10R2SoBLO6z5GMTfbAj3kmgpjKgXi2ZF/ERhUJa87fmimaNjLN+jojEPU9+
SQ2/8K/LijGNs0PHfJ15de0VHXUTyjgOkJP+k03RAVamSntZuj/33EFDZMcxk4QC
5kOisx+GEyzHOrj9/1+rx2NMO3kjd18wmJKSKIh6TiNmGTh3MQa1anVSmKJcrZUR
lERqNnKwJEJZuBhLxU8Afmp7g13FYlKz28G61yAYDJkdQbtl6w/IDa88RDHwVpMW
dQ/Xv1sp8dVW7nIku5M7WxErEbVjs5KbLj0dSgHfjbTFz0CKzvtXJwxuAdElPEwv
bB/fFtXrnrIJe424NiGIdlgl5ygrwqPr9GNx1e/J6d0uZ4tsdv8TK7egdGhTkj8f
vjkLR0DDr7rHO01KyflVQxqBNPiT/oRHmG3GW1g3RzFVElIyIKvjhMWW0cq7HUIO
lERqNnKwJEJZuBhLxU8Afv/w9UX4ByNBXKKlIZXNQwJYJecoK8Kj6/RjcdXvyend
LmeLbHb/Eyu3oHRoU5I/H745C0dAw6+6xztNSsn5VUMagTT4k/6ER5htxltYN0cx
VRJSMiCr44TFltHKux1CDpREajZysCRCWbgYS8VPAH5cbo0+pkTR6XLKdwMC04yy
QZ7kcaOeXdfXXXAEHEPOStFkPibOl1t5ZHD1oSETc5pJDb/wr8uKMY2zQ8d8nXl1
7RUddRPKOA6Qk/6TTdEBVqZKe1m6P/fcQUNkxzGThALmQ6KzH4YTLMc6uP3/X6vH
UTUoZG0PGsEruuBsG5UOKFUMHM9h83Dq/lUWstCsHUYktInwmQ6QN52wr7pjTU+K
PJAE0aTOvUjI6O4q5KtDX4Ivk64oNp9nzdwz20CkzQ+8Be61sE6CDPk0l4kc0zO+
sCPeSaCmMqBeLZkX8RGFQj+uaYCL450fCWeFuk3YvChVDBzPYfNw6v5VFrLQrB1G
JLSJ8JkOkDedsK+6Y01PijyQBNGkzr1IyOjuKuSrQ1+CL5OuKDafZ83cM9tApM0P
vAXutbBOggz5NJeJHNMzvrAj3kmgpjKgXi2ZF/ERhUKTl1AdBAUU1veJjo2Z4Zbv
G/+epRhKN98IiyPn3+7r3zetYKnEuFApQQyUVWfz09BV74VyQr346IALDVg2V/wR
56/j78dQVb7ZwnkXJPG9m7bCnyLkfU+sQOC8EH1CrdYvqW9ffMAuej/ewmc7rdzc
ugNNnLEvRRBN6A5tsecweMOrcZuxZ5QiDBlYNkXd5loi4Fqnss6ETHiMEGm247gT
I95FHHdhX5yOYBRGeqgPeH2BHUdM5WSHlmLp+pSGZCrIdp5AyUjUhbhlNgJUFlnM
6oJQPxcF95NRdoBbUHq78RAV8IBXaaDamv9Ayf2LddkcdCijkgE+plem2STdAENR
bSp+4qi4dF9VsuidhUpX2RE3n1E92HZ5vj52jPO954C6KoKI/juaZK5C1z6KP6BP
t4NYf2Znz1qX3TZDWeS6leiDhjDZEzLyVQfVBqBFWDxgEY5upIia3+r+/GFhE4dv
2LaXGMLWlJviFkHQ6YWS4y+pb198wC56P97CZzut3Nykcwn28B4pJNOK7x8MXAt2
Y460ckm3n5aZVaPXP1y/SZvzo9bE1tRYaf5/dOThgglEzZlNojd1eIs9H5Gw2/8h
KABu+hI9nM8JZkSD8JgBa9hK5HmnOEgFv3ph5zWNxafqglA/FwX3k1F2gFtQervx
R7f1C6gew+PRoB68STCzBZrfyigpDbL57HA1Rp7bqdCJ+HpwPQex8g4ZVtmniOpn
xtto5lA4NwNlMbSZT8hdOG0qfuKouHRfVbLonYVKV9kKKZZTxx0tZ86oR3Dsiyhj
7zsL2hNC3Bv7IbB0LDJiTRn0jtcdZP2nYUm8DXt3myyPYUATOvl55WkEmBR0AqGa
WjQayY0CHHt3uSfbGH1+8hDMaDUIIEe5WQf7A14s63TmQ6KzH4YTLMc6uP3/X6vH
fQbKvSplOhL/5y5i2ZL5kUOtbwrv1ynhzR774xoN4sooAG76Ej2czwlmRIPwmAFr
1iedX4PNf580k4g8Iep7tizXKt4qjZ+kFFiqN+H5jLbnLPb9Nu+Gf6PiZSeOU+OA
MYPT/CL2LlDYnCH34K98I6aDQO8lgZNjAQVyDg4IkP2qZHHBzigxneIqPuJEBdMk
L6lvX3zALno/3sJnO63c3OBZ5Qvkt5TSjV+/iC5+ptwdX+LZpcypDWvbx1SR1v1G
rAAhHf4GH50cahImnXzNwxz57sDMIRvViZLIK8aqLpak5m/Qz/lEezX2408st5yq
u0ZwePi+QicGxWbOgLKYDjQjNzjZbydi25MUhqddRFtXTzsi7Usprbubw5oELqNI
xMZ6EVnry8vYdMgKPxXIQX2BHUdM5WSHlmLp+pSGZCrIdp5AyUjUhbhlNgJUFlnM
6oJQPxcF95NRdoBbUHq78ZWUVq2Kge9h0iTMV6HDkjzsndMWHfDQ8r8b2y+/tQV6
YUU+qFrgrPJypHUnFY/EUTYfD9zncluG599IG7SAIYCa38ooKQ2y+exwNUae26nQ
ifh6cD0HsfIOGVbZp4jqZ8bbaOZQODcDZTG0mU/IXThtKn7iqLh0X1Wy6J2FSlfZ
vpXQ/PFADqgfcrAWqkvtv6U5f8u39r7apDKzoG95v65XTzsi7Usprbubw5oELqNI
wbJib8Iz5ChLIYte2QbJO6rlYIx/awQcxI/NcYApjdsAQn437o+jFewB9u91CcIR
YUU+qFrgrPJypHUnFY/EUbAJPxGP7oTx+nf8wEzSCgOp6rSfU9fvTaj76vZJgmfz
RGhIuNYrdpKq2EEFOiq9g86038coQjH5T9A8Evx+w3fIg1gV4HKhggVBUK0/PiDz
QQpQiQQ8WWtnksLSnafPBmp7fL5MUO8CYMlt1+L/z+miTkFg/KwtzJTh+Qxg6wg4
Ee3hd2ju2Qt//YJLx+Ki7W0qfuKouHRfVbLonYVKV9nRj7AjJW5j84ERQQd0j2NT
uiqCiP47mmSuQtc+ij+gT7eDWH9mZ89al902Q1nkupXog4Yw2RMy8lUH1QagRVg8
+ctZ+Mi2EOv5w8WP6KAJSn6/OyttEFd3da91HZlykTXqglA/FwX3k1F2gFtQervx
257TUqDC5i6Nb3wTSgO7GFXvhXJCvfjogAsNWDZX/BHnr+Pvx1BVvtnCeRck8b2b
tsKfIuR9T6xA4LwQfUKt1i+pb198wC56P97CZzut3NzdgVVKbJFI5TyEsvZA7AMT
byZQOia+R4Y0aMuLh2NEBqTmb9DP+UR7NfbjTyy3nKqsLz41dGfzXTgtBXdr0IHr
oVaCyPxs3M7C4TfdLAR7z27wd1TIuEoLBQ9hRNFa4qFtq2G3U2pr4wHm5xFWBNG7
V087Iu1LKa27m8OaBC6jSEkt6YKxrm2tnfsu//nFczoMYhwIcykLzAjPiIIgjAOY
5V47vkOZ8YCNWZACa5d6f1BYyOkkXQF5AxFubHpDySqq5WCMf2sEHMSPzXGAKY3b
AEJ+N+6PoxXsAfbvdQnCEWFFPqha4KzycqR1JxWPxFErz4VkcDftA/ZrKxvGz7Vc
n8lL+X50RwcQ6oZV/bWcGukRsvmJV6pWUkFlLTBMP8qPYUATOvl55WkEmBR0AqGa
WjQayY0CHHt3uSfbGH1+8hDMaDUIIEe5WQf7A14s63TmQ6KzH4YTLMc6uP3/X6vH
fwFiLTRqY9yu1FoTE+FNUwxiHAhzKQvMCM+IgiCMA5ixw/8/ns+BxfWB/u/lvdVE
tNuF6DW83pT+/gIOPv4fwDFhoF+bYBCq2tlFX5cIa3i6LZlRSvWdA/8kfYGTuKcz
zOeWDEY7wpVlJwDV+Fp6vza41mMa1SbxSEd7wKOQZiwxg9P8IvYuUNicIffgr3wj
CLkqMGcIJStctwlQDhxg16FWgsj8bNzOwuE33SwEe89u8HdUyLhKCwUPYUTRWuKh
batht1Nqa+MB5ucRVgTRu8/AmEOpRl4hqTqpSzqmS4+qZHHBzigxneIqPuJEBdMk
L6lvX3zALno/3sJnO63c3NYLGQ6Vw2TbsJEZEEbJmhO6KoKI/juaZK5C1z6KP6BP
t4NYf2Znz1qX3TZDWeS6leiDhjDZEzLyVQfVBqBFWDwYMSZQsxuPjf9lcG7gR7Sj
byZQOia+R4Y0aMuLh2NEBnKV19lYa271N8xNbv/+oC3rcbseDRbv4HklOmxYiPVe
LNcq3iqNn6QUWKo34fmMtucs9v0274Z/o+JlJ45T44Axg9P8IvYuUNicIffgr3wj
XH3gNhfTi7LVoeC14HJwQkOtbwrv1ynhzR774xoN4soktInwmQ6QN52wr7pjTU+K
j2FAEzr5eeVpBJgUdAKhmlo0GsmNAhx7d7kn2xh9fvJoK4urxqLcBxwM9WzN+vR/
sCPeSaCmMqBeLZkX8RGFQv39NYDevICDKRuObUps36YV9I6ep2JS18rPnf5dgLFw
lERqNnKwJEJZuBhLxU8AfidEPFPK9V1KCdLnu4QJn0viIZaYURhJAWF2V7NyhS+e
4zFYWG9NU2g1leVuya8ALY0PI9zAwu91ANxjDdbg1CU0tCFaLsdT3dV2iFrqVvSF
8gybdkP95MjU0KQ7Gg4SPOR1gP2sPGOqs6lYLrMIsT14ZLFgyXDQoEEeub3bx27V
mt/KKCkNsvnscDVGntup0In4enA9B7HyDhlW2aeI6mcrV20ZLAZWjii3C3VqkD0J
5kOisx+GEyzHOrj9/1+rx+4pENewfqR1SkTorSZEEQT9ICCjxhP+HQivZ5D/JVjo
IuBap7LOhEx4jBBptuO4EyPeRRx3YV+cjmAURnqoD3h9gR1HTOVkh5Zi6fqUhmQq
yHaeQMlI1IW4ZTYCVBZZzFgl5ygrwqPr9GNx1e/J6d0Z9I7XHWT9p2FJvA17d5ss
tpmq5Hg+2IsVrVj+prlB6zoHFda1vd8J2jaOOHG9nNMYv275wMf9YMeKkLactOME
HV/i2aXMqQ1r28dUkdb9RqwAIR3+Bh+dHGoSJp18zcPKxNRcYKxy7eJdhLrE5QGs
lERqNnKwJEJZuBhLxU8Afi/gEcRBKCdLmvaiN3HHhgFVDBzPYfNw6v5VFrLQrB1G
KABu+hI9nM8JZkSD8JgBa9YnnV+DzX+fNJOIPCHqe7Ys1yreKo2fpBRYqjfh+Yy2
h5DO5NcQTWNMhPl2fa+5cOR1gP2sPGOqs6lYLrMIsT1cFsZVYsMaUhWG4kOYU2Y6
+8yZmwsQhlv/hEj4wcp5cgQ97kZ3CVDTuImp7sAXAjNMyGY+dPPe9TiCZrMQmobN
Y460ckm3n5aZVaPXP1y/SZvzo9bE1tRYaf5/dOThggnM+V49A24kLOR6VguFYBUy
mwVamXRXn85QlnCC8y7oD10AsTKzpTjrG80POfuO/bPSspkhZDJJ8nve1lTabpHl
mwVamXRXn85QlnCC8y7oDxZDOtP29AjNduCIAlbypWXiIZaYURhJAWF2V7NyhS+e
4zFYWG9NU2g1leVuya8ALY0PI9zAwu91ANxjDdbg1CUoAG76Ej2czwlmRIPwmAFr
YuO70H3/B9B4sf4rvCmrt0Ge5HGjnl3X111wBBxDzkrJj3ifXitdmDXAybSzhoT/
UJjjZ10MDVhwhlOO1Q5vsciDWBXgcqGCBUFQrT8+IPNnl89WdC7ee3pHptCmqbPw
x+EMEbBIwqhqPGI+efrt+KLjJgrJRG3AZ4qz8WWKyNG54qUtPliaHa2BAhKwLTb5
5HWA/aw8Y6qzqVguswixPZWUVq2Kge9h0iTMV6HDkjxV74VyQr346IALDVg2V/wR
56/j78dQVb7ZwnkXJPG9m4Vn7SsNOHKlmoPeRPYJf1cr3fQlG9aWjyw5GqZ5d11X
vrB9grk7VkfXf2c97969z/W21SIhkNG8WpDkbuHALavmQ6KzH4YTLMc6uP3/X6vH
CNG3D21bePZDjoj5BErBOKFWgsj8bNzOwuE33SwEe89u8HdUyLhKCwUPYUTRWuKh
zBJxyu35VSift5QkjHK1X0RoSLjWK3aSqthBBToqvYPtCXghpTQ3H1kQgaC+y7zt
x+EMEbBIwqhqPGI+efrt+NAGsmG5iWsnBwzGmSer/12jHsvJUaBYBmf19H1otEsO
ZZ1ntMfPqV098fdgey0uASYE8bwed+90GmLWC8oyl/EEPe5GdwlQ07iJqe7AFwIz
BZrije/P419lxyoSnCYLzVgGWTcNw331UsysCP7qQXWk5m/Qz/lEezX2408st5yq
Z9FXxi8KxLQeWnVvj75nfJ3ZLsNw2rSWzXdbB9q3QszP1D5GyPSRBlN9DkFoV41Q
zvwvpWH8BVNNFkdZ7DeH19wNsfFMsuRz4RV6YDD1isl//2UTC+LqeIV8bM8z4H91
QZ7kcaOeXdfXXXAEHEPOStwNsfFMsuRz4RV6YDD1islQmONnXQwNWHCGU47VDm+x
yINYFeByoYIFQVCtPz4g82eXz1Z0Lt57ekem0Kaps/DH4QwRsEjCqGo8Yj55+u34
5V47vkOZ8YCNWZACa5d6f/4U/wX4sdp7ZkgW0IC6sYI6BxXWtb3fCdo2jjhxvZzT
qVHdp9eN7fDT205tqlFPII9hQBM6+XnlaQSYFHQCoZpaNBrJjQIce3e5J9sYfX7y
aCuLq8ai3AccDPVszfr0f7Aj3kmgpjKgXi2ZF/ERhULEg3kEFLux5rjBmGibOLwU
+8yZmwsQhlv/hEj4wcp5cgQ97kZ3CVDTuImp7sAXAjPPLVw6vcgiGrEJR419guQ8
HV/i2aXMqQ1r28dUkdb9RqwAIR3+Bh+dHGoSJp18zcPKxNRcYKxy7eJdhLrE5QGs
lERqNnKwJEJZuBhLxU8AftN/aJCeZvxR4pnyR/eIffKNrJeL5saUpve3molH1ghL
IDjdxZk+xfFtX9XRMaIGMKMey8lRoFgGZ/X0fWi0Sw5lnWe0x8+pXT3x92B7LS4B
JgTxvB5373QaYtYLyjKX8QQ97kZ3CVDTuImp7sAXAjOsN5xfKpojFf//0pam+cU7
jayXi+bGlKb3t5qJR9YISyA43cWZPsXxbV/V0TGiBjCjHsvJUaBYBmf19H1otEsO
ZZ1ntMfPqV098fdgey0uASYE8bwed+90GmLWC8oyl/EEPe5GdwlQ07iJqe7AFwIz
i3N/gFTQpFdvrAG9Bfb+N1UMHM9h83Dq/lUWstCsHUbpEbL5iVeqVlJBZS0wTD/K
j2FAEzr5eeVpBJgUdAKhmlo0GsmNAhx7d7kn2xh9fvJoK4urxqLcBxwM9WzN+vR/
sCPeSaCmMqBeLZkX8RGFQtys/EyXGZ9PYoguSLmYJCjSspkhZDJJ8nve1lTabpHl
ibMFQLAMKFIXS1zobkSPC5hJZIPk1nHpzHcb2vDVfQ2q5WCMf2sEHMSPzXGAKY3b
b5e9avbCZ7Hb2LQ0nqSDvDoHFda1vd8J2jaOOHG9nNO5juXEjzmwZpyZceMww6iJ
/SAgo8YT/h0Ir2eQ/yVY6ImzBUCwDChSF0tc6G5EjwuYSWSD5NZx6cx3G9rw1X0N
quVgjH9rBBzEj81xgCmN22+XvWr2wmex29i0NJ6kg7w6BxXWtb3fCdo2jjhxvZzT
NdiayUB1/73NwMot+6kc21gGWTcNw331UsysCP7qQXVyldfZWGtu9TfMTW7//qAt
6KfqBhtcZgOng/rUZKVons55YnRgIJIAmOQT6hrki4ZwQH95SQTTKWPSPWk1DLTB
MYPT/CL2LlDYnCH34K98I7NJDGh7XGeUe9YTzDIYSLSIBd/9LXDRvHAiOLNq9A0j
bSp+4qi4dF9VsuidhUpX2dtsknotzD/OI7tOnqcyNXSrsQfd4CVkuLLs1hnaQ023
jD9qQpNsCNEXHNhHaRuWfuiDhjDZEzLyVQfVBqBFWDxgEY5upIia3+r+/GFhE4dv
j8Xz2RloAjbx3EtyeA/8RuZDorMfhhMsxzq4/f9fq8eNlpMWcOLT4zjyP4/q+18w
XLRV8684+KlkCtlFp5YZql14ZDwEui7UvAtuy9sMB3wicoGQJv+W5/WlKwUgY0kV
D+/u4aNVSvXK/DA+W0Xo623qbGIUYQbiEeufvBCgO3wxg9P8IvYuUNicIffgr3wj
SD2ku/Np8SGN6YcXqcw/PIGdFgnwRWLcTEG7oS0FTZkYBSroDIAN20ac40wpIu5r
imW+w088JILeVfJJjXEJq5sFWpl0V5/OUJZwgvMu6A/tJ3KXhT83/307+MJ74Ikk
7zsL2hNC3Bv7IbB0LDJiTRn0jtcdZP2nYUm8DXt3myxK+XW0V/zStzIdFXo7YCyP
Innr0CuUrRI+ZRw8WkLnG1CnzQeu2fXMQ8vshiZ2S8nmQ6KzH4YTLMc6uP3/X6vH
HBoAJMJ62N2Y3bOMV+lejDQjNzjZbydi25MUhqddRFtXTzsi7Usprbubw5oELqNI
areyMPlIB8/dd9SOkpTbWTzNOXM/IXMOQ41J0VaGa3LVmHZkZFGk68BomDhVa2R8
YUU+qFrgrPJypHUnFY/EUSQ+lUf+/OKR6fv7PA0VfB5WeMdPAM5rEFB3sGfPcCU5
mwVamXRXn85QlnCC8y7oD4Y+F974AgGHGA6C4YHZiwSJuy/MPDyj0PxYiKRkHlGw
Hrf0+7RfgXUL+/pOZfRJVOqCUD8XBfeTUXaAW1B6u/GVlFatioHvYdIkzFehw5I8
a7VwSXz0misVRa7lw72WiTGD0/wi9i5Q2Jwh9+CvfCPsNKUsAfLhX2xgEoSxy8aQ
PrL9utgK4D412z287EyvMqUPkPCd7G0nE3s7Skw495vDi5Zyzfm6G9Zs9YfzBC0G
lERqNnKwJEJZuBhLxU8Afpvu97ott6DFeanSOuByUSGp6rSfU9fvTaj76vZJgmfz
RGhIuNYrdpKq2EEFOiq9gx8SX1t0zanWgnhK/CalM8qrsQfd4CVkuLLs1hnaQ023
jD9qQpNsCNEXHNhHaRuWfuiDhjDZEzLyVQfVBqBFWDxie1aeZ9/5fyN0qiXWijcs
25k/halyf0HYKCmd+ygW82p7fL5MUO8CYMlt1+L/z+mbqdaORUrn0FMSsj4OIIKM
Svl1tFf80rcyHRV6O2AsjyJ569ArlK0SPmUcPFpC5xtQp80Hrtn1zEPL7IYmdkvJ
5kOisx+GEyzHOrj9/1+rxxo4m3j1sph+BX1AUnmiRWjY1DHeNZQGaMkJOb+shYxl
RGhIuNYrdpKq2EEFOiq9g9QViRaVL0NQzKqFMGHHVRzQeQhBGLoUYux7E9ZDecfz
ydI9Ueb8s+WK0S60mHxQ7Gp7fL5MUO8CYMlt1+L/z+lXDi1ekUgbHjZhHXWgyT95
byZQOia+R4Y0aMuLh2NEBqTmb9DP+UR7NfbjTyy3nKpnhGdj9e6gSB6mRY12R0E+
Wiok20ieGlqaPj8eb9FZ3WR9BuY/TGV0LeijD1W/8xqTBLzfJNg0/Z5MOUyRHTF7
dlrykohf7LMNRLM12q12fmVrlP5v1XrMnqSjqlHdGQvmQ6KzH4YTLMc6uP3/X6vH
j4czBQgF0gznk3mObnv0yly0VfOvOPipZArZRaeWGapdeGQ8BLou1LwLbsvbDAd8
InKBkCb/luf1pSsFIGNJFVdPOyLtSymtu5vDmgQuo0hPEZN+u7MXgDey8xxY+35N
7zsL2hNC3Bv7IbB0LDJiTfnLWfjIthDr+cPFj+igCUrp2ekwlws7u19nYswCyNMc
znlidGAgkgCY5BPqGuSLhnBAf3lJBNMpY9I9aTUMtMExg9P8IvYuUNicIffgr3wj
6ksq9Nt7NmIgBaeIcfa9ucKGP+h3SSkPuS15/iKSroeURGo2crAkQlm4GEvFTwB+
anuDXcViUrPbwbrXIBgMmfQ3iBElUb+vSM6pmCGyvNz48Xx5zi+IhQuXywsbbzmN
9EKaPNdePUlfsb/a5u4jkURoSLjWK3aSqthBBToqvYN943toC6725EE4/sboz/k/
Nj6UX5mK+MDT8BmzbYd3E9wNsfFMsuRz4RV6YDD1islJTFHXOXNxYmfdjSu1lBkK
0HkIQRi6FGLsexPWQ3nH88nSPVHm/LPlitEutJh8UOxqe3y+TFDvAmDJbdfi/8/p
kRJbiPd8zrQ7c20j2ex+MMOrcZuxZ5QiDBlYNkXd5lrM55YMRjvClWUnANX4Wnq/
w3laNlK90KPR++Cx46zQ+jzNOXM/IXMOQ41J0VaGa3LVmHZkZFGk68BomDhVa2R8
YUU+qFrgrPJypHUnFY/EUa/GEckIIhjKnjmGGistVSE2PpRfmYr4wNPwGbNth3cT
0WQ+Js6XW3lkcPWhIRNzmhj50Va6+xqpwByVD108BLwYut+KQ/ytg9ubIVTFPLt1
U5WnHUuOCleJUMHc5mrJVW0qfuKouHRfVbLonYVKV9kdaczyFpCktCIzuNyyC9JO
6oJQPxcF95NRdoBbUHq78WiE2Q6gjt6NBOTAzR4QxJ/0N4gRJVG/r0jOqZghsrzc
+PF8ec4viIULl8sLG285jfRCmjzXXj1JX7G/2ubuI5E3rWCpxLhQKUEMlFVn89PQ
a7VwSXz0misVRa7lw72WiTGD0/wi9i5Q2Jwh9+CvfCOglb78U5/ZrGJ24xJlf7et
XLRV8684+KlkCtlFp5YZql14ZDwEui7UvAtuy9sMB3wicoGQJv+W5/WlKwUgY0kV
z8CYQ6lGXiGpOqlLOqZLj8KGP+h3SSkPuS15/iKSroeURGo2crAkQlm4GEvFTwB+
PgxO9uNHehDQOoFQEZEWmIm7L8w8PKPQ/FiIpGQeUbAet/T7tF+BdQv7+k5l9ElU
6oJQPxcF95NRdoBbUHq78V+EwWuVHepoxuB50uX2sAVWeMdPAM5rEFB3sGfPcCU5
ibMFQLAMKFIXS1zobkSPC7PLhgFjdnqGTg7YUmeUHkQ8zTlzPyFzDkONSdFWhmty
aXqKialHEHn6ruSIOD+GQzoHFda1vd8J2jaOOHG9nNNW7GSuhrNQWqovUIKz4M7y
VHnDB1YzKAO2OC0Qfp5htQQ97kZ3CVDTuImp7sAXAjPrLyxT2LuptyKD9iRSAZ4V
L2iuIxWQoCBbDLA8qczu1fa5pwui1AvszBRL6YTaxyHWrlYyY4vGUkXegL/NFvbF
IuBap7LOhEx4jBBptuO4E4IKLz4uX6IeX4D9k6p1T2RYJecoK8Kj6/RjcdXvyend
YBGObqSImt/q/vxhYROHb0r5dbRX/NK3Mh0VejtgLI8ieevQK5StEj5lHDxaQucb
FfpBbyALZwHGVUIw3lc8H7Aj3kmgpjKgXi2ZF/ERhULPzuDy6ZWX4lnEonwK6/Z0
LtJ13cV8b7XC/dryFZ4bUG0qfuKouHRfVbLonYVKV9nbbJJ6Lcw/ziO7Tp6nMjV0
q7EH3eAlZLiy7NYZ2kNNt4w/akKTbAjRFxzYR2kbln791SToXbbcdIMeTsmwu1Lf
V087Iu1LKa27m8OaBC6jSHv9BGzi4y1euhZLZPoVGcrH4QwRsEjCqGo8Yj55+u34
NMEHosMq2wuexQVmtdUjID6y/brYCuA+Nds9vOxMrzKlD5DwnextJxN7O0pMOPeb
5XzCar1LfMQxLK8SxFxSMQQ97kZ3CVDTuImp7sAXAjP8bFCjgmQwLxPzFiiE5ddV
/SAgo8YT/h0Ir2eQ/yVY6JsFWpl0V5/OUJZwgvMu6A+GPhfe+AIBhxgOguGB2YsE
ibsvzDw8o9D8WIikZB5RsB639Pu0X4F1C/v6TmX0SVRYJecoK8Kj6/RjcdXvyend
GfSO1x1k/adhSbwNe3ebLLWWhkxJ0Jroa0hETVUnffkr3fQlG9aWjyw5GqZ5d11X
6l+hYkmbcCBeZ2ExU0fsCoGdFgnwRWLcTEG7oS0FTZkYBSroDIAN20ac40wpIu5r
qgYnq23ItZ62NC/qQg/6HW0qfuKouHRfVbLonYVKV9ka1xbrVo8KjBFjlA8Fpi13
lMIoNQvnxvmWT/hMA3gTR20qfuKouHRfVbLonYVKV9mJNICws3+g7EnnRrIGFL2K
L2iuIxWQoCBbDLA8qczu1fa5pwui1AvszBRL6YTaxyHWrlYyY4vGUkXegL/NFvbF
mwVamXRXn85QlnCC8y7oD86GgVMnkGt5dtCay17DeZFVDBzPYfNw6v5VFrLQrB1G
KABu+hI9nM8JZkSD8JgBa7HSUN37MR+qeS/J3UMaapNaKiTbSJ4aWpo+Px5v0Vnd
ZH0G5j9MZXQt6KMPVb/zGs78L6Vh/AVTTRZHWew3h9fJj3ifXitdmDXAybSzhoT/
hoqKP1vsdnetBQVXYp/Wx1gl5ygrwqPr9GNx1e/J6d1ie1aeZ9/5fyN0qiXWijcs
6dnpMJcLO7tfZ2LMAsjTHM55YnRgIJIAmOQT6hrki4ag0+7msPxg/8ImK4y7wEeD
5HWA/aw8Y6qzqVguswixPXKoP09k7MRKSlZeVe8H42fTgSOSsIDjqf1KtFpqT3Q4
sCPeSaCmMqBeLZkX8RGFQj9Zd7JgEIUvCXi9gzyOVqL0N4gRJVG/r0jOqZghsrzc
+PF8ec4viIULl8sLG285jQDC5MUYhKMSSEFQL41cUROk5m/Qz/lEezX2408st5yq
MN1MI/KSvrsdTjj7d89dqkGe5HGjnl3X111wBBxDzkrcDbHxTLLkc+EVemAw9YrJ
92oX6hnkH5rsRxr+qGxuLfMItiOC1qFbNMzaIb52HwEpk55lZAC/GEuiq5Oco/0L
K930JRvWlo8sORqmeXddV8BjjChvrrfjdOchRPGZNoRmGTh3MQa1anVSmKJcrZUR
lERqNnKwJEJZuBhLxU8AflVvc3LVN8d7U7LXoV8AnAz3BrD8cgOkE5YJtqHWebli
VbD0zB7W5vAJAWne6DIo/rFmaKCsaWQSGz2VU0b+5BQoAG76Ej2czwlmRIPwmAFr
Zs77tLc4o2ozjHI3YCaPylUMHM9h83Dq/lUWstCsHUYoAG76Ej2czwlmRIPwmAFr
xXZwOXlePNqg3+w+kDhEGVoqJNtInhpamj4/Hm/RWd1kfQbmP0xldC3oow9Vv/Ma
zvwvpWH8BVNNFkdZ7DeH19wNsfFMsuRz4RV6YDD1islf7qWpIc0+i1wionAKxqBi
x+EMEbBIwqhqPGI+efrt+OVeO75DmfGAjVmQAmuXen/qXUW1j6cnToPtmw27a8Wf
PM05cz8hcw5DjUnRVoZrcml6iompRxB5+q7kiDg/hkM6BxXWtb3fCdo2jjhxvZzT
qVHdp9eN7fDT205tqlFPILWWhkxJ0Jroa0hETVUnffkr3fQlG9aWjyw5GqZ5d11X
vBPIFhLuGRq7ygr4AFuXdD6y/brYCuA+Nds9vOxMrzKlD5DwnextJxN7O0pMOPeb
5XzCar1LfMQxLK8SxFxSMQQ97kZ3CVDTuImp7sAXAjMJswRdbyjloMEkPtaU5xk5
SEooGlNQnnXLEcqEfvn0eHIeWArMBzb45pqHaWLv89D3ahfqGeQfmuxHGv6obG4t
8wi2I4LWoVs0zNohvnYfASmTnmVkAL8YS6Krk5yj/Qsr3fQlG9aWjyw5GqZ5d11X
Olvc1NQgyGOXnFhURM1qtxv/nqUYSjffCIsj59/u699yHlgKzAc2+Oaah2li7/PQ
92oX6hnkH5rsRxr+qGxuLfMItiOC1qFbNMzaIb52HwEpk55lZAC/GEuiq5Oco/0L
K930JRvWlo8sORqmeXddVx26RJMNXfn6M202Cm8Mt0/9ICCjxhP+HQivZ5D/JVjo
zOeWDEY7wpVlJwDV+Fp6v8N5WjZSvdCj0fvgseOs0Po8zTlzPyFzDkONSdFWhmty
aXqKialHEHn6ruSIOD+GQzoHFda1vd8J2jaOOHG9nNMVo3bcyXWfa9J0xnWicW+o
lMIoNQvnxvmWT/hMA3gTR20qfuKouHRfVbLonYVKV9lqV4S4e4zgHnsTLWe3NR9P
0HkIQRi6FGLsexPWQ3nH8/+Uj2v9eoL/dDbb0ZKqQ7bH4QwRsEjCqGo8Yj55+u34
S5DVbu8NdHROTmj7kRO7UogAjDzpH3sTffmo/nT4g5NtKn7iqLh0X1Wy6J2FSlfZ
aleEuHuM4B57Ey1ntzUfT9B5CEEYuhRi7HsT1kN5x/P/lI9r/XqC/3Q229GSqkO2
x+EMEbBIwqhqPGI+efrt+PdA90lVdmOu5aekkueW+1RmGTh3MQa1anVSmKJcrZUR
lERqNnKwJEJZuBhLxU8Afo6Ir0sXXaFuw8u86DldeXaYZJSt/L9okRzZSCgFMghf
1hrp5yeC+Hiv5HLXDrZzztexCj+Bd7VHLZQUjrwIfZx1TExicikBfSuFmDevglUs
i7hhacz4kSfnW3claAemYeLYpOduq9jFhhLHlH9hAjFeVmKs73wyNh0Xm/N1LbDj
3f4jSj/pCSRONemUKrEbLw==
