U2FsdGVkX1+GYsPhDfi5uczmJcCYAKZehkKHaVKmQkp+hOh76LBOA7kKBH/CW234
pC/VkAc3gTn/ffZEnoksbrfH/nZQSdNoJXShlwDsZ5/S/IDaWf6KFWHzb3yYSnQi
mEgMfObxmRjp2i98BYAzgJRpsCGZ6tRKzkOu8sRMOm5WVHeqLDze0LEBom2n+Pgq
fqFd7rSeNZiM0ZIRw98iK0jMHUgi5a+S1RQ7CyqKewxqT7wSuM1BrfbugFFYpp73
PGX7F5WrvEnNsA7ylJB6isIsyll63M+fvXyg/r7TsmWCYySs2uu/adzSD52cbwux
xV0PKJ68hK2ZjByM65UO8oGGYj6NlgmrOrVZbTqAIUJIYNLs9FO+KzSCbgXsk9aK
kQKB5nUFSSxCH675Dot3Sw17+dXBonvT0BaKnkoCA8po2bECneRhgU1R/iitbGv0
SDuNp93FE0nXVvEhpKNgxq0jCFKNtapGd6myv0Idja1SxEJ/9x8jL9Qn6/ij4ozG
lqIpkg5LTYs1xCqqGqEYz0tNxUpPMy1pjY7fI4fkInc+/pwmS9g72JEKRxagMsKG
S6WUeAChUB8rYnpoHH7rLLao22F6N7WH3CIopZyxQlhfZrH5K0vTP5M/mhw0+AQt
VTqj4wWR3sWCc5wFeLG7k9PDIKzduKjTdVBZyWOtViRES3ICw54ye2E2srUP9eA3
MWehF7zzbiBuL6pnAXE17q0jCFKNtapGd6myv0Idja1SxEJ/9x8jL9Qn6/ij4ozG
i9HnHwGP2JI7MSJfrMD2T2cyL0FNt29hB4Dgk86SbwDHBLk72QW8DpxqWrWeGqFk
uvtHisSAbQjf3Fuw05/mVNf+wnC+DPd3P/Mn6N91p+COPNzu9HML79CQsC275XsH
TxhizJHwCZU5iZgjqL7h/xheQZAU0wBx1TMu2E6ziu7f3maurZz69j0VZ3E1yhXg
vryU4M2iXJsVcIK+RTFnlRSxGPHFBGgIQe2BvdW5Dy1TKv7bEks+CRT0qooKU4z6
Dp078LeVZc8NKDuzuZKNbYngGVVbc2X8g1xiNoU3msRCy/JFApzpBFik1BcwAy6O
awkNKyCTaErhBk88Y+yAY/gRGXyl/WhbfWiT7zB+RpLh6qXxvq/r3C1j/QISeh3P
zOINCAyA807p1uBaBVrtWbkBQ2hyR0vUiHdoObldPMdxuHcXWfvJMmmNyIDRSBbZ
2uDcNJd69yjhFcMonflLHYHGCx6kVoG2yxRTvB90zGDdNOR2CExQXp9Zvmyb3jSp
1tx+DE7p7al7VKIo0wqrHbzFMecq0NjQCKWlTIF3+/mw5HKizSY79o6mkzIUwkSv
+RPXoFDx3SujB/TZ/LNXpwy1z7o4n/PUeWsbG/uiIj0XlyvwnFkwbYGgKZS6pRfY
xJkib5B4prj0ucWazLGuQeZP1AzcFgudnwep4DpU1wPlDtBKh2E+sLAnybDdHpya
atSs9AR2+3/1llr/sKr5ZDmaD4JqWUzk76vZAeZztaXVATDo4W7SHKtJxSqywQ58
DmtYZZGHvhbaD6C9a0daCnqTfWESKjzyOU6vZqPlTZxul2bKXKp4uoOqXRsoJfEf
T9nMRBBBa69gM7uj2Ew6XMuSVnPXawKL2je6aQacAIYmoFBSfsoq7ubWZFcL1ZDe
+3rlLzUtFijfxr+GJ4oND064qLVRLwxhzJ8SGKx12zQBSfydOV9g43oUID50Tt4I
geQ4dHurCgi43hQNM59mDDibqSDBR9WHCCTvA6NljATzk0HXpSjoj3wdQ8FvnPLj
1zCFaMzMb+UDalXqY2NnoKhywXWLt5tWaqXVWB1L1SJexpXXhyzopmBQI/syFjyy
ROZ1zE8buTslFJs0gVOajLV77AXeKCJ3hxx86fepFB4KKWuC7s5alKbVriVteNCg
9CGM72NrfFiro+RI/XM3YSnkGY67Ms1FQEdAnPkyacMh7faCagxwqMjoM9gv0l7h
ul3sbE7gYZF+xFMiZ+C7NUoJ4l+3rWEOO1ZXZ9B+jqWJ4BlVW3Nl/INcYjaFN5rE
QsvyRQKc6QRYpNQXMAMujmsJDSsgk2hK4QZPPGPsgGP4ERl8pf1oW31ok+8wfkaS
4eql8b6v69wtY/0CEnodzwT0D6oZxReBtg+qK5WjWPHje0/PAJx9G3NrqT6BwNNj
DxIonnPGLyYJI5jaCnpB/kYp2ySn42CDw1Q9d79LSCwQFoC/CUPMySVskiEp8rOL
zvs5FKBDNIWcoZ6nt2szr4HliGShFl2JqT9N9QXgFJ9cjwxcAnb65YVvj2aENga1
Zp5WdfQokivQDYbE+XcVm09MT21N3TtWpkJn/C28huM4m6kgwUfVhwgk7wOjZYwE
WGXfIHyKdPPtue6ClbaIIi2mdoWEL+sJYYEnc4H5w62ocsF1i7ebVmql1VgdS9Ui
pPQcTS/nXGlVIpzDkK9pbDS6W00a9VuzBVXQJagTV4pb3OuzLVCYXQ3wHuCZCbfJ
qD2WEsVBftnLivMvhWb6+/3WXQzaTt0zhDg9EaO7FRgR4cIpW7koOKj+LfQhGtgC
T4By/EEa9uVi4c5yiT9tF0Q1IjSexkWxByBpBjDkPCFiWO8a4hgDRcSfhmuilWru
MXzOLkVnAA+LDg1fer0mOinUUoT2dcgNyNfWdkVlIdYg8j/BP3t6fHxbFIBbIJvC
bjGO1UsWEhc0rJb5b9tDkQt/HqVgKyX5IqtRweeJDhBlAu3QZnKwdOCwy3FoX3dh
3CS0urJMmhamWNtd9LaTyqthPFpZZKmGaXM++kjjfopGdpau2qFkgisM4OT9AiWD
OfBZUrggID+GMWN44lnU0iGBw2LYVU/DKjt+IbJou6h/1/SOnLpG+B6XF8Yyn/oQ
D1WjSu1Oh+9kg61BxS6nbe68kiXR9iCzxOQZo/9yxFoUWgzSs5h6Wgt4+P9gHmih
ZHjpOoko6OYL7q2F1OeOijg+Ia2TQHDbcocAYgmeR90iU28+k+VUnp6rEaqws5XI
qFvFH4fAF40Vs1PQeUkE+LkBQ2hyR0vUiHdoObldPMcg/VtpMURNq78+TZ55+YfC
65vKY4nZguyXW1nlHMFr4jfqHOggTd/bR2VwoNYfQuYN9kRV6Nipjpyy8AzqQ5aj
e/E2IbBSVC5BA+Suv+04L5h3TVtEByXc/Zm/IXMgiQw+LXHzPBYn+eQOVDXsd95/
y5JWc9drAovaN7ppBpwAhk6u/krSxZBoCqidS364AEYjKLtiE1wP4Z+x5CN6M2EG
TriotVEvDGHMnxIYrHXbNFK/bOb8SLqEIdwMvVVBlOO8xTHnKtDY0AilpUyBd/v5
wpYGpT4tdqfSBMQAzfM/WfkT16BQ8d0rowf02fyzV6f8gwk2YgCIbbP300+Za6By
MnKYygTHqXkZ3PZ1AdY40sT/ZrkC711PyT6m36XRaNvQHGAGFIb96e8GCIxPp09X
P5vEOOyi1gkYkcE1Tp1eTULL8kUCnOkEWKTUFzADLo7+vQKlAB6H/52nlrG5w98O
s3s4kGHgiN+myr/+A5SFwjeci3V2PFgCgUGIYOWBhviBbADeLv2OyOGSr2PwCc7F
dWxLe597eSY02yWb7jM5kVoiAyYW6Qw1mfvkysCrzXKFd/8CW/Youpybx3i9v2n4
OB6QJ8ixXePQAV/+kY/ewXWcaPFMU7OBX+dtrai0iHrafxVGQ4F7sP31o2H6rnHE
GnJqZVFuNmWT5iIMOwQxJBliX2jnONwZPWF14Zgq3dIrFQNmYA70VuABkQOCTFvR
0Aci1KeqwGUzHDLbkZvjUqIyMEN16Eahokw/HPnLIkkUvUFU0/ObPeLhm634iq+2
Cilrgu7OWpSm1a4lbXjQoDOmnMp4hngQLqxPmSxynokXa5cxCyVvxBzeR28YYhdB
6NbjuNCpwTmi1EqKYB6/f8hZcp+VFYb6A3VYrIoEyks=
