U2FsdGVkX1+GYsPhDfi5uczmJcCYAKZehkKHaVKmQkp+hOh76LBOA7kKBH/CW234
pC/VkAc3gTn/ffZEnoksbrfH/nZQSdNoJXShlwDsZ5/S/IDaWf6KFWHzb3yYSnQi
mEgMfObxmRjp2i98BYAzgJRpsCGZ6tRKzkOu8sRMOm5WVHeqLDze0LEBom2n+Pgq
fqFd7rSeNZiM0ZIRw98iK0jMHUgi5a+S1RQ7CyqKewxqT7wSuM1BrfbugFFYpp73
PGX7F5WrvEnNsA7ylJB6isIsyll63M+fvXyg/r7TsmWCYySs2uu/adzSD52cbwux
xV0PKJ68hK2ZjByM65UO8oGGYj6NlgmrOrVZbTqAIUJIYNLs9FO+KzSCbgXsk9aK
kQKB5nUFSSxCH675Dot3Sw17+dXBonvT0BaKnkoCA8po2bECneRhgU1R/iitbGv0
SDuNp93FE0nXVvEhpKNgxq0jCFKNtapGd6myv0Idja1SxEJ/9x8jL9Qn6/ij4ozG
lqIpkg5LTYs1xCqqGqEYz0tNxUpPMy1pjY7fI4fkInc+/pwmS9g72JEKRxagMsKG
YEkN0CIb4Cs0WE06P9UMeowaWRIqobhFFwPgkYBiHZtW32/LMLtrX/B9GLJyziBJ
VTqj4wWR3sWCc5wFeLG7k1F62RjQkJSwmnaibjXRACbF+rSEGED2vAC3nhvzS991
l+NnyUvTUk8QFeD80xjNZD2cO4QCWXGeYYfiBUSmP+qQPj5lq3lc40BjnmJfF4pt
qyPooO/9xoc5+gRfxWJ+1U/ZzEQQQWuvYDO7o9hMOlzLklZz12sCi9o3umkGnACG
JqBQUn7KKu7m1mRXC9WQ3vt65S81LRYo38a/hieKDQ/FMi03Ygk7BTJcuzttZyu7
OGogt7MXoeZ0TiLOp0ha+1lgIp2PLK41uunchqqbHLVZGkVnNgWm9gaJzp3ImBsC
jZxriMN8we3mvTo8FxIBxW7qwle6qzF/cCOof7MNsj/Q5tBfY/8fWgGCCejshTd6
tCqNUeNY/PfHhr15QcDPePx3X61D8fe1lEDey+gvjOQLXKA2ow46chkcZwhn96KB
q0EGRgT5CPAN0F6/Zd2xKT4tcfM8Fif55A5UNex33n/LklZz12sCi9o3umkGnACG
Tq7+StLFkGgKqJ1LfrgARhGnDgiweH2BDyt4uSGO74rvaPwgIhAAADvnTSrRlO9P
