U2FsdGVkX1+GYsPhDfi5uczmJcCYAKZehkKHaVKmQkp+hOh76LBOA7kKBH/CW234
pC/VkAc3gTn/ffZEnoksbrfH/nZQSdNoJXShlwDsZ5/S/IDaWf6KFWHzb3yYSnQi
mEgMfObxmRjp2i98BYAzgJRpsCGZ6tRKzkOu8sRMOm5WVHeqLDze0LEBom2n+Pgq
fqFd7rSeNZiM0ZIRw98iK0jMHUgi5a+S1RQ7CyqKewxqT7wSuM1BrfbugFFYpp73
PGX7F5WrvEnNsA7ylJB6isIsyll63M+fvXyg/r7TsmWCYySs2uu/adzSD52cbwux
xV0PKJ68hK2ZjByM65UO8oGGYj6NlgmrOrVZbTqAIUJIYNLs9FO+KzSCbgXsk9aK
kQKB5nUFSSxCH675Dot3Sw17+dXBonvT0BaKnkoCA8po2bECneRhgU1R/iitbGv0
SDuNp93FE0nXVvEhpKNgxq0jCFKNtapGd6myv0Idja22hQ6JQsA8nmNCoDCqEBHt
AqARfbT4uNHMutmmjbZ3CJNEFpQ2CugNctE/hTZdU2EtEgFBCl7KJMe1EX5Z9+YO
CdqhvTDCbiy7AH4zlGCdNbkBQ2hyR0vUiHdoObldPMdxuHcXWfvJMmmNyIDRSBbZ
2uDcNJd69yjhFcMonflLHRdrlzELJW/EHN5HbxhiF0Ho1uO40KnBOaLUSopgHr9/
yFlyn5UVhvoDdVisigTKSw==
